{"SurveyEntry":{"SurveyID":"SV_262WKpB2ZNxVkHz","SurveyName":"ART","SurveyDescription":null,"SurveyOwnerID":"UR_bvXerb8NawtTIHj","SurveyBrandID":"uconn","DivisionID":null,"SurveyLanguage":"EN","SurveyActiveResponseSet":"RS_aXb0pecik8SLaSx","SurveyStatus":"Active","SurveyStartDate":"0000-00-00 00:00:00","SurveyExpirationDate":"0000-00-00 00:00:00","SurveyCreationDate":"2014-09-13 09:38:26","CreatorID":"UR_bvXerb8NawtTIHj","LastModified":"2016-02-02 14:02:29","LastAccessed":"0000-00-00 00:00:00","LastActivated":"2014-09-13 10:46:44","Deleted":null},"SurveyElements":[{"SurveyID":"SV_262WKpB2ZNxVkHz","Element":"BL","PrimaryAttribute":"Survey Blocks","SecondaryAttribute":null,"TertiaryAttribute":null,"Payload":[{"Type":"Default","Description":"Default Question Block","ID":"BL_4P07c5IOqJjHqO9","BlockElements":[{"Type":"Question","QuestionID":"QID7"},{"Type":"Question","QuestionID":"QID4"},{"Type":"Question","QuestionID":"QID1"},{"Type":"Question","QuestionID":"QID2"},{"Type":"Question","QuestionID":"QID97"},{"Type":"Question","QuestionID":"QID3"},{"Type":"Page Break"},{"Type":"Question","QuestionID":"QID5"},{"Type":"Question","QuestionID":"QID6"},{"Type":"Page Break"},{"Type":"Question","QuestionID":"QID8"},{"Type":"Question","QuestionID":"QID10"},{"Type":"Question","QuestionID":"QID21"},{"Type":"Question","QuestionID":"QID22"},{"Type":"Question","QuestionID":"QID23"},{"Type":"Question","QuestionID":"QID24"},{"Type":"Question","QuestionID":"QID25"},{"Type":"Question","QuestionID":"QID26"},{"Type":"Question","QuestionID":"QID27"},{"Type":"Question","QuestionID":"QID28"},{"Type":"Question","QuestionID":"QID29"},{"Type":"Question","QuestionID":"QID30"},{"Type":"Question","QuestionID":"QID31"},{"Type":"Question","QuestionID":"QID32"},{"Type":"Question","QuestionID":"QID33"},{"Type":"Question","QuestionID":"QID92"},{"Type":"Question","QuestionID":"QID34"},{"Type":"Question","QuestionID":"QID35"},{"Type":"Question","QuestionID":"QID36"},{"Type":"Question","QuestionID":"QID37"},{"Type":"Question","QuestionID":"QID38"},{"Type":"Question","QuestionID":"QID39"},{"Type":"Question","QuestionID":"QID40"},{"Type":"Question","QuestionID":"QID41"},{"Type":"Question","QuestionID":"QID93"},{"Type":"Question","QuestionID":"QID42"},{"Type":"Question","QuestionID":"QID44"},{"Type":"Question","QuestionID":"QID45"},{"Type":"Question","QuestionID":"QID46"},{"Type":"Question","QuestionID":"QID47"},{"Type":"Question","QuestionID":"QID48"},{"Type":"Question","QuestionID":"QID49"},{"Type":"Question","QuestionID":"QID50"},{"Type":"Question","QuestionID":"QID51"},{"Type":"Question","QuestionID":"QID52"},{"Type":"Question","QuestionID":"QID53"},{"Type":"Question","QuestionID":"QID94"},{"Type":"Question","QuestionID":"QID54"},{"Type":"Question","QuestionID":"QID56"},{"Type":"Question","QuestionID":"QID57"},{"Type":"Question","QuestionID":"QID58"},{"Type":"Question","QuestionID":"QID59"},{"Type":"Question","QuestionID":"QID60"},{"Type":"Question","QuestionID":"QID61"},{"Type":"Question","QuestionID":"QID62"},{"Type":"Question","QuestionID":"QID63"},{"Type":"Question","QuestionID":"QID64"},{"Type":"Question","QuestionID":"QID65"},{"Type":"Question","QuestionID":"QID95"},{"Type":"Question","QuestionID":"QID66"},{"Type":"Question","QuestionID":"QID68"},{"Type":"Question","QuestionID":"QID69"},{"Type":"Question","QuestionID":"QID70"},{"Type":"Question","QuestionID":"QID71"},{"Type":"Question","QuestionID":"QID72"},{"Type":"Question","QuestionID":"QID73"},{"Type":"Question","QuestionID":"QID74"},{"Type":"Question","QuestionID":"QID75"},{"Type":"Question","QuestionID":"QID76"},{"Type":"Question","QuestionID":"QID77"},{"Type":"Question","QuestionID":"QID96"},{"Type":"Question","QuestionID":"QID78"},{"Type":"Question","QuestionID":"QID80"},{"Type":"Question","QuestionID":"QID81"},{"Type":"Question","QuestionID":"QID82"},{"Type":"Question","QuestionID":"QID83"},{"Type":"Question","QuestionID":"QID84"},{"Type":"Question","QuestionID":"QID85"},{"Type":"Question","QuestionID":"QID86"},{"Type":"Question","QuestionID":"QID87"},{"Type":"Question","QuestionID":"QID88"},{"Type":"Question","QuestionID":"QID89"}]},{"Type":"Trash","Description":"Trash \/ Unused Questions","ID":"BL_4IuFQrIlLMcJlqd","BlockElements":[{"Type":"Question","QuestionID":"QID43"},{"Type":"Question","QuestionID":"QID55"},{"Type":"Question","QuestionID":"QID67"},{"Type":"Question","QuestionID":"QID79"},{"Type":"Question","QuestionID":"QID91"},{"Type":"Question","QuestionID":"QID90"}]}]},{"SurveyID":"SV_262WKpB2ZNxVkHz","Element":"FL","PrimaryAttribute":"Survey Flow","SecondaryAttribute":null,"TertiaryAttribute":null,"Payload":{"Type":"Root","FlowID":"FL_1","Flow":[{"Type":"Block","ID":"BL_4P07c5IOqJjHqO9","FlowID":"FL_2"},{"Type":"EmbeddedData","FlowID":"FL_3","EmbeddedData":[{"Description":"Q_TotalDuration","Type":"Recipient","Field":"Q_TotalDuration","VariableType":"Nominal"},{"Description":"Date","Type":"Custom","Field":"Date","VariableType":"Nominal","Value":"${date:\/\/CurrentDate\/SL}"},{"Description":"Time","Type":"Custom","Field":"Time","VariableType":"Nominal","Value":"${date:\/\/CurrentTime\/ST}"}]}],"Properties":{"Count":3}}},{"SurveyID":"SV_262WKpB2ZNxVkHz","Element":"SO","PrimaryAttribute":"Survey Options","SecondaryAttribute":null,"TertiaryAttribute":null,"Payload":{"BackButton":"false","SaveAndContinue":"true","SurveyProtection":"PublicSurvey","BallotBoxStuffingPrevention":"false","NoIndex":"Yes","SurveyExpiration":null,"SurveyTermination":"DefaultMessage","Header":"","Footer":"","ProgressBarDisplay":"NoText","PartialData":"+1 week","ValidationMessage":null,"PreviousButton":"  <<  ","NextButton":"  >>  ","SkinLibrary":"uconn","SkinType":"MQ","Skin":"ucon2","NewScoring":1,"PreferJFE":true,"EOSMessage":"","ShowExportTags":"false","CollectGeoLocation":"false","SurveyTitle":"Online Survey Software | Qualtrics Survey Solutions","SurveyMetaDescription":"Qualtrics sophisticated online survey software solutions make creating online surveys easy. Learn more about Research Suite and get a free account today.","PasswordProtection":"No","AnonymizeResponse":"No","Password":"","RefererCheck":"No","RefererURL":"http:\/\/","EOSMessageLibrary":"","EOSRedirectURL":"http:\/\/","EmailThankYou":"false","ThankYouEmailMessageLibrary":null,"ThankYouEmailMessage":null,"ValidateMessage":"false","ValidationMessageLibrary":null,"InactiveSurvey":"DefaultMessage","InactiveMessageLibrary":"","InactiveMessage":"","AvailableLanguages":{"EN":[]},"libraryId":"","nextButtonMid":"","previousButtonMid":"","headerMid":"","footerMid":"","QuestionsPerPage":"12","ExternalCSS":null,"CustomStyles":{"errorStyles":{"selector":".Skin .ValidationError","styles":{"color":null,"backgroundColor":null,"borderColor":null}},"errorStylesBG":{"selector":".Skin .HeaderValidationError, .Skin .HeaderValidationError li a","styles":{"color":null,"backgroundColor":null}},"pageStyles":{"selector":"#SurveyEngineBody","styles":{"backgroundColor":null}},"textStyles":{"selector":".SkinInner","styles":{"fontFamily":null,"fontSize":null,"fontWeight":null,"fontStyle":null,"textDecoration":null,"color":null}},"questionStyles":{"selector":".Skin .QuestionText","styles":{"fontFamily":"times new roman, times, serif","fontSize":"","fontWeight":"bold","fontStyle":"normal","textDecoration":"underline","color":null}},"choiceStyles":{"selector":".Skin .horizontalbar th.ylabel, .Skin .Matrix table td, .Skin .Matrix table th, .Skin .Matrix table thead th, .Skin .Matrix table thead td, .Skin .PGR .DragAndDrop .Items label, .Skin .QuestionBody ul.ChoiceStructure, .Skin .PGR .DragAndDrop .Group ul, .Skin .PGR .DragAndDrop .Group h2, .Skin .PGR .DragAndDrop .Items ul, .Skin .PGR .DragAndDrop .Items h2, .Skin .DD .QuestionBody table.ChoiceStructure, .Skin .PGR .DragAndDrop .NoColumns td.groupsContainerTd div ul, .Skin .PGR .DragAndDrop .NoColumns td.groupsContainerTd div h2, .Skin .SBS thead th, .Skin .SBS td, .Skin .SBS .Answers td, .Skin .SBS .Answers th, .SBS table.ChoiceStructure, .Skin .horizontalbar thead table.LabelDescriptions tr td, .Skin .horizontalbar thead tr td.NotApplicable, .QuestionBody th, .Skin .QuestionBody .MC .MAVR label, .Skin .QuestionBody .MC .SAVR label, .Skin .SBS thead th, .Skin .SBS td, .Skin .RO .DND ul li, .Skin .reg, .SkinInner .ChoiceStructure, .Skin thead, .Skin .GAP .ChoiceStructure thead th, .Skin .GAP .ChoiceStructure .c4, .Skin .GAP .ChoiceStructure th, .Skin .GAP .ChoiceStructure .WhyText, .SkinInner .ChoiceStructure .LightBG, .Skin .QuestionOuter.Highlight .Inner .reg, .Skin .QuestionOuter.Highlight .Inner .alt, .Skin .QuestionOuter.Highlight .Inner .ReadableAlt       ","styles":{"fontFamily":"times new roman, times, serif","fontSize":"","fontWeight":"normal","fontStyle":"normal","textDecoration":"none","color":null}},"headerStyles":{"selector":".Skin div#Header","styles":{"color":null}},"footerStyles":{"selector":".Skin #Footer","styles":{"color":null}},"questionSeparatorStyles":{"selector":".Skin .Separator","styles":{"backgroundColor":null,"display":null}},"highlightStyles":{"selector":".Skin .QuestionOuter.Highlight .Inner, .Skin .QuestionOuter.Highlight .Inner .reg, .Skin .QuestionOuter.Highlight .Inner .alt, .Skin .QuestionOuter.Highlight .Inner .ReadableAlt","styles":{"backgroundColor":null}},"highlightStylesAlt":{"selector":".Skin .QuestionOuter.Highlight .Inner .ReadableAlt, .Skin .QuestionOuter.Highlight .Inner .LightBG","styles":{"backgroundColor":null}},"textEntryStyles":{"selector":".Skin select, .Skin .InputText","styles":{"color":null}},"borderStyles":{"selector":".Skin .CS .horizontalbar table.sliderGrid tr.xlabel th, .Skin .CS .horizontalbar .ylabel, .Skin .CS .horizontalbar table.sliderGrid tr td.value, .Skin .Slider .horizontalbar table.sliderGrid tr.xlabel th, .Skin .BorderColor, .Skin .DarkBorderColor, .Skin .Slider .horizontalbar table.sliderGrid tr td.value, .Skin thead, .Skin .GAP .ChoiceStructure thead th  ","styles":{"borderColor":null}},"altRowStyles":{"selector":".Skin .ReadableAlt, .Skin .LightBG","styles":{"backgroundColor":null}},"customCSS":null},"HighlightQuestions":"off","ProtectSelectionIds":true}},{"SurveyID":"SV_262WKpB2ZNxVkHz","Element":"SCO","PrimaryAttribute":"Scoring","SecondaryAttribute":null,"TertiaryAttribute":null,"Payload":{"ScoringCategories":[{"ID":"SC_5o0bt8t78cwRItT","Name":"Correct","Description":""},{"ID":"SC_eWf9Zugxjy0l3Vj","Name":"Incorrect","Description":null},{"ID":"SC_bxfiu9cyK8xweHj","Name":"ART_TotalScore","Description":null}],"ScoringCategoryGroups":[],"DefaultScoringCategory":"SC_5o0bt8t78cwRItT","ScoringSummaryCategory":"SC_5o0bt8t78cwRItT","ScoringSummaryAfterQuestions":0,"ScoringSummaryAfterSurvey":0,"AutoScoringCategory":null,"IgnoreNullValues":true}},{"SurveyID":"SV_262WKpB2ZNxVkHz","Element":"STAT","PrimaryAttribute":"Survey Statistics","SecondaryAttribute":null,"TertiaryAttribute":null,"Payload":{"MobileCompatible":true,"ID":"Survey Statistics"}},{"SurveyID":"SV_262WKpB2ZNxVkHz","Element":"QC","PrimaryAttribute":"Survey Question Count","SecondaryAttribute":"97","TertiaryAttribute":null,"Payload":null},{"SurveyID":"SV_262WKpB2ZNxVkHz","Element":"SQ","PrimaryAttribute":"QID47","SecondaryAttribute":"Amy Graham","TertiaryAttribute":null,"Payload":{"QuestionText":"Amy Graham","DataExportTag":"27","QuestionType":"MC","Selector":"SAHR","SubSelector":"TX","Configuration":{"QuestionDescriptionOption":"UseText","LabelPosition":"SIDE"},"QuestionDescription":"Amy Graham","Choices":{"1":{"Display":"Yes"},"2":{"Display":"No"}},"ChoiceOrder":[1,2],"Validation":{"Settings":{"ForceResponse":"ON","ForceResponseType":"ON","Type":"None"}},"Language":[],"QuestionID":"QID47","GradingData":[{"ChoiceID":"2","Grades":{"SC_5o0bt8t78cwRItT":"1","SC_bxfiu9cyK8xweHj":"1"},"index":0},{"ChoiceID":"1","Grades":{"SC_eWf9Zugxjy0l3Vj":"1","SC_bxfiu9cyK8xweHj":"-1"},"index":1}]}},{"SurveyID":"SV_262WKpB2ZNxVkHz","Element":"SQ","PrimaryAttribute":"QID46","SecondaryAttribute":"Amy R. Baskin","TertiaryAttribute":null,"Payload":{"QuestionText":"Amy R. Baskin","DataExportTag":"26","QuestionType":"MC","Selector":"SAHR","SubSelector":"TX","Configuration":{"QuestionDescriptionOption":"UseText","LabelPosition":"SIDE"},"QuestionDescription":"Amy R. Baskin","Choices":{"1":{"Display":"Yes"},"2":{"Display":"No"}},"ChoiceOrder":[1,2],"Validation":{"Settings":{"ForceResponse":"ON","ForceResponseType":"ON","Type":"None"}},"Language":[],"QuestionID":"QID46","GradingData":[{"ChoiceID":"2","Grades":{"SC_5o0bt8t78cwRItT":"1","SC_bxfiu9cyK8xweHj":"1"},"index":0},{"ChoiceID":"1","Grades":{"SC_eWf9Zugxjy0l3Vj":"1","SC_bxfiu9cyK8xweHj":"-1"},"index":1}]}},{"SurveyID":"SV_262WKpB2ZNxVkHz","Element":"SQ","PrimaryAttribute":"QID41","SecondaryAttribute":"Anna Tsing","TertiaryAttribute":null,"Payload":{"QuestionText":"Anna Tsing","DataExportTag":"22","QuestionType":"MC","Selector":"SAHR","SubSelector":"TX","Configuration":{"QuestionDescriptionOption":"UseText","LabelPosition":"SIDE"},"QuestionDescription":"Anna Tsing","Choices":{"1":{"Display":"Yes"},"2":{"Display":"No"}},"ChoiceOrder":[1,2],"Validation":{"Settings":{"ForceResponse":"OFF","ForceResponseType":"ON","Type":"None"}},"Language":[],"QuestionID":"QID41","DefaultChoices":false,"GradingData":[{"ChoiceID":"2","Grades":{"SC_5o0bt8t78cwRItT":"1","SC_bxfiu9cyK8xweHj":"1"},"index":0},{"ChoiceID":"1","Grades":{"SC_eWf9Zugxjy0l3Vj":"1","SC_bxfiu9cyK8xweHj":"-1"},"index":1}]}},{"SurveyID":"SV_262WKpB2ZNxVkHz","Element":"SQ","PrimaryAttribute":"QID30","SecondaryAttribute":"Anne McCaffrey","TertiaryAttribute":null,"Payload":{"QuestionText":"Anne McCaffrey","DataExportTag":"11","QuestionType":"MC","Selector":"SAHR","SubSelector":"TX","Configuration":{"QuestionDescriptionOption":"UseText","LabelPosition":"SIDE"},"QuestionDescription":"Anne McCaffrey","Choices":{"1":{"Display":"Yes"},"2":{"Display":"No"}},"ChoiceOrder":[1,2],"Validation":{"Settings":{"ForceResponse":"ON","ForceResponseType":"ON","Type":"None"}},"Language":[],"QuestionID":"QID30","GradingData":[{"ChoiceID":"1","Grades":{"SC_5o0bt8t78cwRItT":"1","SC_bxfiu9cyK8xweHj":"1"},"index":0},{"ChoiceID":"2","Grades":{"SC_eWf9Zugxjy0l3Vj":"1","SC_bxfiu9cyK8xweHj":"-1"},"index":1}]}},{"SurveyID":"SV_262WKpB2ZNxVkHz","Element":"SQ","PrimaryAttribute":"QID89","SecondaryAttribute":"Antonia Cialdini","TertiaryAttribute":null,"Payload":{"QuestionText":"Antonia Cialdini","DataExportTag":"66","QuestionType":"MC","Selector":"SAHR","SubSelector":"TX","Configuration":{"QuestionDescriptionOption":"UseText","LabelPosition":"SIDE"},"QuestionDescription":"Antonia Cialdini","Choices":{"1":{"Display":"Yes"},"2":{"Display":"No"}},"ChoiceOrder":[1,2],"Validation":{"Settings":{"ForceResponse":"ON","ForceResponseType":"ON","Type":"None"}},"Language":[],"QuestionID":"QID89","GradingData":[{"ChoiceID":"2","Grades":{"SC_5o0bt8t78cwRItT":"1","SC_bxfiu9cyK8xweHj":"1"},"index":0},{"ChoiceID":"1","Grades":{"SC_eWf9Zugxjy0l3Vj":"1","SC_bxfiu9cyK8xweHj":"-1"},"index":1}]}},{"SurveyID":"SV_262WKpB2ZNxVkHz","Element":"SQ","PrimaryAttribute":"QID7","SecondaryAttribute":"ART","TertiaryAttribute":null,"Payload":{"QuestionText":"<b><i>ART<\/i><\/b>","DefaultChoices":false,"DataExportTag":"Q7","QuestionType":"DB","Selector":"TB","Configuration":{"QuestionDescriptionOption":"UseText"},"QuestionDescription":"ART","ChoiceOrder":[],"Validation":{"Settings":{"Type":"None"}},"GradingData":[],"Language":[],"QuestionID":"QID7"}},{"SurveyID":"SV_262WKpB2ZNxVkHz","Element":"SQ","PrimaryAttribute":"QID81","SecondaryAttribute":"Ayn Rand","TertiaryAttribute":null,"Payload":{"QuestionText":"Ayn Rand","DataExportTag":"58","QuestionType":"MC","Selector":"SAHR","SubSelector":"TX","Configuration":{"QuestionDescriptionOption":"UseText","LabelPosition":"SIDE"},"QuestionDescription":"Ayn Rand","Choices":{"1":{"Display":"Yes"},"2":{"Display":"No"}},"ChoiceOrder":[1,2],"Validation":{"Settings":{"ForceResponse":"ON","ForceResponseType":"ON","Type":"None"}},"Language":[],"QuestionID":"QID81","GradingData":[{"ChoiceID":"1","Grades":{"SC_5o0bt8t78cwRItT":"1","SC_bxfiu9cyK8xweHj":"1"},"index":0},{"ChoiceID":"2","Grades":{"SC_eWf9Zugxjy0l3Vj":"1","SC_bxfiu9cyK8xweHj":"-1"},"index":1}]}},{"SurveyID":"SV_262WKpB2ZNxVkHz","Element":"SQ","PrimaryAttribute":"QID45","SecondaryAttribute":"Beatrice Dobkin","TertiaryAttribute":null,"Payload":{"QuestionText":"Beatrice Dobkin","DataExportTag":"25","QuestionType":"MC","Selector":"SAHR","SubSelector":"TX","Configuration":{"QuestionDescriptionOption":"UseText","LabelPosition":"SIDE"},"QuestionDescription":"Beatrice Dobkin","Choices":{"1":{"Display":"Yes"},"2":{"Display":"No"}},"ChoiceOrder":[1,2],"Validation":{"Settings":{"ForceResponse":"ON","ForceResponseType":"ON","Type":"None"}},"Language":[],"QuestionID":"QID45","GradingData":[{"ChoiceID":"2","Grades":{"SC_5o0bt8t78cwRItT":"1","SC_bxfiu9cyK8xweHj":"1"},"index":0},{"ChoiceID":"1","Grades":{"SC_eWf9Zugxjy0l3Vj":"1","SC_bxfiu9cyK8xweHj":"-1"},"index":1}]}},{"SurveyID":"SV_262WKpB2ZNxVkHz","Element":"SQ","PrimaryAttribute":"QID61","SecondaryAttribute":"Christina Johnson","TertiaryAttribute":null,"Payload":{"QuestionText":"Christina Johnson","DataExportTag":"40","QuestionType":"MC","Selector":"SAHR","SubSelector":"TX","Configuration":{"QuestionDescriptionOption":"UseText","LabelPosition":"SIDE"},"QuestionDescription":"Christina Johnson","Choices":{"1":{"Display":"Yes"},"2":{"Display":"No"}},"ChoiceOrder":[1,2],"Validation":{"Settings":{"ForceResponse":"ON","ForceResponseType":"ON","Type":"None"}},"Language":[],"QuestionID":"QID61","GradingData":[{"ChoiceID":"2","Grades":{"SC_5o0bt8t78cwRItT":"1","SC_bxfiu9cyK8xweHj":"1"},"index":0},{"ChoiceID":"1","Grades":{"SC_eWf9Zugxjy0l3Vj":"1","SC_bxfiu9cyK8xweHj":"-1"},"index":1}]}},{"SurveyID":"SV_262WKpB2ZNxVkHz","Element":"SQ","PrimaryAttribute":"QID90","SecondaryAttribute":"Click to write the question text","TertiaryAttribute":null,"Payload":{"QuestionText":"Click to write the question text","DataExportTag":"66","QuestionType":"MC","Selector":"SAHR","SubSelector":"TX","Configuration":{"QuestionDescriptionOption":"UseText","LabelPosition":"SIDE"},"QuestionDescription":"Click to write the question text","Choices":{"1":{"Display":"Yes"},"2":{"Display":"No"}},"ChoiceOrder":[1,2],"Validation":{"Settings":{"ForceResponse":"ON","ForceResponseType":"ON","Type":"None"}},"Language":[],"QuestionID":"QID90"}},{"SurveyID":"SV_262WKpB2ZNxVkHz","Element":"SQ","PrimaryAttribute":"QID91","SecondaryAttribute":"Click to write the question text","TertiaryAttribute":null,"Payload":{"QuestionText":"Click to write the question text","DataExportTag":"Q91","QuestionType":"MC","Selector":"SAVR","SubSelector":"TX","Configuration":{"QuestionDescriptionOption":"UseText"},"QuestionDescription":"Click to write the question text","Choices":{"1":{"Display":"Click to write Choice 1"},"2":{"Display":"Click to write Choice 2"},"3":{"Display":"Click to write Choice 3"}},"ChoiceOrder":["1","2","3"],"Validation":{"Settings":{"ForceResponse":"OFF","ForceResponseType":"ON","Type":"None"}},"Language":[],"QuestionID":"QID91"}},{"SurveyID":"SV_262WKpB2ZNxVkHz","Element":"SQ","PrimaryAttribute":"QID85","SecondaryAttribute":"Craig DeLord","TertiaryAttribute":null,"Payload":{"QuestionText":"Craig DeLord","DataExportTag":"62","QuestionType":"MC","Selector":"SAHR","SubSelector":"TX","Configuration":{"QuestionDescriptionOption":"UseText","LabelPosition":"SIDE"},"QuestionDescription":"Craig DeLord","Choices":{"1":{"Display":"Yes"},"2":{"Display":"No"}},"ChoiceOrder":[1,2],"Validation":{"Settings":{"ForceResponse":"ON","ForceResponseType":"ON","Type":"None"}},"Language":[],"QuestionID":"QID85","GradingData":[{"ChoiceID":"2","Grades":{"SC_5o0bt8t78cwRItT":"1","SC_bxfiu9cyK8xweHj":"1"},"index":0},{"ChoiceID":"1","Grades":{"SC_eWf9Zugxjy0l3Vj":"1","SC_bxfiu9cyK8xweHj":"-1"},"index":1}]}},{"SurveyID":"SV_262WKpB2ZNxVkHz","Element":"SQ","PrimaryAttribute":"QID1","SecondaryAttribute":"Date","TertiaryAttribute":null,"Payload":{"QuestionText":"Date","DefaultChoices":false,"DataExportTag":"Q1","QuestionType":"TE","Selector":"SL","Configuration":{"QuestionDescriptionOption":"UseText"},"QuestionDescription":"Date","Validation":{"Settings":{"ForceResponse":"OFF","ForceResponseType":"ON","Type":"None"}},"GradingData":[],"Language":[],"QuestionID":"QID1"}},{"SurveyID":"SV_262WKpB2ZNxVkHz","Element":"SQ","PrimaryAttribute":"QID72","SecondaryAttribute":"David Ashley","TertiaryAttribute":null,"Payload":{"QuestionText":"David Ashley","DataExportTag":"50","QuestionType":"MC","Selector":"SAHR","SubSelector":"TX","Configuration":{"QuestionDescriptionOption":"UseText","LabelPosition":"SIDE"},"QuestionDescription":"David Ashley","Choices":{"1":{"Display":"Yes"},"2":{"Display":"No"}},"ChoiceOrder":[1,2],"Validation":{"Settings":{"ForceResponse":"ON","ForceResponseType":"ON","Type":"None"}},"Language":[],"QuestionID":"QID72","GradingData":[{"ChoiceID":"2","Grades":{"SC_5o0bt8t78cwRItT":"1","SC_bxfiu9cyK8xweHj":"1"},"index":0},{"ChoiceID":"1","Grades":{"SC_eWf9Zugxjy0l3Vj":"1","SC_bxfiu9cyK8xweHj":"-1"},"index":1}]}},{"SurveyID":"SV_262WKpB2ZNxVkHz","Element":"RS","PrimaryAttribute":"RS_aXb0pecik8SLaSx","SecondaryAttribute":"Default Response Set","TertiaryAttribute":null,"Payload":null},{"SurveyID":"SV_262WKpB2ZNxVkHz","Element":"SQ","PrimaryAttribute":"QID51","SecondaryAttribute":"E.B. White","TertiaryAttribute":null,"Payload":{"QuestionText":"E.B. White","DataExportTag":"31","QuestionType":"MC","Selector":"SAHR","SubSelector":"TX","Configuration":{"QuestionDescriptionOption":"UseText","LabelPosition":"SIDE"},"QuestionDescription":"E.B. White","Choices":{"1":{"Display":"Yes"},"2":{"Display":"No"}},"ChoiceOrder":[1,2],"Validation":{"Settings":{"ForceResponse":"ON","ForceResponseType":"ON","Type":"None"}},"Language":[],"QuestionID":"QID51","GradingData":[{"ChoiceID":"1","Grades":{"SC_5o0bt8t78cwRItT":"1","SC_bxfiu9cyK8xweHj":"1"},"index":0},{"ChoiceID":"2","Grades":{"SC_eWf9Zugxjy0l3Vj":"1","SC_bxfiu9cyK8xweHj":"-1"},"index":1}]}},{"SurveyID":"SV_262WKpB2ZNxVkHz","Element":"SQ","PrimaryAttribute":"QID36","SecondaryAttribute":"Elizabeth Engle","TertiaryAttribute":null,"Payload":{"QuestionText":"Elizabeth Engle","DataExportTag":"17","QuestionType":"MC","Selector":"SAHR","SubSelector":"TX","Configuration":{"QuestionDescriptionOption":"UseText","LabelPosition":"SIDE"},"QuestionDescription":"Elizabeth Engle","Choices":{"1":{"Display":"Yes"},"2":{"Display":"No"}},"ChoiceOrder":[1,2],"Validation":{"Settings":{"ForceResponse":"ON","ForceResponseType":"ON","Type":"None"}},"Language":[],"QuestionID":"QID36","GradingData":[{"ChoiceID":"2","Grades":{"SC_5o0bt8t78cwRItT":"1","SC_bxfiu9cyK8xweHj":"1"},"index":0},{"ChoiceID":"1","Grades":{"SC_eWf9Zugxjy0l3Vj":"1","SC_bxfiu9cyK8xweHj":"-1"},"index":1}]}},{"SurveyID":"SV_262WKpB2ZNxVkHz","Element":"SQ","PrimaryAttribute":"QID42","SecondaryAttribute":"Ernest Hemingway","TertiaryAttribute":null,"Payload":{"QuestionText":"Ernest Hemingway","DataExportTag":"23","QuestionType":"MC","Selector":"SAHR","SubSelector":"TX","Configuration":{"QuestionDescriptionOption":"UseText","LabelPosition":"SIDE"},"QuestionDescription":"Ernest Hemingway","Choices":{"1":{"Display":"Yes"},"2":{"Display":"No"}},"ChoiceOrder":[1,2],"Validation":{"Settings":{"ForceResponse":"ON","ForceResponseType":"ON","Type":"None"}},"Language":[],"QuestionID":"QID42","GradingData":[{"ChoiceID":"1","Grades":{"SC_5o0bt8t78cwRItT":"1","SC_bxfiu9cyK8xweHj":"1"},"index":0},{"ChoiceID":"2","Grades":{"SC_eWf9Zugxjy0l3Vj":"1","SC_bxfiu9cyK8xweHj":"-1"},"index":1}]}},{"SurveyID":"SV_262WKpB2ZNxVkHz","Element":"SQ","PrimaryAttribute":"QID3","SecondaryAttribute":"Experiment","TertiaryAttribute":null,"Payload":{"QuestionText":"Experiment","DefaultChoices":false,"DataExportTag":"Q3","QuestionID":"QID3","QuestionType":"MC","Selector":"SAVR","SubSelector":"TX","Configuration":{"QuestionDescriptionOption":"UseText"},"QuestionDescription":"Experiment","Choices":{"1":{"Display":"Morphology2"},"2":{"Display":"Category"},"3":{"Display":"DOL"}},"ChoiceOrder":["1","2","3"],"Validation":{"Settings":{"ForceResponse":"OFF","ForceResponseType":"ON","Type":"None"}},"GradingData":[],"Language":[]}},{"SurveyID":"SV_262WKpB2ZNxVkHz","Element":"SQ","PrimaryAttribute":"QID92","SecondaryAttribute":"F. Scott Fitzgerald","TertiaryAttribute":null,"Payload":{"QuestionText":"F. Scott Fitzgerald","DataExportTag":"14","QuestionType":"MC","Selector":"SAHR","SubSelector":"TX","Configuration":{"QuestionDescriptionOption":"UseText","LabelPosition":"SIDE"},"QuestionDescription":"F. Scott Fitzgerald","Choices":{"1":{"Display":"Yes"},"2":{"Display":"No"}},"ChoiceOrder":[1,2],"Validation":{"Settings":{"ForceResponse":"ON","ForceResponseType":"ON","Type":"None"}},"Language":[],"QuestionID":"QID92","GradingData":[{"ChoiceID":"1","Grades":{"SC_5o0bt8t78cwRItT":"1","SC_bxfiu9cyK8xweHj":"1"},"index":0},{"ChoiceID":"2","Grades":{"SC_eWf9Zugxjy0l3Vj":"1","SC_bxfiu9cyK8xweHj":"-1"},"index":1}]}},{"SurveyID":"SV_262WKpB2ZNxVkHz","Element":"SQ","PrimaryAttribute":"QID32","SecondaryAttribute":"Francine Preston","TertiaryAttribute":null,"Payload":{"QuestionText":"Francine Preston","DataExportTag":"12","QuestionType":"MC","Selector":"SAHR","SubSelector":"TX","Configuration":{"QuestionDescriptionOption":"UseText","LabelPosition":"SIDE"},"QuestionDescription":"Francine Preston","Choices":{"1":{"Display":"Yes"},"2":{"Display":"No"}},"ChoiceOrder":[1,2],"Validation":{"Settings":{"ForceResponse":"ON","ForceResponseType":"ON","Type":"None"}},"Language":[],"QuestionID":"QID32","GradingData":[{"ChoiceID":"2","Grades":{"SC_5o0bt8t78cwRItT":"1","SC_bxfiu9cyK8xweHj":"1"},"index":0},{"ChoiceID":"1","Grades":{"SC_eWf9Zugxjy0l3Vj":"1","SC_bxfiu9cyK8xweHj":"-1"},"index":1}]}},{"SurveyID":"SV_262WKpB2ZNxVkHz","Element":"SQ","PrimaryAttribute":"QID24","SecondaryAttribute":"Gabriel Garcia Marquez","TertiaryAttribute":null,"Payload":{"QuestionText":"Gabriel Garcia Marquez","DataExportTag":"5","QuestionType":"MC","Selector":"SAHR","SubSelector":"TX","Configuration":{"QuestionDescriptionOption":"UseText","LabelPosition":"SIDE"},"QuestionDescription":"Gabriel Garcia Marquez","Choices":{"1":{"Display":"Yes"},"2":{"Display":"No"}},"ChoiceOrder":[1,2],"Validation":{"Settings":{"ForceResponse":"ON","ForceResponseType":"ON","Type":"None"}},"Language":[],"QuestionID":"QID24","GradingData":[{"ChoiceID":"1","Grades":{"SC_5o0bt8t78cwRItT":"1","SC_bxfiu9cyK8xweHj":"1"},"index":0},{"ChoiceID":"2","Grades":{"SC_eWf9Zugxjy0l3Vj":"1","SC_bxfiu9cyK8xweHj":"-1"},"index":1}]}},{"SurveyID":"SV_262WKpB2ZNxVkHz","Element":"SQ","PrimaryAttribute":"QID78","SecondaryAttribute":"Harper Lee","TertiaryAttribute":null,"Payload":{"QuestionText":"Harper Lee","DataExportTag":"56","QuestionType":"MC","Selector":"SAHR","SubSelector":"TX","Configuration":{"QuestionDescriptionOption":"UseText","LabelPosition":"SIDE"},"QuestionDescription":"Harper Lee","Choices":{"1":{"Display":"Yes"},"2":{"Display":"No"}},"ChoiceOrder":[1,2],"Validation":{"Settings":{"ForceResponse":"ON","ForceResponseType":"ON","Type":"None"}},"Language":[],"QuestionID":"QID78","GradingData":[{"ChoiceID":"1","Grades":{"SC_5o0bt8t78cwRItT":"1","SC_bxfiu9cyK8xweHj":"1"},"index":0},{"ChoiceID":"2","Grades":{"SC_eWf9Zugxjy0l3Vj":"1","SC_bxfiu9cyK8xweHj":"-1"},"index":1}]}},{"SurveyID":"SV_262WKpB2ZNxVkHz","Element":"SQ","PrimaryAttribute":"QID59","SecondaryAttribute":"Harriet Troudeau","TertiaryAttribute":null,"Payload":{"QuestionText":"Harriet Troudeau","DataExportTag":"38","QuestionType":"MC","Selector":"SAHR","SubSelector":"TX","Configuration":{"QuestionDescriptionOption":"UseText","LabelPosition":"SIDE"},"QuestionDescription":"Harriet Troudeau","Choices":{"1":{"Display":"Yes"},"2":{"Display":"No"}},"ChoiceOrder":[1,2],"Validation":{"Settings":{"ForceResponse":"ON","ForceResponseType":"ON","Type":"None"}},"Language":[],"QuestionID":"QID59","GradingData":[{"ChoiceID":"2","Grades":{"SC_5o0bt8t78cwRItT":"1","SC_bxfiu9cyK8xweHj":"1"},"index":0},{"ChoiceID":"1","Grades":{"SC_eWf9Zugxjy0l3Vj":"1","SC_bxfiu9cyK8xweHj":"-1"},"index":1}]}},{"SurveyID":"SV_262WKpB2ZNxVkHz","Element":"SQ","PrimaryAttribute":"QID88","SecondaryAttribute":"Harry Coltheart","TertiaryAttribute":null,"Payload":{"QuestionText":"Harry Coltheart","DataExportTag":"65","QuestionType":"MC","Selector":"SAHR","SubSelector":"TX","Configuration":{"QuestionDescriptionOption":"UseText","LabelPosition":"SIDE"},"QuestionDescription":"Harry Coltheart","Choices":{"1":{"Display":"Yes"},"2":{"Display":"No"}},"ChoiceOrder":[1,2],"Validation":{"Settings":{"ForceResponse":"ON","ForceResponseType":"ON","Type":"None"}},"Language":[],"QuestionID":"QID88","GradingData":[{"ChoiceID":"2","Grades":{"SC_5o0bt8t78cwRItT":"1","SC_bxfiu9cyK8xweHj":"1"},"index":0},{"ChoiceID":"1","Grades":{"SC_eWf9Zugxjy0l3Vj":"1","SC_bxfiu9cyK8xweHj":"-1"},"index":1}]}},{"SurveyID":"SV_262WKpB2ZNxVkHz","Element":"SQ","PrimaryAttribute":"QID27","SecondaryAttribute":"Herman Wouk","TertiaryAttribute":null,"Payload":{"QuestionText":"Herman Wouk","DataExportTag":"8","QuestionType":"MC","Selector":"SAHR","SubSelector":"TX","Configuration":{"QuestionDescriptionOption":"UseText","LabelPosition":"SIDE"},"QuestionDescription":"Herman Wouk","Choices":{"1":{"Display":"Yes"},"2":{"Display":"No"}},"ChoiceOrder":[1,2],"Validation":{"Settings":{"ForceResponse":"ON","ForceResponseType":"ON","Type":"None"}},"Language":[],"QuestionID":"QID27","GradingData":[{"ChoiceID":"1","Grades":{"SC_5o0bt8t78cwRItT":"1","SC_bxfiu9cyK8xweHj":"1"},"index":0},{"ChoiceID":"2","Grades":{"SC_eWf9Zugxjy0l3Vj":"1","SC_bxfiu9cyK8xweHj":"-1"},"index":1}]}},{"SurveyID":"SV_262WKpB2ZNxVkHz","Element":"SQ","PrimaryAttribute":"QID29","SecondaryAttribute":"Hiroyuki Oshita ","TertiaryAttribute":null,"Payload":{"QuestionText":"Hiroyuki Oshita&nbsp;","DataExportTag":"10","QuestionType":"MC","Selector":"SAHR","SubSelector":"TX","Configuration":{"QuestionDescriptionOption":"UseText","LabelPosition":"SIDE"},"QuestionDescription":"Hiroyuki Oshita ","Choices":{"1":{"Display":"Yes"},"2":{"Display":"No"}},"ChoiceOrder":[1,2],"Validation":{"Settings":{"ForceResponse":"ON","ForceResponseType":"ON","Type":"None"}},"Language":[],"QuestionID":"QID29","GradingData":[{"ChoiceID":"2","Grades":{"SC_5o0bt8t78cwRItT":"1","SC_bxfiu9cyK8xweHj":"1"},"index":0},{"ChoiceID":"1","Grades":{"SC_eWf9Zugxjy0l3Vj":"1","SC_bxfiu9cyK8xweHj":"-1"},"index":1}]}},{"SurveyID":"SV_262WKpB2ZNxVkHz","Element":"SQ","PrimaryAttribute":"QID39","SecondaryAttribute":"J.R.R. Tolkien","TertiaryAttribute":null,"Payload":{"QuestionText":"J.R.R. Tolkien","DataExportTag":"20","QuestionType":"MC","Selector":"SAHR","SubSelector":"TX","Configuration":{"QuestionDescriptionOption":"UseText","LabelPosition":"SIDE"},"QuestionDescription":"J.R.R. Tolkien","Choices":{"1":{"Display":"Yes"},"2":{"Display":"No"}},"ChoiceOrder":[1,2],"Validation":{"Settings":{"ForceResponse":"ON","ForceResponseType":"ON","Type":"None"}},"Language":[],"QuestionID":"QID39","GradingData":[{"ChoiceID":"1","Grades":{"SC_5o0bt8t78cwRItT":"1","SC_bxfiu9cyK8xweHj":"1"},"index":0},{"ChoiceID":"2","Grades":{"SC_eWf9Zugxjy0l3Vj":"1","SC_bxfiu9cyK8xweHj":"-1"},"index":1}]}},{"SurveyID":"SV_262WKpB2ZNxVkHz","Element":"SQ","PrimaryAttribute":"QID62","SecondaryAttribute":"Jackie Collins ","TertiaryAttribute":null,"Payload":{"QuestionText":"Jackie Collins&nbsp;","DataExportTag":"41","QuestionType":"MC","Selector":"SAHR","SubSelector":"TX","Configuration":{"QuestionDescriptionOption":"UseText","LabelPosition":"SIDE"},"QuestionDescription":"Jackie Collins ","Choices":{"1":{"Display":"Yes"},"2":{"Display":"No"}},"ChoiceOrder":[1,2],"Validation":{"Settings":{"ForceResponse":"ON","ForceResponseType":"ON","Type":"None"}},"Language":[],"QuestionID":"QID62","GradingData":[{"ChoiceID":"1","Grades":{"SC_5o0bt8t78cwRItT":"1","SC_bxfiu9cyK8xweHj":"1"},"index":0},{"ChoiceID":"2","Grades":{"SC_eWf9Zugxjy0l3Vj":"1","SC_bxfiu9cyK8xweHj":"-1"},"index":1}]}},{"SurveyID":"SV_262WKpB2ZNxVkHz","Element":"SQ","PrimaryAttribute":"QID60","SecondaryAttribute":"James Clavell","TertiaryAttribute":null,"Payload":{"QuestionText":"James Clavell","DataExportTag":"39","QuestionType":"MC","Selector":"SAHR","SubSelector":"TX","Configuration":{"QuestionDescriptionOption":"UseText","LabelPosition":"SIDE"},"QuestionDescription":"James Clavell","Choices":{"1":{"Display":"Yes"},"2":{"Display":"No"}},"ChoiceOrder":[1,2],"Validation":{"Settings":{"ForceResponse":"ON","ForceResponseType":"ON","Type":"None"}},"Language":[],"QuestionID":"QID60","GradingData":[{"ChoiceID":"1","Grades":{"SC_5o0bt8t78cwRItT":"1","SC_bxfiu9cyK8xweHj":"1"},"index":0},{"ChoiceID":"2","Grades":{"SC_eWf9Zugxjy0l3Vj":"1","SC_bxfiu9cyK8xweHj":"-1"},"index":1}]}},{"SurveyID":"SV_262WKpB2ZNxVkHz","Element":"SQ","PrimaryAttribute":"QID44","SecondaryAttribute":"James Joyce","TertiaryAttribute":null,"Payload":{"QuestionText":"James Joyce","DataExportTag":"24","QuestionType":"MC","Selector":"SAHR","SubSelector":"TX","Configuration":{"QuestionDescriptionOption":"UseText","LabelPosition":"SIDE"},"QuestionDescription":"James Joyce","Choices":{"1":{"Display":"Yes"},"2":{"Display":"No"}},"ChoiceOrder":[1,2],"Validation":{"Settings":{"ForceResponse":"ON","ForceResponseType":"ON","Type":"None"}},"Language":[],"QuestionID":"QID44","GradingData":[{"ChoiceID":"1","Grades":{"SC_5o0bt8t78cwRItT":"1","SC_bxfiu9cyK8xweHj":"1"},"index":0},{"ChoiceID":"2","Grades":{"SC_eWf9Zugxjy0l3Vj":"1","SC_bxfiu9cyK8xweHj":"-1"},"index":1}]}},{"SurveyID":"SV_262WKpB2ZNxVkHz","Element":"SQ","PrimaryAttribute":"QID57","SecondaryAttribute":"James Michener","TertiaryAttribute":null,"Payload":{"QuestionText":"James Michener","DataExportTag":"36","QuestionType":"MC","Selector":"SAHR","SubSelector":"TX","Configuration":{"QuestionDescriptionOption":"UseText","LabelPosition":"SIDE"},"QuestionDescription":"James Michener","Choices":{"1":{"Display":"Yes"},"2":{"Display":"No"}},"ChoiceOrder":[1,2],"Validation":{"Settings":{"ForceResponse":"ON","ForceResponseType":"ON","Type":"None"}},"Language":[],"QuestionID":"QID57","GradingData":[{"ChoiceID":"1","Grades":{"SC_5o0bt8t78cwRItT":"1","SC_bxfiu9cyK8xweHj":"1"},"index":0},{"ChoiceID":"2","Grades":{"SC_eWf9Zugxjy0l3Vj":"1","SC_bxfiu9cyK8xweHj":"-1"},"index":1}]}},{"SurveyID":"SV_262WKpB2ZNxVkHz","Element":"SQ","PrimaryAttribute":"QID38","SecondaryAttribute":"Jared Gibbons","TertiaryAttribute":null,"Payload":{"QuestionText":"Jared Gibbons","DataExportTag":"19","QuestionType":"MC","Selector":"SAHR","SubSelector":"TX","Configuration":{"QuestionDescriptionOption":"UseText","LabelPosition":"SIDE"},"QuestionDescription":"Jared Gibbons","Choices":{"1":{"Display":"Yes"},"2":{"Display":"No"}},"ChoiceOrder":[1,2],"Validation":{"Settings":{"ForceResponse":"ON","ForceResponseType":"ON","Type":"None"}},"Language":[],"QuestionID":"QID38","GradingData":[{"ChoiceID":"2","Grades":{"SC_5o0bt8t78cwRItT":"1","SC_bxfiu9cyK8xweHj":"1"},"index":0},{"ChoiceID":"1","Grades":{"SC_eWf9Zugxjy0l3Vj":"1","SC_bxfiu9cyK8xweHj":"-1"},"index":1}]}},{"SurveyID":"SV_262WKpB2ZNxVkHz","Element":"SQ","PrimaryAttribute":"QID76","SecondaryAttribute":"Jeremy Weissman","TertiaryAttribute":null,"Payload":{"QuestionText":"Jeremy Weissman","DataExportTag":"54","QuestionType":"MC","Selector":"SAHR","SubSelector":"TX","Configuration":{"QuestionDescriptionOption":"UseText","LabelPosition":"SIDE"},"QuestionDescription":"Jeremy Weissman","Choices":{"1":{"Display":"Yes"},"2":{"Display":"No"}},"ChoiceOrder":[1,2],"Validation":{"Settings":{"ForceResponse":"ON","ForceResponseType":"ON","Type":"None"}},"Language":[],"QuestionID":"QID76","GradingData":[{"ChoiceID":"2","Grades":{"SC_5o0bt8t78cwRItT":"1","SC_bxfiu9cyK8xweHj":"1"},"index":0},{"ChoiceID":"1","Grades":{"SC_eWf9Zugxjy0l3Vj":"1","SC_bxfiu9cyK8xweHj":"-1"},"index":1}]}},{"SurveyID":"SV_262WKpB2ZNxVkHz","Element":"SQ","PrimaryAttribute":"QID54","SecondaryAttribute":"Jessica Ann Lewis ","TertiaryAttribute":null,"Payload":{"QuestionText":"Jessica Ann Lewis&nbsp;","DataExportTag":"34","QuestionType":"MC","Selector":"SAHR","SubSelector":"TX","Configuration":{"QuestionDescriptionOption":"UseText","LabelPosition":"SIDE"},"QuestionDescription":"Jessica Ann Lewis ","Choices":{"1":{"Display":"Yes"},"2":{"Display":"No"}},"ChoiceOrder":[1,2],"Validation":{"Settings":{"ForceResponse":"ON","ForceResponseType":"ON","Type":"None"}},"Language":[],"QuestionID":"QID54","GradingData":[{"ChoiceID":"2","Grades":{"SC_5o0bt8t78cwRItT":"1","SC_bxfiu9cyK8xweHj":"1"},"index":0},{"ChoiceID":"1","Grades":{"SC_eWf9Zugxjy0l3Vj":"1","SC_bxfiu9cyK8xweHj":"-1"},"index":1}]}},{"SurveyID":"SV_262WKpB2ZNxVkHz","Element":"SQ","PrimaryAttribute":"QID68","SecondaryAttribute":"John Grisham","TertiaryAttribute":null,"Payload":{"QuestionText":"John Grisham","DataExportTag":"46","QuestionType":"MC","Selector":"SAHR","SubSelector":"TX","Configuration":{"QuestionDescriptionOption":"UseText","LabelPosition":"SIDE"},"QuestionDescription":"John Grisham","Choices":{"1":{"Display":"Yes"},"2":{"Display":"No"}},"ChoiceOrder":[1,2],"Validation":{"Settings":{"ForceResponse":"ON","ForceResponseType":"ON","Type":"None"}},"Language":[],"QuestionID":"QID68","GradingData":[{"ChoiceID":"1","Grades":{"SC_5o0bt8t78cwRItT":"1","SC_bxfiu9cyK8xweHj":"1"},"index":0},{"ChoiceID":"2","Grades":{"SC_eWf9Zugxjy0l3Vj":"1","SC_bxfiu9cyK8xweHj":"-1"},"index":1}]}},{"SurveyID":"SV_262WKpB2ZNxVkHz","Element":"SQ","PrimaryAttribute":"QID86","SecondaryAttribute":"Jonathan Kellerman","TertiaryAttribute":null,"Payload":{"QuestionText":"Jonathan Kellerman","DataExportTag":"63","QuestionType":"MC","Selector":"SAHR","SubSelector":"TX","Configuration":{"QuestionDescriptionOption":"UseText","LabelPosition":"SIDE"},"QuestionDescription":"Jonathan Kellerman","Choices":{"1":{"Display":"Yes"},"2":{"Display":"No"}},"ChoiceOrder":[1,2],"Validation":{"Settings":{"ForceResponse":"ON","ForceResponseType":"ON","Type":"None"}},"Language":[],"QuestionID":"QID86","GradingData":[{"ChoiceID":"1","Grades":{"SC_5o0bt8t78cwRItT":"1","SC_bxfiu9cyK8xweHj":"1"},"index":0},{"ChoiceID":"2","Grades":{"SC_eWf9Zugxjy0l3Vj":"1","SC_bxfiu9cyK8xweHj":"-1"},"index":1}]}},{"SurveyID":"SV_262WKpB2ZNxVkHz","Element":"SQ","PrimaryAttribute":"QID69","SecondaryAttribute":"Joyce Carol Oates","TertiaryAttribute":null,"Payload":{"QuestionText":"Joyce Carol Oates","DataExportTag":"47","QuestionType":"MC","Selector":"SAHR","SubSelector":"TX","Configuration":{"QuestionDescriptionOption":"UseText","LabelPosition":"SIDE"},"QuestionDescription":"Joyce Carol Oates","Choices":{"1":{"Display":"Yes"},"2":{"Display":"No"}},"ChoiceOrder":[1,2],"Validation":{"Settings":{"ForceResponse":"ON","ForceResponseType":"ON","Type":"None"}},"Language":[],"QuestionID":"QID69","GradingData":[{"ChoiceID":"1","Grades":{"SC_5o0bt8t78cwRItT":"1","SC_bxfiu9cyK8xweHj":"1"},"index":0},{"ChoiceID":"2","Grades":{"SC_eWf9Zugxjy0l3Vj":"1","SC_bxfiu9cyK8xweHj":"-1"},"index":1}]}},{"SurveyID":"SV_262WKpB2ZNxVkHz","Element":"SQ","PrimaryAttribute":"QID49","SecondaryAttribute":"Judith Stanley","TertiaryAttribute":null,"Payload":{"QuestionText":"Judith Stanley","DataExportTag":"29","QuestionType":"MC","Selector":"SAHR","SubSelector":"TX","Configuration":{"QuestionDescriptionOption":"UseText","LabelPosition":"SIDE"},"QuestionDescription":"Judith Stanley","Choices":{"1":{"Display":"Yes"},"2":{"Display":"No"}},"ChoiceOrder":[1,2],"Validation":{"Settings":{"ForceResponse":"ON","ForceResponseType":"ON","Type":"None"}},"Language":[],"QuestionID":"QID49","GradingData":[{"ChoiceID":"2","Grades":{"SC_5o0bt8t78cwRItT":"1","SC_bxfiu9cyK8xweHj":"1"},"index":0},{"ChoiceID":"1","Grades":{"SC_eWf9Zugxjy0l3Vj":"1","SC_bxfiu9cyK8xweHj":"-1"},"index":1}]}},{"SurveyID":"SV_262WKpB2ZNxVkHz","Element":"SQ","PrimaryAttribute":"QID22","SecondaryAttribute":"Kazuo Ishiguro","TertiaryAttribute":null,"Payload":{"QuestionText":"Kazuo Ishiguro","DataExportTag":"3","QuestionType":"MC","Selector":"SAHR","SubSelector":"TX","Configuration":{"QuestionDescriptionOption":"UseText","LabelPosition":"SIDE"},"QuestionDescription":"Kazuo Ishiguro","Choices":{"1":{"Display":"Yes"},"2":{"Display":"No"}},"ChoiceOrder":[1,2],"Validation":{"Settings":{"ForceResponse":"ON","ForceResponseType":"ON","Type":"None"}},"Language":[],"QuestionID":"QID22","GradingData":[{"ChoiceID":"1","Grades":{"SC_5o0bt8t78cwRItT":"1","SC_bxfiu9cyK8xweHj":"1"},"index":0},{"ChoiceID":"2","Grades":{"SC_eWf9Zugxjy0l3Vj":"1","SC_bxfiu9cyK8xweHj":"-1"},"index":1}]}},{"SurveyID":"SV_262WKpB2ZNxVkHz","Element":"SQ","PrimaryAttribute":"QID21","SecondaryAttribute":"Larry Applegate","TertiaryAttribute":null,"Payload":{"QuestionText":"Larry Applegate","DataExportTag":"2","QuestionType":"MC","Selector":"SAHR","SubSelector":"TX","Configuration":{"QuestionDescriptionOption":"UseText","LabelPosition":"SIDE"},"QuestionDescription":"Larry Applegate","Choices":{"1":{"Display":"Yes"},"2":{"Display":"No"}},"ChoiceOrder":[1,2],"Validation":{"Settings":{"ForceResponse":"ON","ForceResponseType":"ON","Type":"None"}},"Language":[],"QuestionID":"QID21","GradingData":[{"ChoiceID":"2","Grades":{"SC_5o0bt8t78cwRItT":"1","SC_bxfiu9cyK8xweHj":"1"},"index":0},{"ChoiceID":"1","Grades":{"SC_eWf9Zugxjy0l3Vj":"1","SC_bxfiu9cyK8xweHj":"-1"},"index":1}]}},{"SurveyID":"SV_262WKpB2ZNxVkHz","Element":"SQ","PrimaryAttribute":"QID56","SecondaryAttribute":"Leslie Kraus","TertiaryAttribute":null,"Payload":{"QuestionText":"Leslie Kraus","DataExportTag":"35","QuestionType":"MC","Selector":"SAHR","SubSelector":"TX","Configuration":{"QuestionDescriptionOption":"UseText","LabelPosition":"SIDE"},"QuestionDescription":"Leslie Kraus","Choices":{"1":{"Display":"Yes"},"2":{"Display":"No"}},"ChoiceOrder":[1,2],"Validation":{"Settings":{"ForceResponse":"ON","ForceResponseType":"ON","Type":"None"}},"Language":[],"QuestionID":"QID56","GradingData":[{"ChoiceID":"2","Grades":{"SC_5o0bt8t78cwRItT":"1","SC_bxfiu9cyK8xweHj":"1"},"index":0},{"ChoiceID":"1","Grades":{"SC_eWf9Zugxjy0l3Vj":"1","SC_bxfiu9cyK8xweHj":"-1"},"index":1}]}},{"SurveyID":"SV_262WKpB2ZNxVkHz","Element":"SQ","PrimaryAttribute":"QID82","SecondaryAttribute":"Lisa Woodward","TertiaryAttribute":null,"Payload":{"QuestionText":"Lisa Woodward","DataExportTag":"58","QuestionType":"MC","Selector":"SAHR","SubSelector":"TX","Configuration":{"QuestionDescriptionOption":"UseText","LabelPosition":"SIDE"},"QuestionDescription":"Lisa Woodward","Choices":{"1":{"Display":"Yes"},"2":{"Display":"No"}},"ChoiceOrder":[1,2],"Validation":{"Settings":{"ForceResponse":"ON","ForceResponseType":"ON","Type":"None"}},"Language":[],"QuestionID":"QID82","GradingData":[{"ChoiceID":"2","Grades":{"SC_5o0bt8t78cwRItT":"1","SC_bxfiu9cyK8xweHj":"1"},"index":0},{"ChoiceID":"1","Grades":{"SC_eWf9Zugxjy0l3Vj":"1","SC_bxfiu9cyK8xweHj":"-1"},"index":1}]}},{"SurveyID":"SV_262WKpB2ZNxVkHz","Element":"SQ","PrimaryAttribute":"QID52","SecondaryAttribute":"Margaret Mitchell","TertiaryAttribute":null,"Payload":{"QuestionText":"Margaret Mitchell","DataExportTag":"32","QuestionType":"MC","Selector":"SAHR","SubSelector":"TX","Configuration":{"QuestionDescriptionOption":"UseText","LabelPosition":"SIDE"},"QuestionDescription":"Margaret Mitchell","Choices":{"1":{"Display":"Yes"},"2":{"Display":"No"}},"ChoiceOrder":[1,2],"Validation":{"Settings":{"ForceResponse":"ON","ForceResponseType":"ON","Type":"None"}},"Language":[],"QuestionID":"QID52","GradingData":[{"ChoiceID":"1","Grades":{"SC_5o0bt8t78cwRItT":"1","SC_bxfiu9cyK8xweHj":"1"},"index":0},{"ChoiceID":"2","Grades":{"SC_eWf9Zugxjy0l3Vj":"1","SC_bxfiu9cyK8xweHj":"-1"},"index":1}]}},{"SurveyID":"SV_262WKpB2ZNxVkHz","Element":"SQ","PrimaryAttribute":"QID87","SecondaryAttribute":"Marion Coles Snow","TertiaryAttribute":null,"Payload":{"QuestionText":"Marion Coles Snow","DataExportTag":"64","QuestionType":"MC","Selector":"SAHR","SubSelector":"TX","Configuration":{"QuestionDescriptionOption":"UseText","LabelPosition":"SIDE"},"QuestionDescription":"Marion Coles Snow","Choices":{"1":{"Display":"Yes"},"2":{"Display":"No"}},"ChoiceOrder":[1,2],"Validation":{"Settings":{"ForceResponse":"ON","ForceResponseType":"ON","Type":"None"}},"Language":[],"QuestionID":"QID87","GradingData":[{"ChoiceID":"2","Grades":{"SC_5o0bt8t78cwRItT":"1","SC_bxfiu9cyK8xweHj":"1"},"index":0},{"ChoiceID":"1","Grades":{"SC_eWf9Zugxjy0l3Vj":"1","SC_bxfiu9cyK8xweHj":"-1"},"index":1}]}},{"SurveyID":"SV_262WKpB2ZNxVkHz","Element":"SQ","PrimaryAttribute":"QID40","SecondaryAttribute":"Maryann Phillips","TertiaryAttribute":null,"Payload":{"QuestionText":"Maryann Phillips","DataExportTag":"21","QuestionType":"MC","Selector":"SAHR","SubSelector":"TX","Configuration":{"QuestionDescriptionOption":"UseText","LabelPosition":"SIDE"},"QuestionDescription":"Maryann Phillips","Choices":{"1":{"Display":"Yes"},"2":{"Display":"No"}},"ChoiceOrder":[1,2],"Validation":{"Settings":{"ForceResponse":"ON","ForceResponseType":"ON","Type":"None"}},"Language":[],"QuestionID":"QID40","GradingData":[{"ChoiceID":"2","Grades":{"SC_5o0bt8t78cwRItT":"1","SC_bxfiu9cyK8xweHj":"1"},"index":0},{"ChoiceID":"1","Grades":{"SC_eWf9Zugxjy0l3Vj":"1","SC_bxfiu9cyK8xweHj":"-1"},"index":1}]}},{"SurveyID":"SV_262WKpB2ZNxVkHz","Element":"SQ","PrimaryAttribute":"QID33","SecondaryAttribute":"Nelson Demille","TertiaryAttribute":null,"Payload":{"QuestionText":"Nelson Demille","DataExportTag":"13","QuestionType":"MC","Selector":"SAHR","SubSelector":"TX","Configuration":{"QuestionDescriptionOption":"UseText","LabelPosition":"SIDE"},"QuestionDescription":"Nelson Demille","Choices":{"1":{"Display":"Yes"},"2":{"Display":"No"}},"ChoiceOrder":[1,2],"Validation":{"Settings":{"ForceResponse":"ON","ForceResponseType":"ON","Type":"None"}},"Language":[],"QuestionID":"QID33","GradingData":[{"ChoiceID":"1","Grades":{"SC_5o0bt8t78cwRItT":"1","SC_bxfiu9cyK8xweHj":"1"},"index":0},{"ChoiceID":"2","Grades":{"SC_eWf9Zugxjy0l3Vj":"1","SC_bxfiu9cyK8xweHj":"-1"},"index":1}]}},{"SurveyID":"SV_262WKpB2ZNxVkHz","Element":"SQ","PrimaryAttribute":"QID83","SecondaryAttribute":"Nora Ephron","TertiaryAttribute":null,"Payload":{"QuestionText":"Nora Ephron","DataExportTag":"60","QuestionType":"MC","Selector":"SAHR","SubSelector":"TX","Configuration":{"QuestionDescriptionOption":"UseText","LabelPosition":"SIDE"},"QuestionDescription":"Nora Ephron","Choices":{"1":{"Display":"Yes"},"2":{"Display":"No"}},"ChoiceOrder":[1,2],"Validation":{"Settings":{"ForceResponse":"ON","ForceResponseType":"ON","Type":"None"}},"Language":[],"QuestionID":"QID83","GradingData":[{"ChoiceID":"1","Grades":{"SC_5o0bt8t78cwRItT":"1","SC_bxfiu9cyK8xweHj":"1"},"index":0},{"ChoiceID":"2","Grades":{"SC_eWf9Zugxjy0l3Vj":"1","SC_bxfiu9cyK8xweHj":"-1"},"index":1}]}},{"SurveyID":"SV_262WKpB2ZNxVkHz","Element":"SQ","PrimaryAttribute":"QID73","SecondaryAttribute":"Padraig O'seaghdha","TertiaryAttribute":null,"Payload":{"QuestionText":"Padraig O'seaghdha","DataExportTag":"51","QuestionType":"MC","Selector":"SAHR","SubSelector":"TX","Configuration":{"QuestionDescriptionOption":"UseText","LabelPosition":"SIDE"},"QuestionDescription":"Padraig O'seaghdha","Choices":{"1":{"Display":"Yes"},"2":{"Display":"No"}},"ChoiceOrder":[1,2],"Validation":{"Settings":{"ForceResponse":"ON","ForceResponseType":"ON","Type":"None"}},"Language":[],"QuestionID":"QID73","GradingData":[{"ChoiceID":"2","Grades":{"SC_5o0bt8t78cwRItT":"1","SC_bxfiu9cyK8xweHj":"1"},"index":0},{"ChoiceID":"1","Grades":{"SC_eWf9Zugxjy0l3Vj":"1","SC_bxfiu9cyK8xweHj":"-1"},"index":1}]}},{"SurveyID":"SV_262WKpB2ZNxVkHz","Element":"SQ","PrimaryAttribute":"QID2","SecondaryAttribute":"Participant","TertiaryAttribute":null,"Payload":{"QuestionText":"Participant","DefaultChoices":false,"DataExportTag":"Q2","QuestionID":"QID2","QuestionType":"TE","Selector":"SL","Configuration":{"QuestionDescriptionOption":"UseText"},"QuestionDescription":"Participant","Validation":{"Settings":{"ForceResponse":"OFF","ForceResponseType":"ON","Type":"None"}},"GradingData":[],"Language":[]}},{"SurveyID":"SV_262WKpB2ZNxVkHz","Element":"SQ","PrimaryAttribute":"QID74","SecondaryAttribute":"Patrick Banville","TertiaryAttribute":null,"Payload":{"QuestionText":"Patrick Banville","DataExportTag":"52","QuestionType":"MC","Selector":"SAHR","SubSelector":"TX","Configuration":{"QuestionDescriptionOption":"UseText","LabelPosition":"SIDE"},"QuestionDescription":"Patrick Banville","Choices":{"1":{"Display":"Yes"},"2":{"Display":"No"}},"ChoiceOrder":[1,2],"Validation":{"Settings":{"ForceResponse":"ON","ForceResponseType":"ON","Type":"None"}},"Language":[],"QuestionID":"QID74","GradingData":[{"ChoiceID":"2","Grades":{"SC_5o0bt8t78cwRItT":"1","SC_bxfiu9cyK8xweHj":"1"},"index":0},{"ChoiceID":"1","Grades":{"SC_eWf9Zugxjy0l3Vj":"1","SC_bxfiu9cyK8xweHj":"-1"},"index":1}]}},{"SurveyID":"SV_262WKpB2ZNxVkHz","Element":"SQ","PrimaryAttribute":"QID50","SecondaryAttribute":"Paul Theroux","TertiaryAttribute":null,"Payload":{"QuestionText":"Paul Theroux","DataExportTag":"30","QuestionType":"MC","Selector":"SAHR","SubSelector":"TX","Configuration":{"QuestionDescriptionOption":"UseText","LabelPosition":"SIDE"},"QuestionDescription":"Paul Theroux","Choices":{"1":{"Display":"Yes"},"2":{"Display":"No"}},"ChoiceOrder":[1,2],"Validation":{"Settings":{"ForceResponse":"ON","ForceResponseType":"ON","Type":"None"}},"Language":[],"QuestionID":"QID50","GradingData":[{"ChoiceID":"1","Grades":{"SC_5o0bt8t78cwRItT":"1","SC_bxfiu9cyK8xweHj":"1"},"index":0},{"ChoiceID":"2","Grades":{"SC_eWf9Zugxjy0l3Vj":"1","SC_bxfiu9cyK8xweHj":"-1"},"index":1}]}},{"SurveyID":"SV_262WKpB2ZNxVkHz","Element":"SQ","PrimaryAttribute":"QID34","SecondaryAttribute":"Peter Flaegerty","TertiaryAttribute":null,"Payload":{"QuestionText":"Peter Flaegerty","DataExportTag":"15","QuestionType":"MC","Selector":"SAHR","SubSelector":"TX","Configuration":{"QuestionDescriptionOption":"UseText","LabelPosition":"SIDE"},"QuestionDescription":"Peter Flaegerty","Choices":{"1":{"Display":"Yes"},"2":{"Display":"No"}},"ChoiceOrder":[1,2],"Validation":{"Settings":{"ForceResponse":"ON","ForceResponseType":"ON","Type":"None"}},"Language":[],"QuestionID":"QID34","GradingData":[{"ChoiceID":"2","Grades":{"SC_5o0bt8t78cwRItT":"1","SC_bxfiu9cyK8xweHj":"1"},"index":0},{"ChoiceID":"1","Grades":{"SC_eWf9Zugxjy0l3Vj":"1","SC_bxfiu9cyK8xweHj":"-1"},"index":1}]}},{"SurveyID":"SV_262WKpB2ZNxVkHz","Element":"SQ","PrimaryAttribute":"QID5","SecondaryAttribute":"Please wait for instructions.\n\n \n\n DO NOT CLICK FORWARD UNTIL INSTRUCTED.","TertiaryAttribute":null,"Payload":{"QuestionText":"<div><b><i>Please wait for instructions.<\/i><\/b><\/div><div><b><i><br><\/i><\/b><\/div><div><b><i>DO NOT CLICK FORWARD UNTIL INSTRUCTED.<\/i><\/b><\/div>","DefaultChoices":false,"DataExportTag":"","QuestionType":"DB","Selector":"TB","Configuration":{"QuestionDescriptionOption":"UseText"},"QuestionDescription":"Please wait for instructions.\n\n \n\n DO NOT CLICK FORWARD UNTIL INSTRUCTED.","ChoiceOrder":[],"Validation":{"Settings":{"Type":"None"}},"GradingData":[],"Language":[],"QuestionID":"QID5"}},{"SurveyID":"SV_262WKpB2ZNxVkHz","Element":"SQ","PrimaryAttribute":"QID77","SecondaryAttribute":"Ray Bradbury","TertiaryAttribute":null,"Payload":{"QuestionText":"Ray Bradbury","DataExportTag":"55","QuestionType":"MC","Selector":"SAHR","SubSelector":"TX","Configuration":{"QuestionDescriptionOption":"UseText","LabelPosition":"SIDE"},"QuestionDescription":"Ray Bradbury","Choices":{"1":{"Display":"Yes"},"2":{"Display":"No"}},"ChoiceOrder":[1,2],"Validation":{"Settings":{"ForceResponse":"ON","ForceResponseType":"ON","Type":"None"}},"Language":[],"QuestionID":"QID77","GradingData":[{"ChoiceID":"1","Grades":{"SC_5o0bt8t78cwRItT":"1","SC_bxfiu9cyK8xweHj":"1"},"index":0},{"ChoiceID":"2","Grades":{"SC_eWf9Zugxjy0l3Vj":"1","SC_bxfiu9cyK8xweHj":"-1"},"index":1}]}},{"SurveyID":"SV_262WKpB2ZNxVkHz","Element":"SQ","PrimaryAttribute":"QID66","SecondaryAttribute":"Raymond Chandler","TertiaryAttribute":null,"Payload":{"QuestionText":"Raymond Chandler","DataExportTag":"45","QuestionType":"MC","Selector":"SAHR","SubSelector":"TX","Configuration":{"QuestionDescriptionOption":"UseText","LabelPosition":"SIDE"},"QuestionDescription":"Raymond Chandler","Choices":{"1":{"Display":"Yes"},"2":{"Display":"No"}},"ChoiceOrder":[1,2],"Validation":{"Settings":{"ForceResponse":"ON","ForceResponseType":"ON","Type":"None"}},"Language":[],"QuestionID":"QID66","GradingData":[{"ChoiceID":"1","Grades":{"SC_5o0bt8t78cwRItT":"1","SC_bxfiu9cyK8xweHj":"1"},"index":0},{"ChoiceID":"2","Grades":{"SC_eWf9Zugxjy0l3Vj":"1","SC_bxfiu9cyK8xweHj":"-1"},"index":1}]}},{"SurveyID":"SV_262WKpB2ZNxVkHz","Element":"SQ","PrimaryAttribute":"QID35","SecondaryAttribute":"Robert Ludlum ","TertiaryAttribute":null,"Payload":{"QuestionText":"Robert Ludlum&nbsp;","DataExportTag":"16","QuestionType":"MC","Selector":"SAHR","SubSelector":"TX","Configuration":{"QuestionDescriptionOption":"UseText","LabelPosition":"SIDE"},"QuestionDescription":"Robert Ludlum ","Choices":{"1":{"Display":"Yes"},"2":{"Display":"No"}},"ChoiceOrder":[1,2],"Validation":{"Settings":{"ForceResponse":"ON","ForceResponseType":"ON","Type":"None"}},"Language":[],"QuestionID":"QID35","GradingData":[{"ChoiceID":"1","Grades":{"SC_5o0bt8t78cwRItT":"1","SC_bxfiu9cyK8xweHj":"1"},"index":0},{"ChoiceID":"2","Grades":{"SC_eWf9Zugxjy0l3Vj":"1","SC_bxfiu9cyK8xweHj":"-1"},"index":1}]}},{"SurveyID":"SV_262WKpB2ZNxVkHz","Element":"SQ","PrimaryAttribute":"QID70","SecondaryAttribute":"S.L. Holloway","TertiaryAttribute":null,"Payload":{"QuestionText":"S.L. Holloway","DataExportTag":"48","QuestionType":"MC","Selector":"SAHR","SubSelector":"TX","Configuration":{"QuestionDescriptionOption":"UseText","LabelPosition":"SIDE"},"QuestionDescription":"S.L. Holloway","Choices":{"1":{"Display":"Yes"},"2":{"Display":"No"}},"ChoiceOrder":[1,2],"Validation":{"Settings":{"ForceResponse":"ON","ForceResponseType":"ON","Type":"None"}},"Language":[],"QuestionID":"QID70","GradingData":[{"ChoiceID":"2","Grades":{"SC_5o0bt8t78cwRItT":"1","SC_bxfiu9cyK8xweHj":"1"},"index":0},{"ChoiceID":"1","Grades":{"SC_eWf9Zugxjy0l3Vj":"1","SC_bxfiu9cyK8xweHj":"-1"},"index":1}]}},{"SurveyID":"SV_262WKpB2ZNxVkHz","Element":"SQ","PrimaryAttribute":"QID23","SecondaryAttribute":"Scott Alexander","TertiaryAttribute":null,"Payload":{"QuestionText":"Scott Alexander","DataExportTag":"4","QuestionType":"MC","Selector":"SAHR","SubSelector":"TX","Configuration":{"QuestionDescriptionOption":"UseText","LabelPosition":"SIDE"},"QuestionDescription":"Scott Alexander","Choices":{"1":{"Display":"Yes"},"2":{"Display":"No"}},"ChoiceOrder":[1,2],"Validation":{"Settings":{"ForceResponse":"ON","ForceResponseType":"ON","Type":"None"}},"Language":[],"QuestionID":"QID23","GradingData":[{"ChoiceID":"2","Grades":{"SC_5o0bt8t78cwRItT":"1","SC_bxfiu9cyK8xweHj":"1"},"index":0},{"ChoiceID":"1","Grades":{"SC_eWf9Zugxjy0l3Vj":"1","SC_bxfiu9cyK8xweHj":"-1"},"index":1}]}},{"SurveyID":"SV_262WKpB2ZNxVkHz","Element":"SQ","PrimaryAttribute":"QID48","SecondaryAttribute":"Seamus Huneven ","TertiaryAttribute":null,"Payload":{"QuestionText":"Seamus Huneven&nbsp;","DataExportTag":"28","QuestionType":"MC","Selector":"SAHR","SubSelector":"TX","Configuration":{"QuestionDescriptionOption":"UseText","LabelPosition":"SIDE"},"QuestionDescription":"Seamus Huneven ","Choices":{"1":{"Display":"Yes"},"2":{"Display":"No"}},"ChoiceOrder":[1,2],"Validation":{"Settings":{"ForceResponse":"ON","ForceResponseType":"ON","Type":"None"}},"Language":[],"QuestionID":"QID48","GradingData":[{"ChoiceID":"2","Grades":{"SC_5o0bt8t78cwRItT":"1","SC_bxfiu9cyK8xweHj":"1"},"index":0},{"ChoiceID":"1","Grades":{"SC_eWf9Zugxjy0l3Vj":"1","SC_bxfiu9cyK8xweHj":"-1"},"index":1}]}},{"SurveyID":"SV_262WKpB2ZNxVkHz","Element":"SQ","PrimaryAttribute":"QID97","SecondaryAttribute":"Sona Credit Number","TertiaryAttribute":null,"Payload":{"QuestionText":"Sona Credit Number","DefaultChoices":false,"DataExportTag":"Q86","QuestionType":"TE","Selector":"SL","Configuration":{"QuestionDescriptionOption":"UseText"},"QuestionDescription":"Sona Credit Number","Validation":{"Settings":{"ForceResponse":"OFF","ForceResponseType":"ON","Type":"None"}},"GradingData":[],"Language":[],"QuestionID":"QID97"}},{"SurveyID":"SV_262WKpB2ZNxVkHz","Element":"SQ","PrimaryAttribute":"QID25","SecondaryAttribute":"Stephen Houston","TertiaryAttribute":null,"Payload":{"QuestionText":"Stephen Houston","DataExportTag":"6","QuestionType":"MC","Selector":"SAHR","SubSelector":"TX","Configuration":{"QuestionDescriptionOption":"UseText","LabelPosition":"SIDE"},"QuestionDescription":"Stephen Houston","Choices":{"1":{"Display":"Yes"},"2":{"Display":"No"}},"ChoiceOrder":[1,2],"Validation":{"Settings":{"ForceResponse":"ON","ForceResponseType":"ON","Type":"None"}},"Language":[],"QuestionID":"QID25","GradingData":[{"ChoiceID":"2","Grades":{"SC_5o0bt8t78cwRItT":"1","SC_bxfiu9cyK8xweHj":"1"},"index":0},{"ChoiceID":"1","Grades":{"SC_eWf9Zugxjy0l3Vj":"1","SC_bxfiu9cyK8xweHj":"-1"},"index":1}]}},{"SurveyID":"SV_262WKpB2ZNxVkHz","Element":"SQ","PrimaryAttribute":"QID28","SecondaryAttribute":"T.C. Boyle","TertiaryAttribute":null,"Payload":{"QuestionText":"T.C. Boyle","DataExportTag":"9","QuestionType":"MC","Selector":"SAHR","SubSelector":"TX","Configuration":{"QuestionDescriptionOption":"UseText","LabelPosition":"SIDE"},"QuestionDescription":"T.C. Boyle","Choices":{"1":{"Display":"Yes"},"2":{"Display":"No"}},"ChoiceOrder":[1,2],"Validation":{"Settings":{"ForceResponse":"ON","ForceResponseType":"ON","Type":"None"}},"Language":[],"QuestionID":"QID28","GradingData":[{"ChoiceID":"1","Grades":{"SC_5o0bt8t78cwRItT":"1","SC_bxfiu9cyK8xweHj":"1"},"index":0},{"ChoiceID":"2","Grades":{"SC_eWf9Zugxjy0l3Vj":"1","SC_bxfiu9cyK8xweHj":"-1"},"index":1}]}},{"SurveyID":"SV_262WKpB2ZNxVkHz","Element":"SQ","PrimaryAttribute":"QID10","SecondaryAttribute":"Ted Mantel","TertiaryAttribute":null,"Payload":{"QuestionText":"Ted Mantel","DataExportTag":"1","QuestionType":"MC","Selector":"SAHR","SubSelector":"TX","Configuration":{"QuestionDescriptionOption":"UseText","LabelPosition":"SIDE"},"QuestionDescription":"Ted Mantel","Choices":{"1":{"Display":"Yes"},"2":{"Display":"No"}},"ChoiceOrder":[1,2],"Validation":{"Settings":{"ForceResponse":"ON","ForceResponseType":"ON","Type":"None"}},"Language":[],"QuestionID":"QID10","GradingData":[{"ChoiceID":"2","Grades":{"SC_5o0bt8t78cwRItT":"1","SC_bxfiu9cyK8xweHj":"1"},"index":0},{"ChoiceID":"1","Grades":{"SC_eWf9Zugxjy0l3Vj":"1","SC_bxfiu9cyK8xweHj":"-1"},"index":1}]}},{"SurveyID":"SV_262WKpB2ZNxVkHz","Element":"SQ","PrimaryAttribute":"QID71","SecondaryAttribute":"Thomas Wolfe","TertiaryAttribute":null,"Payload":{"QuestionText":"Thomas Wolfe","DataExportTag":"49","QuestionType":"MC","Selector":"SAHR","SubSelector":"TX","Configuration":{"QuestionDescriptionOption":"UseText","LabelPosition":"SIDE"},"QuestionDescription":"Thomas Wolfe","Choices":{"1":{"Display":"Yes"},"2":{"Display":"No"}},"ChoiceOrder":[1,2],"Validation":{"Settings":{"ForceResponse":"ON","ForceResponseType":"ON","Type":"None"}},"Language":[],"QuestionID":"QID71","GradingData":[{"ChoiceID":"1","Grades":{"SC_5o0bt8t78cwRItT":"1","SC_bxfiu9cyK8xweHj":"1"},"index":0},{"ChoiceID":"2","Grades":{"SC_eWf9Zugxjy0l3Vj":"1","SC_bxfiu9cyK8xweHj":"-1"},"index":1}]}},{"SurveyID":"SV_262WKpB2ZNxVkHz","Element":"SQ","PrimaryAttribute":"QID4","SecondaryAttribute":"Timing","TertiaryAttribute":null,"Payload":{"QuestionText":"Timing","DefaultChoices":false,"DataExportTag":"Q4","QuestionID":"QID4","QuestionType":"Timing","Selector":"PageTimer","Configuration":{"QuestionDescriptionOption":"UseText","MinSeconds":"0","MaxSeconds":"0"},"QuestionDescription":"Timing","Choices":{"1":{"Display":"First Click"},"2":{"Display":"Last Click"},"3":{"Display":"Page Submit"},"4":{"Display":"Click Count"}},"Validation":"None","GradingData":[],"Language":[]}},{"SurveyID":"SV_262WKpB2ZNxVkHz","Element":"SQ","PrimaryAttribute":"QID6","SecondaryAttribute":"Timing","TertiaryAttribute":null,"Payload":{"QuestionText":"Timing","DefaultChoices":false,"DataExportTag":"","QuestionType":"Timing","Selector":"PageTimer","Configuration":{"QuestionDescriptionOption":"UseText","MinSeconds":"0","MaxSeconds":"0"},"QuestionDescription":"Timing","Choices":{"1":{"Display":"First Click"},"2":{"Display":"Last Click"},"3":{"Display":"Page Submit"},"4":{"Display":"Click Count"}},"GradingData":[],"Language":[],"QuestionID":"QID6"}},{"SurveyID":"SV_262WKpB2ZNxVkHz","Element":"SQ","PrimaryAttribute":"QID8","SecondaryAttribute":"Timing","TertiaryAttribute":null,"Payload":{"QuestionText":"Timing","DefaultChoices":false,"DataExportTag":"Q8","QuestionType":"Timing","Selector":"PageTimer","Configuration":{"QuestionDescriptionOption":"UseText","MinSeconds":"0","MaxSeconds":"0"},"QuestionDescription":"Timing","Choices":{"1":{"Display":"First Click"},"2":{"Display":"Last Click"},"3":{"Display":"Page Submit"},"4":{"Display":"Click Count"}},"GradingData":[],"Language":[],"QuestionID":"QID8"}},{"SurveyID":"SV_262WKpB2ZNxVkHz","Element":"SQ","PrimaryAttribute":"QID31","SecondaryAttribute":"Timing","TertiaryAttribute":null,"Payload":{"QuestionText":"Timing","DefaultChoices":false,"DataExportTag":"","QuestionType":"Timing","Selector":"PageTimer","Configuration":{"QuestionDescriptionOption":"UseText","MinSeconds":"0","MaxSeconds":"0"},"QuestionDescription":"Timing","Choices":{"1":{"Display":"First Click"},"2":{"Display":"Last Click"},"3":{"Display":"Page Submit"},"4":{"Display":"Click Count"}},"GradingData":[],"Language":[],"QuestionID":"QID31"}},{"SurveyID":"SV_262WKpB2ZNxVkHz","Element":"SQ","PrimaryAttribute":"QID43","SecondaryAttribute":"Timing","TertiaryAttribute":null,"Payload":{"QuestionText":"Timing","DefaultChoices":false,"DataExportTag":"","QuestionType":"Timing","Selector":"PageTimer","Configuration":{"QuestionDescriptionOption":"UseText","MinSeconds":"0","MaxSeconds":"0"},"QuestionDescription":"Timing","Choices":{"1":{"Display":"First Click"},"2":{"Display":"Last Click"},"3":{"Display":"Page Submit"},"4":{"Display":"Click Count"}},"GradingData":[],"Language":[],"QuestionID":"QID43"}},{"SurveyID":"SV_262WKpB2ZNxVkHz","Element":"SQ","PrimaryAttribute":"QID55","SecondaryAttribute":"Timing","TertiaryAttribute":null,"Payload":{"QuestionText":"Timing","DefaultChoices":false,"DataExportTag":"","QuestionType":"Timing","Selector":"PageTimer","Configuration":{"QuestionDescriptionOption":"UseText","MinSeconds":"0","MaxSeconds":"0"},"QuestionDescription":"Timing","Choices":{"1":{"Display":"First Click"},"2":{"Display":"Last Click"},"3":{"Display":"Page Submit"},"4":{"Display":"Click Count"}},"GradingData":[],"Language":[],"QuestionID":"QID55"}},{"SurveyID":"SV_262WKpB2ZNxVkHz","Element":"SQ","PrimaryAttribute":"QID67","SecondaryAttribute":"Timing","TertiaryAttribute":null,"Payload":{"QuestionText":"Timing","DefaultChoices":false,"DataExportTag":"","QuestionType":"Timing","Selector":"PageTimer","Configuration":{"QuestionDescriptionOption":"UseText","MinSeconds":"0","MaxSeconds":"0"},"QuestionDescription":"Timing","Choices":{"1":{"Display":"First Click"},"2":{"Display":"Last Click"},"3":{"Display":"Page Submit"},"4":{"Display":"Click Count"}},"GradingData":[],"Language":[],"QuestionID":"QID67"}},{"SurveyID":"SV_262WKpB2ZNxVkHz","Element":"SQ","PrimaryAttribute":"QID79","SecondaryAttribute":"Timing","TertiaryAttribute":null,"Payload":{"QuestionText":"Timing","DefaultChoices":false,"DataExportTag":"","QuestionType":"Timing","Selector":"PageTimer","Configuration":{"QuestionDescriptionOption":"UseText","MinSeconds":"0","MaxSeconds":"0"},"QuestionDescription":"Timing","Choices":{"1":{"Display":"First Click"},"2":{"Display":"Last Click"},"3":{"Display":"Page Submit"},"4":{"Display":"Click Count"}},"GradingData":[],"Language":[],"QuestionID":"QID79"}},{"SurveyID":"SV_262WKpB2ZNxVkHz","Element":"SQ","PrimaryAttribute":"QID93","SecondaryAttribute":"Timing","TertiaryAttribute":null,"Payload":{"QuestionText":"Timing","DefaultChoices":false,"DataExportTag":"","QuestionType":"Timing","Selector":"PageTimer","Configuration":{"QuestionDescriptionOption":"UseText","MinSeconds":"0","MaxSeconds":"0"},"QuestionDescription":"Timing","Choices":{"1":{"Display":"First Click"},"2":{"Display":"Last Click"},"3":{"Display":"Page Submit"},"4":{"Display":"Click Count"}},"GradingData":[],"Language":[],"QuestionID":"QID93"}},{"SurveyID":"SV_262WKpB2ZNxVkHz","Element":"SQ","PrimaryAttribute":"QID94","SecondaryAttribute":"Timing","TertiaryAttribute":null,"Payload":{"QuestionText":"Timing","DefaultChoices":false,"DataExportTag":"","QuestionType":"Timing","Selector":"PageTimer","Configuration":{"QuestionDescriptionOption":"UseText","MinSeconds":"0","MaxSeconds":"0"},"QuestionDescription":"Timing","Choices":{"1":{"Display":"First Click"},"2":{"Display":"Last Click"},"3":{"Display":"Page Submit"},"4":{"Display":"Click Count"}},"GradingData":[],"Language":[],"QuestionID":"QID94"}},{"SurveyID":"SV_262WKpB2ZNxVkHz","Element":"SQ","PrimaryAttribute":"QID95","SecondaryAttribute":"Timing","TertiaryAttribute":null,"Payload":{"QuestionText":"Timing","DefaultChoices":false,"DataExportTag":"","QuestionType":"Timing","Selector":"PageTimer","Configuration":{"QuestionDescriptionOption":"UseText","MinSeconds":"0","MaxSeconds":"0"},"QuestionDescription":"Timing","Choices":{"1":{"Display":"First Click"},"2":{"Display":"Last Click"},"3":{"Display":"Page Submit"},"4":{"Display":"Click Count"}},"GradingData":[],"Language":[],"QuestionID":"QID95"}},{"SurveyID":"SV_262WKpB2ZNxVkHz","Element":"SQ","PrimaryAttribute":"QID96","SecondaryAttribute":"Timing","TertiaryAttribute":null,"Payload":{"QuestionText":"Timing","DefaultChoices":false,"DataExportTag":"","QuestionType":"Timing","Selector":"PageTimer","Configuration":{"QuestionDescriptionOption":"UseText","MinSeconds":"0","MaxSeconds":"0"},"QuestionDescription":"Timing","Choices":{"1":{"Display":"First Click"},"2":{"Display":"Last Click"},"3":{"Display":"Page Submit"},"4":{"Display":"Click Count"}},"GradingData":[],"Language":[],"QuestionID":"QID96"}},{"SurveyID":"SV_262WKpB2ZNxVkHz","Element":"SQ","PrimaryAttribute":"QID63","SecondaryAttribute":"Toni Morrison","TertiaryAttribute":null,"Payload":{"QuestionText":"Toni Morrison","DataExportTag":"42","QuestionType":"MC","Selector":"SAHR","SubSelector":"TX","Configuration":{"QuestionDescriptionOption":"UseText","LabelPosition":"SIDE"},"QuestionDescription":"Toni Morrison","Choices":{"1":{"Display":"Yes"},"2":{"Display":"No"}},"ChoiceOrder":[1,2],"Validation":{"Settings":{"ForceResponse":"ON","ForceResponseType":"ON","Type":"None"}},"Language":[],"QuestionID":"QID63","GradingData":[{"ChoiceID":"1","Grades":{"SC_5o0bt8t78cwRItT":"1","SC_bxfiu9cyK8xweHj":"1"},"index":0},{"ChoiceID":"2","Grades":{"SC_eWf9Zugxjy0l3Vj":"1","SC_bxfiu9cyK8xweHj":"-1"},"index":1}]}},{"SurveyID":"SV_262WKpB2ZNxVkHz","Element":"SQ","PrimaryAttribute":"QID80","SecondaryAttribute":"Tony Hillerman","TertiaryAttribute":null,"Payload":{"QuestionText":"Tony Hillerman","DataExportTag":"57","QuestionType":"MC","Selector":"SAHR","SubSelector":"TX","Configuration":{"QuestionDescriptionOption":"UseText","LabelPosition":"SIDE"},"QuestionDescription":"Tony Hillerman","Choices":{"1":{"Display":"Yes"},"2":{"Display":"No"}},"ChoiceOrder":[1,2],"Validation":{"Settings":{"ForceResponse":"ON","ForceResponseType":"ON","Type":"None"}},"Language":[],"QuestionID":"QID80","GradingData":[{"ChoiceID":"1","Grades":{"SC_5o0bt8t78cwRItT":"1","SC_bxfiu9cyK8xweHj":"1"},"index":0},{"ChoiceID":"2","Grades":{"SC_eWf9Zugxjy0l3Vj":"1","SC_bxfiu9cyK8xweHj":"-1"},"index":1}]}},{"SurveyID":"SV_262WKpB2ZNxVkHz","Element":"SQ","PrimaryAttribute":"QID37","SecondaryAttribute":"Umberto Eco","TertiaryAttribute":null,"Payload":{"QuestionText":"Umberto Eco","DataExportTag":"18","QuestionType":"MC","Selector":"SAHR","SubSelector":"TX","Configuration":{"QuestionDescriptionOption":"UseText","LabelPosition":"SIDE"},"QuestionDescription":"Umberto Eco","Choices":{"1":{"Display":"Yes"},"2":{"Display":"No"}},"ChoiceOrder":[1,2],"Validation":{"Settings":{"ForceResponse":"ON","ForceResponseType":"ON","Type":"None"}},"Language":[],"QuestionID":"QID37","GradingData":[{"ChoiceID":"1","Grades":{"SC_5o0bt8t78cwRItT":"1","SC_bxfiu9cyK8xweHj":"1"},"index":0},{"ChoiceID":"2","Grades":{"SC_eWf9Zugxjy0l3Vj":"1","SC_bxfiu9cyK8xweHj":"-1"},"index":1}]}},{"SurveyID":"SV_262WKpB2ZNxVkHz","Element":"SQ","PrimaryAttribute":"QID75","SecondaryAttribute":"Valerie Cooper","TertiaryAttribute":null,"Payload":{"QuestionText":"Valerie Cooper","DataExportTag":"53","QuestionType":"MC","Selector":"SAHR","SubSelector":"TX","Configuration":{"QuestionDescriptionOption":"UseText","LabelPosition":"SIDE"},"QuestionDescription":"Valerie Cooper","Choices":{"1":{"Display":"Yes"},"2":{"Display":"No"}},"ChoiceOrder":[1,2],"Validation":{"Settings":{"ForceResponse":"ON","ForceResponseType":"ON","Type":"None"}},"Language":[],"QuestionID":"QID75","GradingData":[{"ChoiceID":"2","Grades":{"SC_5o0bt8t78cwRItT":"1","SC_bxfiu9cyK8xweHj":"1"},"index":0},{"ChoiceID":"1","Grades":{"SC_eWf9Zugxjy0l3Vj":"1","SC_bxfiu9cyK8xweHj":"-1"},"index":1}]}},{"SurveyID":"SV_262WKpB2ZNxVkHz","Element":"SQ","PrimaryAttribute":"QID64","SecondaryAttribute":"Vikram Roy","TertiaryAttribute":null,"Payload":{"QuestionText":"Vikram Roy","DataExportTag":"43","QuestionType":"MC","Selector":"SAHR","SubSelector":"TX","Configuration":{"QuestionDescriptionOption":"UseText","LabelPosition":"SIDE"},"QuestionDescription":"Vikram Roy","Choices":{"1":{"Display":"Yes"},"2":{"Display":"No"}},"ChoiceOrder":[1,2],"Validation":{"Settings":{"ForceResponse":"ON","ForceResponseType":"ON","Type":"None"}},"Language":[],"QuestionID":"QID64","GradingData":[{"ChoiceID":"2","Grades":{"SC_5o0bt8t78cwRItT":"1","SC_bxfiu9cyK8xweHj":"1"},"index":0},{"ChoiceID":"1","Grades":{"SC_eWf9Zugxjy0l3Vj":"1","SC_bxfiu9cyK8xweHj":"-1"},"index":1}]}},{"SurveyID":"SV_262WKpB2ZNxVkHz","Element":"SQ","PrimaryAttribute":"QID65","SecondaryAttribute":"Virginia Woolf","TertiaryAttribute":null,"Payload":{"QuestionText":"Virginia Woolf","DataExportTag":"44","QuestionType":"MC","Selector":"SAHR","SubSelector":"TX","Configuration":{"QuestionDescriptionOption":"UseText","LabelPosition":"SIDE"},"QuestionDescription":"Virginia Woolf","Choices":{"1":{"Display":"Yes"},"2":{"Display":"No"}},"ChoiceOrder":[1,2],"Validation":{"Settings":{"ForceResponse":"ON","ForceResponseType":"ON","Type":"None"}},"Language":[],"QuestionID":"QID65","GradingData":[{"ChoiceID":"1","Grades":{"SC_5o0bt8t78cwRItT":"1","SC_bxfiu9cyK8xweHj":"1"},"index":0},{"ChoiceID":"2","Grades":{"SC_eWf9Zugxjy0l3Vj":"1","SC_bxfiu9cyK8xweHj":"-1"},"index":1}]}},{"SurveyID":"SV_262WKpB2ZNxVkHz","Element":"SQ","PrimaryAttribute":"QID84","SecondaryAttribute":"Wally Lamb","TertiaryAttribute":null,"Payload":{"QuestionText":"Wally Lamb","DataExportTag":"61","QuestionType":"MC","Selector":"SAHR","SubSelector":"TX","Configuration":{"QuestionDescriptionOption":"UseText","LabelPosition":"SIDE"},"QuestionDescription":"Wally Lamb","Choices":{"1":{"Display":"Yes"},"2":{"Display":"No"}},"ChoiceOrder":[1,2],"Validation":{"Settings":{"ForceResponse":"ON","ForceResponseType":"ON","Type":"None"}},"Language":[],"QuestionID":"QID84","GradingData":[{"ChoiceID":"1","Grades":{"SC_5o0bt8t78cwRItT":"1","SC_bxfiu9cyK8xweHj":"1"},"index":0},{"ChoiceID":"2","Grades":{"SC_eWf9Zugxjy0l3Vj":"1","SC_bxfiu9cyK8xweHj":"-1"},"index":1}]}},{"SurveyID":"SV_262WKpB2ZNxVkHz","Element":"SQ","PrimaryAttribute":"QID26","SecondaryAttribute":"Walter LeMour","TertiaryAttribute":null,"Payload":{"QuestionText":"Walter LeMour","DataExportTag":"7","QuestionType":"MC","Selector":"SAHR","SubSelector":"TX","Configuration":{"QuestionDescriptionOption":"UseText","LabelPosition":"SIDE"},"QuestionDescription":"Walter LeMour","Choices":{"1":{"Display":"Yes"},"2":{"Display":"No"}},"ChoiceOrder":[1,2],"Validation":{"Settings":{"ForceResponse":"ON","ForceResponseType":"ON","Type":"None"}},"Language":[],"QuestionID":"QID26","GradingData":[{"ChoiceID":"2","Grades":{"SC_5o0bt8t78cwRItT":"1","SC_bxfiu9cyK8xweHj":"1"},"index":0},{"ChoiceID":"1","Grades":{"SC_eWf9Zugxjy0l3Vj":"1","SC_bxfiu9cyK8xweHj":"-1"},"index":1}]}},{"SurveyID":"SV_262WKpB2ZNxVkHz","Element":"SQ","PrimaryAttribute":"QID53","SecondaryAttribute":"Willa Cather","TertiaryAttribute":null,"Payload":{"QuestionText":"Willa Cather","DataExportTag":"33","QuestionType":"MC","Selector":"SAHR","SubSelector":"TX","Configuration":{"QuestionDescriptionOption":"UseText","LabelPosition":"SIDE"},"QuestionDescription":"Willa Cather","Choices":{"1":{"Display":"Yes"},"2":{"Display":"No"}},"ChoiceOrder":[1,2],"Validation":{"Settings":{"ForceResponse":"ON","ForceResponseType":"ON","Type":"None"}},"Language":[],"QuestionID":"QID53","GradingData":[{"ChoiceID":"1","Grades":{"SC_5o0bt8t78cwRItT":"1","SC_bxfiu9cyK8xweHj":"1"},"index":0},{"ChoiceID":"2","Grades":{"SC_eWf9Zugxjy0l3Vj":"1","SC_bxfiu9cyK8xweHj":"-1"},"index":1}]}},{"SurveyID":"SV_262WKpB2ZNxVkHz","Element":"SQ","PrimaryAttribute":"QID58","SecondaryAttribute":"William Faulkner","TertiaryAttribute":null,"Payload":{"QuestionText":"William Faulkner","DataExportTag":"37","QuestionType":"MC","Selector":"SAHR","SubSelector":"TX","Configuration":{"QuestionDescriptionOption":"UseText","LabelPosition":"SIDE"},"QuestionDescription":"William Faulkner","Choices":{"1":{"Display":"Yes"},"2":{"Display":"No"}},"ChoiceOrder":[1,2],"Validation":{"Settings":{"ForceResponse":"ON","ForceResponseType":"ON","Type":"None"}},"Language":[],"QuestionID":"QID58","GradingData":[{"ChoiceID":"1","Grades":{"SC_5o0bt8t78cwRItT":"1","SC_bxfiu9cyK8xweHj":"1"},"index":0},{"ChoiceID":"2","Grades":{"SC_eWf9Zugxjy0l3Vj":"1","SC_bxfiu9cyK8xweHj":"-1"},"index":1}]}}]}