{"SurveyEntry":{"SurveyID":"SV_efn30mOMq38F1Zz","SurveyName":"Demographics1","SurveyDescription":null,"SurveyOwnerID":"UR_bvXerb8NawtTIHj","SurveyBrandID":"uconn","DivisionID":null,"SurveyLanguage":"EN","SurveyActiveResponseSet":"RS_9EreSdS3BdXFvKt","SurveyStatus":"Active","SurveyStartDate":"0000-00-00 00:00:00","SurveyExpirationDate":"0000-00-00 00:00:00","SurveyCreationDate":"2014-09-07 17:56:54","CreatorID":"UR_bvXerb8NawtTIHj","LastModified":"2017-06-28 08:42:21","LastAccessed":"0000-00-00 00:00:00","LastActivated":"2014-09-07 20:11:53","Deleted":null},"SurveyElements":[{"SurveyID":"SV_efn30mOMq38F1Zz","Element":"BL","PrimaryAttribute":"Survey Blocks","SecondaryAttribute":null,"TertiaryAttribute":null,"Payload":[{"Type":"Default","Description":"Default Question Block","ID":"BL_dbU7RIujKPmxhgF","BlockElements":[{"Type":"Question","QuestionID":"QID28"},{"Type":"Question","QuestionID":"QID10"},{"Type":"Question","QuestionID":"QID29"},{"Type":"Question","QuestionID":"QID1"},{"Type":"Question","QuestionID":"QID30"},{"Type":"Page Break"},{"Type":"Question","QuestionID":"QID5"},{"Type":"Question","QuestionID":"QID4"},{"Type":"Page Break"},{"Type":"Question","QuestionID":"QID9"},{"Type":"Question","QuestionID":"QID8"},{"Type":"Question","QuestionID":"QID11"},{"Type":"Page Break"},{"Type":"Question","QuestionID":"QID13"},{"Type":"Question","QuestionID":"QID14"},{"Type":"Question","QuestionID":"QID15"},{"Type":"Question","QuestionID":"QID16"},{"Type":"Question","QuestionID":"QID17"},{"Type":"Page Break"},{"Type":"Question","QuestionID":"QID19"},{"Type":"Question","QuestionID":"QID20"},{"Type":"Question","QuestionID":"QID21"},{"Type":"Question","QuestionID":"QID22"},{"Type":"Question","QuestionID":"QID23"},{"Type":"Question","QuestionID":"QID24"},{"Type":"Question","QuestionID":"QID25"},{"Type":"Question","QuestionID":"QID27"}]},{"Type":"Trash","Description":"Trash \/ Unused Questions","ID":"BL_dbWFXeoOhEhnLJb","BlockElements":[{"Type":"Question","QuestionID":"QID2"}]}]},{"SurveyID":"SV_efn30mOMq38F1Zz","Element":"FL","PrimaryAttribute":"Survey Flow","SecondaryAttribute":null,"TertiaryAttribute":null,"Payload":{"Type":"Root","FlowID":"FL_1","Flow":[{"Type":"Block","ID":"BL_dbU7RIujKPmxhgF","FlowID":"FL_2"},{"Type":"EmbeddedData","FlowID":"FL_3","EmbeddedData":[{"Description":"Date","Type":"Custom","Field":"Date","VariableType":"Nominal","Value":"${q:\/\/QID10\/ChoiceTextEntryValue}"},{"Description":"Participant","Type":"Custom","Field":"Participant","VariableType":"Nominal","Value":"${q:\/\/QID2\/ChoiceTextEntryValue}"},{"Description":"Experiement","Type":"Custom","Field":"Experiement","VariableType":"Nominal","Value":"${q:\/\/QID1\/ChoiceTextEntryValue}"}]}],"Properties":{"Count":3}}},{"SurveyID":"SV_efn30mOMq38F1Zz","Element":"SO","PrimaryAttribute":"Survey Options","SecondaryAttribute":null,"TertiaryAttribute":null,"Payload":{"BackButton":"true","SaveAndContinue":"true","SurveyProtection":"PublicSurvey","BallotBoxStuffingPrevention":"false","NoIndex":"Yes","SurveyExpiration":null,"SurveyTermination":"DefaultMessage","Header":"","Footer":"","ProgressBarDisplay":"NoText","PartialData":"+4 hour","ValidationMessage":null,"PreviousButton":"  <<  ","NextButton":"  >>  ","SkinLibrary":"uconn","SkinType":"MQ","Skin":"ucon2","NewScoring":1,"PreferJFE":true,"libraryId":"","nextButtonMid":"","previousButtonMid":"","headerMid":"","footerMid":"","QuestionsPerPage":"","ExternalCSS":null,"CustomStyles":{"errorStyles":{"selector":".Skin .ValidationError","styles":{"color":null,"backgroundColor":null,"borderColor":null}},"errorStylesBG":{"selector":".Skin .HeaderValidationError, .Skin .HeaderValidationError li a","styles":{"color":null,"backgroundColor":null}},"pageStyles":{"selector":"#SurveyEngineBody","styles":{"backgroundColor":null}},"textStyles":{"selector":".SkinInner","styles":{"fontFamily":null,"fontSize":null,"fontWeight":null,"fontStyle":null,"textDecoration":null,"color":null}},"questionStyles":{"selector":".Skin .QuestionText","styles":{"fontFamily":"times new roman, times, serif","fontSize":"","fontWeight":"normal","fontStyle":"normal","textDecoration":"none","color":null}},"choiceStyles":{"selector":".Skin .horizontalbar th.ylabel, .Skin .Matrix table td, .Skin .Matrix table th, .Skin .Matrix table thead th, .Skin .Matrix table thead td, .Skin .PGR .DragAndDrop .Items label, .Skin .QuestionBody ul.ChoiceStructure, .Skin .PGR .DragAndDrop .Group ul, .Skin .PGR .DragAndDrop .Group h2, .Skin .PGR .DragAndDrop .Items ul, .Skin .PGR .DragAndDrop .Items h2, .Skin .DD .QuestionBody table.ChoiceStructure, .Skin .PGR .DragAndDrop .NoColumns td.groupsContainerTd div ul, .Skin .PGR .DragAndDrop .NoColumns td.groupsContainerTd div h2, .Skin .SBS thead th, .Skin .SBS td, .Skin .SBS .Answers td, .Skin .SBS .Answers th, .SBS table.ChoiceStructure, .Skin .horizontalbar thead table.LabelDescriptions tr td, .Skin .horizontalbar thead tr td.NotApplicable, .QuestionBody th, .Skin .QuestionBody .MC .MAVR label, .Skin .QuestionBody .MC .SAVR label, .Skin .SBS thead th, .Skin .SBS td, .Skin .RO .DND ul li, .Skin .reg, .SkinInner .ChoiceStructure, .Skin thead, .Skin .GAP .ChoiceStructure thead th, .Skin .GAP .ChoiceStructure .c4, .Skin .GAP .ChoiceStructure th, .Skin .GAP .ChoiceStructure .WhyText, .SkinInner .ChoiceStructure .LightBG, .Skin .QuestionOuter.Highlight .Inner .reg, .Skin .QuestionOuter.Highlight .Inner .alt, .Skin .QuestionOuter.Highlight .Inner .ReadableAlt       ","styles":{"fontFamily":"times new roman, times, serif","fontSize":"","fontWeight":"normal","fontStyle":"normal","textDecoration":"none","color":null}},"headerStyles":{"selector":".Skin div#Header","styles":{"color":null}},"footerStyles":{"selector":".Skin #Footer","styles":{"color":null}},"questionSeparatorStyles":{"selector":".Skin .Separator","styles":{"backgroundColor":null,"display":null}},"highlightStyles":{"selector":".Skin .QuestionOuter.Highlight .Inner, .Skin .QuestionOuter.Highlight .Inner .reg, .Skin .QuestionOuter.Highlight .Inner .alt, .Skin .QuestionOuter.Highlight .Inner .ReadableAlt","styles":{"backgroundColor":null}},"highlightStylesAlt":{"selector":".Skin .QuestionOuter.Highlight .Inner .ReadableAlt, .Skin .QuestionOuter.Highlight .Inner .LightBG","styles":{"backgroundColor":null}},"textEntryStyles":{"selector":".Skin select, .Skin .InputText","styles":{"color":null}},"borderStyles":{"selector":".Skin .CS .horizontalbar table.sliderGrid tr.xlabel th, .Skin .CS .horizontalbar .ylabel, .Skin .CS .horizontalbar table.sliderGrid tr td.value, .Skin .Slider .horizontalbar table.sliderGrid tr.xlabel th, .Skin .BorderColor, .Skin .DarkBorderColor, .Skin .Slider .horizontalbar table.sliderGrid tr td.value, .Skin thead, .Skin .GAP .ChoiceStructure thead th  ","styles":{"borderColor":null}},"altRowStyles":{"selector":".Skin .ReadableAlt, .Skin .LightBG","styles":{"backgroundColor":null}},"customCSS":null},"HighlightQuestions":"off","EOSMessage":"","ShowExportTags":"false","CollectGeoLocation":"false","SurveyTitle":"Online Survey Software | Qualtrics Survey Solutions","SurveyMetaDescription":"Qualtrics sophisticated online survey software solutions make creating online surveys easy. Learn more about Research Suite and get a free account today.","PasswordProtection":"No","AnonymizeResponse":"No","Password":"","RefererCheck":"No","RefererURL":"http:\/\/","EOSMessageLibrary":"","EOSRedirectURL":"http:\/\/","EmailThankYou":"false","ThankYouEmailMessageLibrary":null,"ThankYouEmailMessage":null,"ValidateMessage":"false","ValidationMessageLibrary":null,"InactiveSurvey":"DefaultMessage","InactiveMessageLibrary":"","InactiveMessage":"","AvailableLanguages":{"EN":[]},"ProtectSelectionIds":true}},{"SurveyID":"SV_efn30mOMq38F1Zz","Element":"SCO","PrimaryAttribute":"Scoring","SecondaryAttribute":null,"TertiaryAttribute":null,"Payload":{"ScoringCategories":[],"ScoringCategoryGroups":[],"ScoringSummaryCategory":null,"ScoringSummaryAfterQuestions":0,"ScoringSummaryAfterSurvey":0,"DefaultScoringCategory":null,"AutoScoringCategory":null}},{"SurveyID":"SV_efn30mOMq38F1Zz","Element":"STAT","PrimaryAttribute":"Survey Statistics","SecondaryAttribute":null,"TertiaryAttribute":null,"Payload":{"MobileCompatible":true,"ID":"Survey Statistics"}},{"SurveyID":"SV_efn30mOMq38F1Zz","Element":"SURL","PrimaryAttribute":"Shortened Survey Url","SecondaryAttribute":null,"TertiaryAttribute":null,"Payload":"https:\/\/ql.tc\/iV2dU1"},{"SurveyID":"SV_efn30mOMq38F1Zz","Element":"SQ","PrimaryAttribute":"QID14","SecondaryAttribute":"1.\u00a0\n How many hours per week do you read for pleasure\u00a0 (in\n addition to school assignments)?\u00a0...","TertiaryAttribute":null,"Payload":{"QuestionText":"<p><span style=\"font-family:&quot;Times New Roman&quot;\">1.&nbsp; How many hours per week do you read for\npleasure&nbsp; (in addition to school\nassignments)?&nbsp;<\/span><\/p><p><span style=\"font-family:&quot;Times New Roman&quot;\"><br><\/span><\/p><p><span style=\"font-family:&quot;Times New Roman&quot;\">Check your response below:<o:p><\/o:p><\/span><\/p>","DefaultChoices":false,"DataExportTag":"Q14","QuestionType":"MC","Selector":"SAHR","SubSelector":"TX","Configuration":{"QuestionDescriptionOption":"UseText","LabelPosition":"BELOW"},"QuestionDescription":"1.\u00a0\n How many hours per week do you read for pleasure\u00a0 (in\n addition to school assignments)?\u00a0...","Choices":{"1":{"Display":"Not at all (I only read for school)"},"2":{"Display":"1-3 hours"},"3":{"Display":"4-6 hours"},"4":{"Display":"> 6 hours"}},"ChoiceOrder":[1,2,3,4],"Validation":{"Settings":{"ForceResponse":"OFF","ForceResponseType":"ON","Type":"None"}},"GradingData":[],"Language":[],"QuestionID":"QID14"}},{"SurveyID":"SV_efn30mOMq38F1Zz","Element":"SQ","PrimaryAttribute":"QID15","SecondaryAttribute":"2.\u00a0 Were you born and raised in the United States?","TertiaryAttribute":null,"Payload":{"QuestionText":"<span style=\"font-size:12.0pt;mso-bidi-font-size:10.0pt;\nfont-family:&quot;Times New Roman&quot;;mso-fareast-font-family:Times;mso-ansi-language:\nEN-US;mso-fareast-language:EN-US;mso-bidi-language:AR-SA\">2.&nbsp; Were you born and raised in the United\nStates?<\/span>","DefaultChoices":false,"DataExportTag":"Q15","QuestionType":"MC","Selector":"SAHR","SubSelector":"TX","Configuration":{"QuestionDescriptionOption":"UseText","LabelPosition":"BELOW"},"QuestionDescription":"2.\u00a0 Were you born and raised in the United States?","Choices":{"1":{"Display":"Yes"},"2":{"Display":"No"}},"ChoiceOrder":[1,2],"Validation":{"Settings":{"ForceResponse":"OFF","ForceResponseType":"ON","Type":"None"}},"GradingData":[],"Language":[],"QuestionID":"QID15"}},{"SurveyID":"SV_efn30mOMq38F1Zz","Element":"SQ","PrimaryAttribute":"QID16","SecondaryAttribute":"3. What is the first language you learned to speak fluently?","TertiaryAttribute":null,"Payload":{"QuestionText":"<span style=\"font-size:12.0pt;mso-bidi-font-size:10.0pt;\nfont-family:&quot;Times New Roman&quot;;mso-fareast-font-family:Times;mso-ansi-language:\nEN-US;mso-fareast-language:EN-US;mso-bidi-language:AR-SA\">3. What is the first\nlanguage you learned to speak fluently?<\/span>","DefaultChoices":false,"DataExportTag":"Q16","QuestionType":"TE","Selector":"SL","Configuration":{"QuestionDescriptionOption":"UseText"},"QuestionDescription":"3. What is the first language you learned to speak fluently?","Validation":{"Settings":{"ForceResponse":"OFF","ForceResponseType":"ON","Type":"None"}},"GradingData":[],"Language":[],"QuestionID":"QID16"}},{"SurveyID":"SV_efn30mOMq38F1Zz","Element":"QC","PrimaryAttribute":"Survey Question Count","SecondaryAttribute":"30","TertiaryAttribute":null,"Payload":null},{"SurveyID":"SV_efn30mOMq38F1Zz","Element":"SQ","PrimaryAttribute":"QID17","SecondaryAttribute":"4.\u00a0 Was any language other than English regularly spoken in\nyour home while you were growing up?\u00a0.","TertiaryAttribute":null,"Payload":{"QuestionText":"<span style=\"font-size:12.0pt;mso-bidi-font-size:10.0pt;\nfont-family:&quot;Times New Roman&quot;;mso-fareast-font-family:Times;mso-ansi-language:\nEN-US;mso-fareast-language:EN-US;mso-bidi-language:AR-SA\">4.&nbsp; Was any language other than English regularly\nspoken in your home while you were growing up?&nbsp;\nIf so, which one(s)?<\/span>","DefaultChoices":false,"DataExportTag":"Q17","QuestionType":"TE","Selector":"SL","Configuration":{"QuestionDescriptionOption":"UseText"},"QuestionDescription":"4.\u00a0 Was any language other than English regularly spoken in\nyour home while you were growing up?\u00a0...","Validation":{"Settings":{"ForceResponse":"OFF","ForceResponseType":"ON","Type":"None"}},"GradingData":[],"Language":[],"QuestionID":"QID17"}},{"SurveyID":"SV_efn30mOMq38F1Zz","Element":"SQ","PrimaryAttribute":"QID19","SecondaryAttribute":"6.\u00a0\n Which languages (other than English) have you learned through\n school instruction or due to...","TertiaryAttribute":null,"Payload":{"QuestionText":"<p><span style=\"font-family:&quot;Times New Roman&quot;\">6.&nbsp; Which languages (other than English) have you\nlearned through school instruction or due to hearing and using it while\nimmersed in a social environment (ENV) where it was spoken?<u><o:p><\/o:p><\/u><\/span><\/p>","DefaultChoices":false,"DataExportTag":"Q19","QuestionType":"DB","Selector":"TB","Configuration":{"QuestionDescriptionOption":"UseText"},"QuestionDescription":"6.\u00a0\n Which languages (other than English) have you learned through\n school instruction or due to...","ChoiceOrder":[],"Validation":{"Settings":{"Type":"None"}},"GradingData":[],"Language":[],"QuestionID":"QID19"}},{"SurveyID":"SV_efn30mOMq38F1Zz","Element":"SQ","PrimaryAttribute":"QID27","SecondaryAttribute":"7.\u00a0\n Are you currently taking a course in a foreign language? If so,\n which one(s)?","TertiaryAttribute":null,"Payload":{"QuestionText":"<p><span style=\"font-family:&quot;Times New Roman&quot;\">7.&nbsp;\nAre you currently taking a course in a foreign language? If so, which\none(s)?<o:p><\/o:p><\/span><\/p>","DefaultChoices":false,"DataExportTag":"Q27","QuestionType":"TE","Selector":"SL","Configuration":{"QuestionDescriptionOption":"UseText"},"QuestionDescription":"7.\u00a0\n Are you currently taking a course in a foreign language? If so,\n which one(s)?","Validation":{"Settings":{"ForceResponse":"OFF","ForceResponseType":"ON","Type":"None"}},"GradingData":[],"Language":[],"QuestionID":"QID27"}},{"SurveyID":"SV_efn30mOMq38F1Zz","Element":"SQ","PrimaryAttribute":"QID13","SecondaryAttribute":"\u00a0\n\n Language\n background\u00a0","TertiaryAttribute":null,"Payload":{"QuestionText":"<p><strong><span style=\"font-family:&quot;Times New Roman&quot;\">&nbsp;<\/span><\/strong><\/p>\n\n<p><strong><em><u><span style=\"font-family:Arial\">Language background&nbsp;<o:p><\/o:p><\/span><\/u><\/em><\/strong><\/p>","DefaultChoices":false,"DataExportTag":"Q13","QuestionType":"DB","Selector":"TB","Configuration":{"QuestionDescriptionOption":"UseText"},"QuestionDescription":"\u00a0\n\n Language\n background\u00a0","ChoiceOrder":[],"Validation":{"Settings":{"Type":"None"}},"GradingData":[],"Language":[],"QuestionID":"QID13"}},{"SurveyID":"SV_efn30mOMq38F1Zz","Element":"SQ","PrimaryAttribute":"QID10","SecondaryAttribute":"Date\u00a0","TertiaryAttribute":null,"Payload":{"QuestionText":"<b>Date&nbsp;<\/b>","DefaultChoices":false,"DataExportTag":"Q10","QuestionType":"TE","Selector":"SL","Configuration":{"QuestionDescriptionOption":"UseText"},"QuestionDescription":"Date\u00a0","Validation":{"Settings":{"ForceResponse":"OFF","ForceResponseType":"ON","Type":"None"}},"GradingData":[],"Language":[],"QuestionID":"QID10"}},{"SurveyID":"SV_efn30mOMq38F1Zz","Element":"RS","PrimaryAttribute":"RS_9EreSdS3BdXFvKt","SecondaryAttribute":"Default Response Set","TertiaryAttribute":null,"Payload":null},{"SurveyID":"SV_efn30mOMq38F1Zz","Element":"SQ","PrimaryAttribute":"QID5","SecondaryAttribute":"Demographics Information","TertiaryAttribute":null,"Payload":{"QuestionText":"<b><i>Demographics Information<\/i><\/b>","DefaultChoices":false,"DataExportTag":"Q5","QuestionType":"DB","Selector":"TB","Configuration":{"QuestionDescriptionOption":"UseText"},"QuestionDescription":"Demographics Information","ChoiceOrder":[],"Validation":{"Settings":{"Type":"None"}},"GradingData":[],"Language":[],"QuestionID":"QID5"}},{"SurveyID":"SV_efn30mOMq38F1Zz","Element":"SQ","PrimaryAttribute":"QID28","SecondaryAttribute":"DEMOGRAPHICS\u00a0","TertiaryAttribute":null,"Payload":{"QuestionText":"<b>DEMOGRAPHICS&nbsp;<\/b>","DefaultChoices":false,"DataExportTag":"Q22","QuestionType":"DB","Selector":"TB","Configuration":{"QuestionDescriptionOption":"UseText"},"QuestionDescription":"DEMOGRAPHICS\u00a0","ChoiceOrder":[],"Validation":{"Settings":{"Type":"None"}},"GradingData":[],"Language":[],"QuestionID":"QID28"}},{"SurveyID":"SV_efn30mOMq38F1Zz","Element":"SQ","PrimaryAttribute":"QID8","SecondaryAttribute":"Ethnicity:\n\n \n Do you consider yourself to be Hispanic or Latino? (See\n definition below.) Please...","TertiaryAttribute":null,"Payload":{"QuestionText":"<p><strong><u><span style=\"font-family:Arial;mso-bidi-font-family:&quot;Times New Roman&quot;\">Ethnicity: <o:p><\/o:p><\/span><\/u><\/strong><\/p>\n\n<p><strong><span style=\"font-family:Arial;mso-bidi-font-family:&quot;Times New Roman&quot;\">Do you\nconsider yourself to be Hispanic or Latino? (See definition below.) Please\nselect one.<o:p><\/o:p><\/span><\/strong><\/p><p>\n\n\n\n\n\n\n\n\n\n\n\n\n\n\n\n\n\n\n<\/p><p><strong><em><span style=\"font-size:10.0pt;\nfont-family:Arial;mso-bidi-font-family:&quot;Times New Roman&quot;\"><br><\/span><\/em><\/strong><\/p><p><strong><em><span style=\"font-size:10.0pt;\nfont-family:Arial;mso-bidi-font-family:&quot;Times New Roman&quot;\">*Hispanic or Latino:<\/span><\/em><\/strong><em><span style=\"font-size:10.0pt;font-family:\nArial;mso-bidi-font-family:&quot;Times New Roman&quot;\"> A person of Mexican, Puerto\nRican, Cuban, South or Central American, or other Spanish culture or origin,\nregardless of race.<o:p><\/o:p><\/span><\/em><\/p>","DataExportTag":"Q8","QuestionType":"MC","Selector":"SAVR","SubSelector":"TX","Configuration":{"QuestionDescriptionOption":"UseText"},"QuestionDescription":"Ethnicity:\n\n \n Do you consider yourself to be Hispanic or Latino? (See\n definition below.) Please...","Choices":{"1":{"Display":"Hispanic or Latino"},"2":{"Display":"Not Hispanic or Latino"},"3":{"Display":"Unknown\/No Report"}},"ChoiceOrder":[1,2,3],"Validation":{"Settings":{"ForceResponse":"ON","ForceResponseType":"ON","Type":"None"}},"Language":[],"QuestionID":"QID8"}},{"SurveyID":"SV_efn30mOMq38F1Zz","Element":"SQ","PrimaryAttribute":"QID1","SecondaryAttribute":"Experiment","TertiaryAttribute":null,"Payload":{"QuestionText":"<b>Experiment<\/b>","DefaultChoices":false,"DataExportTag":"Q1","QuestionID":"QID1","QuestionType":"MC","Selector":"SAVR","SubSelector":"TX","Configuration":{"QuestionDescriptionOption":"UseText"},"QuestionDescription":"Experiment","Choices":{"1":{"Display":"Morphology2"},"2":{"Display":"Category"},"3":{"Display":"Artificial Language"},"4":{"Display":"Other","TextEntry":"true"},"5":{"Display":"DOL"},"7":{"Display":"VSL2"},"13":{"Display":"VSL3"},"20":{"Display":"Learning 2017"},"28":{"Display":"MorphERP"}},"ChoiceOrder":["20","13","7","1","2","3","5","28","4"],"Validation":{"Settings":{"ForceResponse":"OFF","ForceResponseType":"ON","Type":"None"}},"GradingData":[],"Language":[]}},{"SurveyID":"SV_efn30mOMq38F1Zz","Element":"SQ","PrimaryAttribute":"QID21","SecondaryAttribute":"Exposure for Language 1:","TertiaryAttribute":null,"Payload":{"QuestionText":"Exposure for Language 1:","DefaultChoices":false,"DataExportTag":"Q21","QuestionType":"MC","Selector":"MAHR","SubSelector":"TX","Configuration":{"QuestionDescriptionOption":"UseText","LabelPosition":"SIDE"},"QuestionDescription":"Exposure for Language 1:","Choices":{"1":{"Display":"School"},"2":{"Display":"Environment"}},"ChoiceOrder":[1,2],"Validation":{"Settings":{"ForceResponse":"OFF","ForceResponseType":"ON","Type":"None"}},"GradingData":[],"Language":[],"QuestionID":"QID21"}},{"SurveyID":"SV_efn30mOMq38F1Zz","Element":"SQ","PrimaryAttribute":"QID23","SecondaryAttribute":"Exposure for Language 2:","TertiaryAttribute":null,"Payload":{"QuestionText":"Exposure for Language 2:","DefaultChoices":false,"DataExportTag":"Q23","QuestionType":"MC","Selector":"MAHR","SubSelector":"TX","Configuration":{"QuestionDescriptionOption":"UseText","LabelPosition":"SIDE"},"QuestionDescription":"Exposure for Language 2:","Choices":{"1":{"Display":"School"},"2":{"Display":"Environment"}},"ChoiceOrder":[1,2],"Validation":{"Settings":{"ForceResponse":"OFF","ForceResponseType":"ON","Type":"None"}},"GradingData":[],"Language":[],"QuestionID":"QID23"}},{"SurveyID":"SV_efn30mOMq38F1Zz","Element":"SQ","PrimaryAttribute":"QID25","SecondaryAttribute":"Exposure for Language 3:","TertiaryAttribute":null,"Payload":{"QuestionText":"Exposure for Language 3:","DefaultChoices":false,"DataExportTag":"Q25","QuestionType":"MC","Selector":"MAHR","SubSelector":"TX","Configuration":{"QuestionDescriptionOption":"UseText","LabelPosition":"SIDE"},"QuestionDescription":"Exposure for Language 3:","Choices":{"1":{"Display":"School"},"2":{"Display":"Environment"}},"ChoiceOrder":[1,2],"Validation":{"Settings":{"ForceResponse":"OFF","ForceResponseType":"ON","Type":"None"}},"GradingData":[],"Language":[],"QuestionID":"QID25"}},{"SurveyID":"SV_efn30mOMq38F1Zz","Element":"SQ","PrimaryAttribute":"QID4","SecondaryAttribute":"Federal funding agencies require that studies maintain records of\nthe gender, race, and ethnicity...","TertiaryAttribute":null,"Payload":{"QuestionText":"<span style=\"font-size:11.0pt;mso-bidi-font-size:10.0pt;\nfont-family:Arial;mso-fareast-font-family:Times;mso-bidi-font-family:&quot;Times New Roman&quot;;\nmso-ansi-language:EN-US;mso-fareast-language:EN-US;mso-bidi-language:AR-SA\">Federal\nfunding agencies require that studies maintain records of the gender, race, and\nethnicity of all participants.&nbsp;Please\nfill out the information below<\/span>\n\n<div><br>\n\n\n\n\n\n<div>\n\n<p><font face=\"Times\" size=\"3\">*<\/font>All\nanalyses conducted with this information will report aggregate statistical\nfindings only, and will not identify individuals.&nbsp; If you decline to provide this information,\nit will in no way affect your status as a participant in this study.&nbsp; Your cooperation is appreciated.<\/p><p><o:p><\/o:p><\/p>\n\n<\/div>\n\n<\/div>","DefaultChoices":false,"DataExportTag":"Q4","QuestionID":"QID4","QuestionType":"DB","Selector":"TB","Configuration":{"QuestionDescriptionOption":"UseText"},"QuestionDescription":"Federal funding agencies require that studies maintain records of\nthe gender, race, and ethnicity...","ChoiceOrder":[],"Validation":{"Settings":{"Type":"None"}},"GradingData":[],"Language":[]}},{"SurveyID":"SV_efn30mOMq38F1Zz","Element":"SQ","PrimaryAttribute":"QID20","SecondaryAttribute":"Language 1:","TertiaryAttribute":null,"Payload":{"QuestionText":"Language 1:","DefaultChoices":false,"DataExportTag":"Q20","QuestionType":"TE","Selector":"SL","Configuration":{"QuestionDescriptionOption":"UseText"},"QuestionDescription":"Language 1:","Validation":{"Settings":{"ForceResponse":"OFF","ForceResponseType":"ON","Type":"None"}},"GradingData":[],"Language":[],"QuestionID":"QID20"}},{"SurveyID":"SV_efn30mOMq38F1Zz","Element":"SQ","PrimaryAttribute":"QID22","SecondaryAttribute":"Language 2:","TertiaryAttribute":null,"Payload":{"QuestionText":"Language 2:","DefaultChoices":false,"DataExportTag":"Q22","QuestionType":"TE","Selector":"SL","Configuration":{"QuestionDescriptionOption":"UseText"},"QuestionDescription":"Language 2:","Validation":{"Settings":{"ForceResponse":"OFF","ForceResponseType":"ON","Type":"None"}},"GradingData":[],"Language":[],"QuestionID":"QID22"}},{"SurveyID":"SV_efn30mOMq38F1Zz","Element":"SQ","PrimaryAttribute":"QID24","SecondaryAttribute":"Language 3:","TertiaryAttribute":null,"Payload":{"QuestionText":"Language 3:","DefaultChoices":false,"DataExportTag":"Q24","QuestionType":"TE","Selector":"SL","Configuration":{"QuestionDescriptionOption":"UseText"},"QuestionDescription":"Language 3:","Validation":{"Settings":{"ForceResponse":"OFF","ForceResponseType":"ON","Type":"None"}},"GradingData":[],"Language":[],"QuestionID":"QID24"}},{"SurveyID":"SV_efn30mOMq38F1Zz","Element":"SQ","PrimaryAttribute":"QID2","SecondaryAttribute":"Participant Number","TertiaryAttribute":null,"Payload":{"QuestionText":"<b>Participant Number<\/b>","DefaultChoices":false,"DataExportTag":"Q2","QuestionType":"TE","Selector":"SL","Configuration":{"QuestionDescriptionOption":"UseText"},"QuestionDescription":"Participant Number","Validation":{"Settings":{"ForceResponse":"OFF","ForceResponseType":"ON","Type":"None"}},"GradingData":[],"Language":[],"QuestionID":"QID2"}},{"SurveyID":"SV_efn30mOMq38F1Zz","Element":"SQ","PrimaryAttribute":"QID29","SecondaryAttribute":"Participant Number","TertiaryAttribute":null,"Payload":{"QuestionText":"<b>Participant Number<\/b>","DefaultChoices":false,"DataExportTag":"Q23","QuestionType":"TE","Selector":"SL","Configuration":{"QuestionDescriptionOption":"UseText"},"QuestionDescription":"Participant Number","Validation":{"Settings":{"ForceResponse":"OFF","ForceResponseType":"ON","Type":"None"}},"GradingData":[],"Language":[],"QuestionID":"QID29"}},{"SurveyID":"SV_efn30mOMq38F1Zz","Element":"SQ","PrimaryAttribute":"QID11","SecondaryAttribute":"Race:\n\n \n What race do you consider yourself to be?\u00a0 Please select all\n that apply:","TertiaryAttribute":null,"Payload":{"QuestionText":"<p><strong><u><span style=\"font-family:Arial;mso-bidi-font-family:&quot;Times New Roman&quot;\">Race:<o:p><\/o:p><\/span><\/u><\/strong><\/p>\n\n<p><strong><span style=\"font-family:Arial;mso-bidi-font-family:&quot;Times New Roman&quot;\">What race do\nyou consider yourself to be?&nbsp; Please\nselect all that apply:<o:p><\/o:p><\/span><\/strong><\/p>","DataExportTag":"Q11","QuestionType":"MC","Selector":"MAVR","SubSelector":"TX","Configuration":{"QuestionDescriptionOption":"UseText"},"QuestionDescription":"Race:\n\n \n What race do you consider yourself to be?\u00a0 Please select all\n that apply:","Choices":{"1":{"Display":"*American Indian or Alaska Native* : A person having origins in any of the original peoples of North, Central, or South America, and who maintains tribal affiliation or community attachment."},"2":{"Display":"*Asian* : A person having origins in any of the original peoples of the Far East, Southeast Asia, or the Indian subcontinent."},"3":{"Display":"*Native Hawaiian or Other Pacific Islander* : A person having origins in any of the original peoples of Hawaii, Guam, Samoa, or other Pacific Islands."},"4":{"Display":"*Black or African American* : A person having origins in any of the black racial groups of Africa."},"5":{"Display":"*White* : A person having origins in any of the original peoples of Europe, the Middle East, or North Africa"},"6":{"Display":"Check here if you do not wish to provide this information."}},"ChoiceOrder":[1,2,3,4,5,6],"Validation":{"Settings":{"ForceResponse":"ON","ForceResponseType":"ON","Type":"MinChoices","MinChoices":"1"}},"Language":[],"QuestionID":"QID11"}},{"SurveyID":"SV_efn30mOMq38F1Zz","Element":"SQ","PrimaryAttribute":"QID9","SecondaryAttribute":"Sex\/Gender: \nPlease select one of the following:\n\u00a0 \u00a0\u00a0","TertiaryAttribute":null,"Payload":{"QuestionText":"<i><u><span style=\"font-size:12.0pt;mso-bidi-font-size:10.0pt;font-family:\nArial;mso-bidi-font-family:&quot;Times New Roman&quot;\"><b>Sex\/Gender:<\/b><\/span><\/u><span style=\"font-size:12.0pt;mso-bidi-font-size:10.0pt;font-family:Arial;mso-bidi-font-family:\n&quot;Times New Roman&quot;\"> Please select one of the following<\/span><\/i><span style=\"font-size:12.0pt;mso-bidi-font-size:10.0pt;font-family:Arial;mso-bidi-font-family:\n&quot;Times New Roman&quot;;font-weight:normal\"><i>: &nbsp; <\/i>&nbsp;&nbsp;<\/span>","DataExportTag":"Q9","QuestionType":"MC","Selector":"SAHR","SubSelector":"TX","Configuration":{"QuestionDescriptionOption":"UseText","LabelPosition":"BELOW"},"QuestionDescription":"Sex\/Gender: \nPlease select one of the following:\n\u00a0 \u00a0\u00a0","Choices":{"1":{"Display":"Male"},"2":{"Display":"Female"},"3":{"Display":"No Report"}},"ChoiceOrder":[1,2,3],"Validation":{"Settings":{"ForceResponse":"ON","ForceResponseType":"ON","Type":"None"}},"Language":[],"QuestionID":"QID9"}},{"SurveyID":"SV_efn30mOMq38F1Zz","Element":"SQ","PrimaryAttribute":"QID30","SecondaryAttribute":"Sona Credit Number","TertiaryAttribute":null,"Payload":{"QuestionText":"Sona Credit Number","DefaultChoices":false,"DataExportTag":"Q24","QuestionType":"TE","Selector":"SL","Configuration":{"QuestionDescriptionOption":"UseText"},"QuestionDescription":"Sona Credit Number","Validation":{"Settings":{"ForceResponse":"OFF","ForceResponseType":"ON","Type":"None"}},"GradingData":[],"Language":[],"QuestionID":"QID30"}}]}