{"SurveyEntry":{"SurveyID":"SV_bCRoUzEPrHUSbml","SurveyName":"Spelling","SurveyDescription":null,"SurveyOwnerID":"UR_bvXerb8NawtTIHj","SurveyBrandID":"uconn","DivisionID":null,"SurveyLanguage":"EN","SurveyActiveResponseSet":"RS_abhi9QSK1OXcTWd","SurveyStatus":"Active","SurveyStartDate":"0000-00-00 00:00:00","SurveyExpirationDate":"0000-00-00 00:00:00","SurveyCreationDate":"2014-10-27 06:06:30","CreatorID":"UR_bvXerb8NawtTIHj","LastModified":"2016-02-02 14:04:14","LastAccessed":"0000-00-00 00:00:00","LastActivated":"2014-10-27 06:57:41","Deleted":null},"SurveyElements":[{"SurveyID":"SV_bCRoUzEPrHUSbml","Element":"BL","PrimaryAttribute":"Survey Blocks","SecondaryAttribute":null,"TertiaryAttribute":null,"Payload":[{"Type":"Default","Description":"Default Question Block","ID":"BL_4P07c5IOqJjHqO9","BlockElements":[{"Type":"Question","QuestionID":"QID7"},{"Type":"Question","QuestionID":"QID4"},{"Type":"Question","QuestionID":"QID1"},{"Type":"Question","QuestionID":"QID2"},{"Type":"Question","QuestionID":"QID186"},{"Type":"Question","QuestionID":"QID3"},{"Type":"Page Break"},{"Type":"Question","QuestionID":"QID5"},{"Type":"Question","QuestionID":"QID6"},{"Type":"Page Break"},{"Type":"Question","QuestionID":"QID98"},{"Type":"Question","QuestionID":"QID97"},{"Type":"Question","QuestionID":"QID100"},{"Type":"Question","QuestionID":"QID101"},{"Type":"Question","QuestionID":"QID102"},{"Type":"Question","QuestionID":"QID103"},{"Type":"Question","QuestionID":"QID104"},{"Type":"Question","QuestionID":"QID105"},{"Type":"Question","QuestionID":"QID106"},{"Type":"Question","QuestionID":"QID107"},{"Type":"Question","QuestionID":"QID108"},{"Type":"Question","QuestionID":"QID109"},{"Type":"Question","QuestionID":"QID110"},{"Type":"Question","QuestionID":"QID111"},{"Type":"Question","QuestionID":"QID112"},{"Type":"Question","QuestionID":"QID113"},{"Type":"Question","QuestionID":"QID114"},{"Type":"Question","QuestionID":"QID115"},{"Type":"Question","QuestionID":"QID116"},{"Type":"Question","QuestionID":"QID117"},{"Type":"Question","QuestionID":"QID118"},{"Type":"Question","QuestionID":"QID119"},{"Type":"Question","QuestionID":"QID120"},{"Type":"Question","QuestionID":"QID121"},{"Type":"Question","QuestionID":"QID122"},{"Type":"Question","QuestionID":"QID123"},{"Type":"Question","QuestionID":"QID124"},{"Type":"Question","QuestionID":"QID125"},{"Type":"Question","QuestionID":"QID126"},{"Type":"Question","QuestionID":"QID127"},{"Type":"Question","QuestionID":"QID128"},{"Type":"Question","QuestionID":"QID129"},{"Type":"Question","QuestionID":"QID130"},{"Type":"Question","QuestionID":"QID131"},{"Type":"Question","QuestionID":"QID132"},{"Type":"Question","QuestionID":"QID133"},{"Type":"Question","QuestionID":"QID134"},{"Type":"Question","QuestionID":"QID135"},{"Type":"Question","QuestionID":"QID136"},{"Type":"Question","QuestionID":"QID137"},{"Type":"Question","QuestionID":"QID138"},{"Type":"Question","QuestionID":"QID139"},{"Type":"Question","QuestionID":"QID140"},{"Type":"Question","QuestionID":"QID141"},{"Type":"Question","QuestionID":"QID142"},{"Type":"Question","QuestionID":"QID143"},{"Type":"Question","QuestionID":"QID144"},{"Type":"Question","QuestionID":"QID145"},{"Type":"Question","QuestionID":"QID146"},{"Type":"Question","QuestionID":"QID147"},{"Type":"Question","QuestionID":"QID148"},{"Type":"Question","QuestionID":"QID149"},{"Type":"Question","QuestionID":"QID150"},{"Type":"Question","QuestionID":"QID151"},{"Type":"Question","QuestionID":"QID152"},{"Type":"Question","QuestionID":"QID153"},{"Type":"Question","QuestionID":"QID154"},{"Type":"Question","QuestionID":"QID155"},{"Type":"Question","QuestionID":"QID156"},{"Type":"Question","QuestionID":"QID157"},{"Type":"Question","QuestionID":"QID158"},{"Type":"Question","QuestionID":"QID159"},{"Type":"Question","QuestionID":"QID160"},{"Type":"Question","QuestionID":"QID161"},{"Type":"Question","QuestionID":"QID162"},{"Type":"Question","QuestionID":"QID163"},{"Type":"Question","QuestionID":"QID164"},{"Type":"Question","QuestionID":"QID165"},{"Type":"Question","QuestionID":"QID166"},{"Type":"Question","QuestionID":"QID167"},{"Type":"Question","QuestionID":"QID168"},{"Type":"Question","QuestionID":"QID169"},{"Type":"Question","QuestionID":"QID170"},{"Type":"Question","QuestionID":"QID171"},{"Type":"Question","QuestionID":"QID172"},{"Type":"Question","QuestionID":"QID173"},{"Type":"Question","QuestionID":"QID174"},{"Type":"Question","QuestionID":"QID175"},{"Type":"Question","QuestionID":"QID176"},{"Type":"Question","QuestionID":"QID177"},{"Type":"Question","QuestionID":"QID178"},{"Type":"Question","QuestionID":"QID179"},{"Type":"Question","QuestionID":"QID180"},{"Type":"Question","QuestionID":"QID181"},{"Type":"Question","QuestionID":"QID182"},{"Type":"Question","QuestionID":"QID183"},{"Type":"Question","QuestionID":"QID184"},{"Type":"Question","QuestionID":"QID185"}]},{"Type":"Trash","Description":"Trash \/ Unused Questions","ID":"BL_4IuFQrIlLMcJlqd","BlockElements":[{"Type":"Question","QuestionID":"QID99"}]}]},{"SurveyID":"SV_bCRoUzEPrHUSbml","Element":"FL","PrimaryAttribute":"Survey Flow","SecondaryAttribute":null,"TertiaryAttribute":null,"Payload":{"Type":"Root","FlowID":"FL_1","Flow":[{"Type":"Block","ID":"BL_4P07c5IOqJjHqO9","FlowID":"FL_2"},{"Type":"EmbeddedData","FlowID":"FL_3","EmbeddedData":[{"Description":"Q_TotalDuration","Type":"Recipient","Field":"Q_TotalDuration","VariableType":"Nominal"},{"Description":"Date","Type":"Custom","Field":"Date","VariableType":"Nominal","Value":"${date:\/\/CurrentDate\/SL}"},{"Description":"Time","Type":"Custom","Field":"Time","VariableType":"Nominal","Value":"${date:\/\/CurrentTime\/ST}"}]}],"Properties":{"Count":3}}},{"SurveyID":"SV_bCRoUzEPrHUSbml","Element":"SO","PrimaryAttribute":"Survey Options","SecondaryAttribute":null,"TertiaryAttribute":null,"Payload":{"BackButton":"false","SaveAndContinue":"true","SurveyProtection":"PublicSurvey","BallotBoxStuffingPrevention":"false","NoIndex":"Yes","SurveyExpiration":null,"SurveyTermination":"DefaultMessage","Header":"","Footer":"","ProgressBarDisplay":"NoText","PartialData":"+1 week","ValidationMessage":null,"PreviousButton":"  <<  ","NextButton":"  >>  ","SkinLibrary":"uconn","SkinType":"MQ","Skin":"ucon2","NewScoring":1,"PreferJFE":true,"EOSMessage":"","ShowExportTags":"false","CollectGeoLocation":"false","SurveyTitle":"Online Survey Software | Qualtrics Survey Solutions","SurveyMetaDescription":"Qualtrics sophisticated online survey software solutions make creating online surveys easy. Learn more about Research Suite and get a free account today.","PasswordProtection":"No","AnonymizeResponse":"No","Password":"","RefererCheck":"No","RefererURL":"http:\/\/","EOSMessageLibrary":"","EOSRedirectURL":"http:\/\/","EmailThankYou":"false","ThankYouEmailMessageLibrary":null,"ThankYouEmailMessage":null,"ValidateMessage":"false","ValidationMessageLibrary":null,"InactiveSurvey":"DefaultMessage","InactiveMessageLibrary":"","InactiveMessage":"","AvailableLanguages":{"EN":[]},"libraryId":"","nextButtonMid":"","previousButtonMid":"","headerMid":"","footerMid":"","QuestionsPerPage":"11","ExternalCSS":null,"CustomStyles":{"errorStyles":{"selector":".Skin .ValidationError","styles":{"color":null,"backgroundColor":null,"borderColor":null}},"errorStylesBG":{"selector":".Skin .HeaderValidationError, .Skin .HeaderValidationError li a","styles":{"color":null,"backgroundColor":null}},"pageStyles":{"selector":"#SurveyEngineBody","styles":{"backgroundColor":null}},"textStyles":{"selector":".SkinInner","styles":{"fontFamily":null,"fontSize":"150%","fontWeight":null,"fontStyle":null,"textDecoration":null,"color":null}},"questionStyles":{"selector":".Skin .QuestionText","styles":{"fontFamily":"times new roman, times, serif","fontSize":"","fontWeight":"normal","fontStyle":"normal","textDecoration":"none","color":null}},"choiceStyles":{"selector":".Skin .horizontalbar th.ylabel, .Skin .Matrix table td, .Skin .Matrix table th, .Skin .Matrix table thead th, .Skin .Matrix table thead td, .Skin .PGR .DragAndDrop .Items label, .Skin .QuestionBody ul.ChoiceStructure, .Skin .PGR .DragAndDrop .Group ul, .Skin .PGR .DragAndDrop .Group h2, .Skin .PGR .DragAndDrop .Items ul, .Skin .PGR .DragAndDrop .Items h2, .Skin .DD .QuestionBody table.ChoiceStructure, .Skin .PGR .DragAndDrop .NoColumns td.groupsContainerTd div ul, .Skin .PGR .DragAndDrop .NoColumns td.groupsContainerTd div h2, .Skin .SBS thead th, .Skin .SBS td, .Skin .SBS .Answers td, .Skin .SBS .Answers th, .SBS table.ChoiceStructure, .Skin .horizontalbar thead table.LabelDescriptions tr td, .Skin .horizontalbar thead tr td.NotApplicable, .QuestionBody th, .Skin .QuestionBody .MC .MAVR label, .Skin .QuestionBody .MC .SAVR label, .Skin .SBS thead th, .Skin .SBS td, .Skin .RO .DND ul li, .Skin .reg, .SkinInner .ChoiceStructure, .Skin thead, .Skin .GAP .ChoiceStructure thead th, .Skin .GAP .ChoiceStructure .c4, .Skin .GAP .ChoiceStructure th, .Skin .GAP .ChoiceStructure .WhyText, .SkinInner .ChoiceStructure .LightBG, .Skin .QuestionOuter.Highlight .Inner .reg, .Skin .QuestionOuter.Highlight .Inner .alt, .Skin .QuestionOuter.Highlight .Inner .ReadableAlt       ","styles":{"fontFamily":"times new roman, times, serif","fontSize":"","fontWeight":"bold","fontStyle":"normal","textDecoration":"underline","color":null}},"headerStyles":{"selector":".Skin div#Header","styles":{"color":null}},"footerStyles":{"selector":".Skin #Footer","styles":{"color":null}},"questionSeparatorStyles":{"selector":".Skin .Separator","styles":{"backgroundColor":null,"display":null}},"highlightStyles":{"selector":".Skin .QuestionOuter.Highlight .Inner, .Skin .QuestionOuter.Highlight .Inner .reg, .Skin .QuestionOuter.Highlight .Inner .alt, .Skin .QuestionOuter.Highlight .Inner .ReadableAlt","styles":{"backgroundColor":null}},"highlightStylesAlt":{"selector":".Skin .QuestionOuter.Highlight .Inner .ReadableAlt, .Skin .QuestionOuter.Highlight .Inner .LightBG","styles":{"backgroundColor":null}},"textEntryStyles":{"selector":".Skin select, .Skin .InputText","styles":{"color":null}},"borderStyles":{"selector":".Skin .CS .horizontalbar table.sliderGrid tr.xlabel th, .Skin .CS .horizontalbar .ylabel, .Skin .CS .horizontalbar table.sliderGrid tr td.value, .Skin .Slider .horizontalbar table.sliderGrid tr.xlabel th, .Skin .BorderColor, .Skin .DarkBorderColor, .Skin .Slider .horizontalbar table.sliderGrid tr td.value, .Skin thead, .Skin .GAP .ChoiceStructure thead th  ","styles":{"borderColor":null}},"altRowStyles":{"selector":".Skin .ReadableAlt, .Skin .LightBG","styles":{"backgroundColor":null}},"customCSS":null},"HighlightQuestions":"off","ProtectSelectionIds":true}},{"SurveyID":"SV_bCRoUzEPrHUSbml","Element":"SCO","PrimaryAttribute":"Scoring","SecondaryAttribute":null,"TertiaryAttribute":null,"Payload":{"ScoringCategories":[{"ID":"SC_5o0bt8t78cwRItT","Name":"Correct","Description":""},{"ID":"SC_eWf9Zugxjy0l3Vj","Name":"Incorrect","Description":null},{"ID":"SC_bxfiu9cyK8xweHj","Name":"Correct-Incorrect","Description":null}],"ScoringCategoryGroups":[],"DefaultScoringCategory":"SC_5o0bt8t78cwRItT","ScoringSummaryCategory":"SC_5o0bt8t78cwRItT","ScoringSummaryAfterQuestions":0,"ScoringSummaryAfterSurvey":0,"AutoScoringCategory":null,"IgnoreNullValues":true}},{"SurveyID":"SV_bCRoUzEPrHUSbml","Element":"STAT","PrimaryAttribute":"Survey Statistics","SecondaryAttribute":null,"TertiaryAttribute":null,"Payload":{"MobileCompatible":true,"ID":"Survey Statistics"}},{"SurveyID":"SV_bCRoUzEPrHUSbml","Element":"SQ","PrimaryAttribute":"QID97","SecondaryAttribute":".","TertiaryAttribute":null,"Payload":{"QuestionText":".","DataExportTag":"1","QuestionType":"MC","Selector":"SAHR","SubSelector":"TX","Configuration":{"QuestionDescriptionOption":"UseText","LabelPosition":"BELOW"},"QuestionDescription":".","Choices":{"1":{"Display":"unforeseen"},"2":{"Display":"unforseen"}},"ChoiceOrder":["1","2"],"Validation":{"Settings":{"ForceResponse":"ON","ForceResponseType":"ON","Type":"None"}},"Language":[],"QuestionID":"QID97","GradingData":[{"ChoiceID":"1","Grades":{"SC_5o0bt8t78cwRItT":"1","SC_bxfiu9cyK8xweHj":"1"},"index":0},{"ChoiceID":"2","Grades":{"SC_eWf9Zugxjy0l3Vj":"1","SC_bxfiu9cyK8xweHj":"-1"},"index":1}]}},{"SurveyID":"SV_bCRoUzEPrHUSbml","Element":"SQ","PrimaryAttribute":"QID100","SecondaryAttribute":".","TertiaryAttribute":null,"Payload":{"QuestionText":".","DataExportTag":"2","QuestionType":"MC","Selector":"SAHR","SubSelector":"TX","Configuration":{"QuestionDescriptionOption":"UseText","LabelPosition":"BELOW"},"QuestionDescription":".","Choices":{"1":{"Display":"calender"},"2":{"Display":"calendar"}},"ChoiceOrder":["1","2"],"Validation":{"Settings":{"ForceResponse":"ON","ForceResponseType":"ON","Type":"None"}},"Language":[],"QuestionID":"QID100","GradingData":[{"ChoiceID":"2","Grades":{"SC_5o0bt8t78cwRItT":"1","SC_bxfiu9cyK8xweHj":"1"},"index":0},{"ChoiceID":"1","Grades":{"SC_eWf9Zugxjy0l3Vj":"1","SC_bxfiu9cyK8xweHj":"-1"},"index":1}]}},{"SurveyID":"SV_bCRoUzEPrHUSbml","Element":"SQ","PrimaryAttribute":"QID101","SecondaryAttribute":".","TertiaryAttribute":null,"Payload":{"QuestionText":".","DataExportTag":"3","QuestionType":"MC","Selector":"SAHR","SubSelector":"TX","Configuration":{"QuestionDescriptionOption":"UseText","LabelPosition":"BELOW"},"QuestionDescription":".","Choices":{"1":{"Display":"truely"},"2":{"Display":"truly"}},"ChoiceOrder":["1","2"],"Validation":{"Settings":{"ForceResponse":"ON","ForceResponseType":"ON","Type":"None"}},"Language":[],"QuestionID":"QID101","GradingData":[{"ChoiceID":"2","Grades":{"SC_5o0bt8t78cwRItT":"1","SC_bxfiu9cyK8xweHj":"1"},"index":0},{"ChoiceID":"1","Grades":{"SC_eWf9Zugxjy0l3Vj":"1","SC_bxfiu9cyK8xweHj":"-1"},"index":1}]}},{"SurveyID":"SV_bCRoUzEPrHUSbml","Element":"SQ","PrimaryAttribute":"QID102","SecondaryAttribute":".","TertiaryAttribute":null,"Payload":{"QuestionText":".","DataExportTag":"4","QuestionType":"MC","Selector":"SAHR","SubSelector":"TX","Configuration":{"QuestionDescriptionOption":"UseText","LabelPosition":"BELOW"},"QuestionDescription":".","Choices":{"1":{"Display":"argument"},"2":{"Display":"arguement"}},"ChoiceOrder":["1","2"],"Validation":{"Settings":{"ForceResponse":"ON","ForceResponseType":"ON","Type":"None"}},"Language":[],"QuestionID":"QID102","GradingData":[{"ChoiceID":"1","Grades":{"SC_5o0bt8t78cwRItT":"1","SC_bxfiu9cyK8xweHj":"1"},"index":0},{"ChoiceID":"2","Grades":{"SC_eWf9Zugxjy0l3Vj":"1","SC_bxfiu9cyK8xweHj":"-1"},"index":1}]}},{"SurveyID":"SV_bCRoUzEPrHUSbml","Element":"SQ","PrimaryAttribute":"QID103","SecondaryAttribute":".","TertiaryAttribute":null,"Payload":{"QuestionText":".","DataExportTag":"5","QuestionType":"MC","Selector":"SAHR","SubSelector":"TX","Configuration":{"QuestionDescriptionOption":"UseText","LabelPosition":"BELOW"},"QuestionDescription":".","Choices":{"1":{"Display":"dissapear"},"2":{"Display":"disappear"}},"ChoiceOrder":["1","2"],"Validation":{"Settings":{"ForceResponse":"ON","ForceResponseType":"ON","Type":"None"}},"Language":[],"QuestionID":"QID103","GradingData":[{"ChoiceID":"2","Grades":{"SC_5o0bt8t78cwRItT":"1","SC_bxfiu9cyK8xweHj":"1"},"index":0},{"ChoiceID":"1","Grades":{"SC_eWf9Zugxjy0l3Vj":"1","SC_bxfiu9cyK8xweHj":"-1"},"index":1}]}},{"SurveyID":"SV_bCRoUzEPrHUSbml","Element":"SQ","PrimaryAttribute":"QID104","SecondaryAttribute":".","TertiaryAttribute":null,"Payload":{"QuestionText":".","DataExportTag":"6","QuestionType":"MC","Selector":"SAHR","SubSelector":"TX","Configuration":{"QuestionDescriptionOption":"UseText","LabelPosition":"BELOW"},"QuestionDescription":".","Choices":{"1":{"Display":"seige"},"2":{"Display":"siege"}},"ChoiceOrder":["1","2"],"Validation":{"Settings":{"ForceResponse":"ON","ForceResponseType":"ON","Type":"None"}},"Language":[],"QuestionID":"QID104","GradingData":[{"ChoiceID":"2","Grades":{"SC_5o0bt8t78cwRItT":"1","SC_bxfiu9cyK8xweHj":"1"},"index":0},{"ChoiceID":"1","Grades":{"SC_eWf9Zugxjy0l3Vj":"1","SC_bxfiu9cyK8xweHj":"-1"},"index":1}]}},{"SurveyID":"SV_bCRoUzEPrHUSbml","Element":"SQ","PrimaryAttribute":"QID105","SecondaryAttribute":".","TertiaryAttribute":null,"Payload":{"QuestionText":".","DataExportTag":"7","QuestionType":"MC","Selector":"SAHR","SubSelector":"TX","Configuration":{"QuestionDescriptionOption":"UseText","LabelPosition":"BELOW"},"QuestionDescription":".","Choices":{"1":{"Display":"Caribbean"},"2":{"Display":"Carribean"}},"ChoiceOrder":["1","2"],"Validation":{"Settings":{"ForceResponse":"ON","ForceResponseType":"ON","Type":"None"}},"Language":[],"QuestionID":"QID105","GradingData":[{"ChoiceID":"1","Grades":{"SC_5o0bt8t78cwRItT":"1","SC_bxfiu9cyK8xweHj":"1"},"index":0},{"ChoiceID":"2","Grades":{"SC_eWf9Zugxjy0l3Vj":"1","SC_bxfiu9cyK8xweHj":"-1"},"index":1}]}},{"SurveyID":"SV_bCRoUzEPrHUSbml","Element":"SQ","PrimaryAttribute":"QID106","SecondaryAttribute":".","TertiaryAttribute":null,"Payload":{"QuestionText":".","DataExportTag":"8","QuestionType":"MC","Selector":"SAHR","SubSelector":"TX","Configuration":{"QuestionDescriptionOption":"UseText","LabelPosition":"BELOW"},"QuestionDescription":".","Choices":{"1":{"Display":"accommodation"},"2":{"Display":"accomodation"}},"ChoiceOrder":["1","2"],"Validation":{"Settings":{"ForceResponse":"ON","ForceResponseType":"ON","Type":"None"}},"Language":[],"QuestionID":"QID106","GradingData":[{"ChoiceID":"1","Grades":{"SC_5o0bt8t78cwRItT":"1","SC_bxfiu9cyK8xweHj":"1"},"index":0},{"ChoiceID":"2","Grades":{"SC_eWf9Zugxjy0l3Vj":"1","SC_bxfiu9cyK8xweHj":"-1"},"index":1}]}},{"SurveyID":"SV_bCRoUzEPrHUSbml","Element":"SQ","PrimaryAttribute":"QID107","SecondaryAttribute":".","TertiaryAttribute":null,"Payload":{"QuestionText":".","DataExportTag":"9","QuestionType":"MC","Selector":"SAHR","SubSelector":"TX","Configuration":{"QuestionDescriptionOption":"UseText","LabelPosition":"BELOW"},"QuestionDescription":".","Choices":{"1":{"Display":"enviroment"},"2":{"Display":"environment"}},"ChoiceOrder":["1","2"],"Validation":{"Settings":{"ForceResponse":"ON","ForceResponseType":"ON","Type":"None"}},"Language":[],"QuestionID":"QID107","GradingData":[{"ChoiceID":"2","Grades":{"SC_5o0bt8t78cwRItT":"1","SC_bxfiu9cyK8xweHj":"1"},"index":0},{"ChoiceID":"1","Grades":{"SC_eWf9Zugxjy0l3Vj":"1","SC_bxfiu9cyK8xweHj":"-1"},"index":1}]}},{"SurveyID":"SV_bCRoUzEPrHUSbml","Element":"SQ","PrimaryAttribute":"QID108","SecondaryAttribute":".","TertiaryAttribute":null,"Payload":{"QuestionText":".","DataExportTag":"10","QuestionType":"MC","Selector":"SAHR","SubSelector":"TX","Configuration":{"QuestionDescriptionOption":"UseText","LabelPosition":"BELOW"},"QuestionDescription":".","Choices":{"1":{"Display":"committee"},"2":{"Display":"commitee"}},"ChoiceOrder":["1","2"],"Validation":{"Settings":{"ForceResponse":"ON","ForceResponseType":"ON","Type":"None"}},"Language":[],"QuestionID":"QID108","GradingData":[{"ChoiceID":"1","Grades":{"SC_5o0bt8t78cwRItT":"1","SC_bxfiu9cyK8xweHj":"1"},"index":0},{"ChoiceID":"2","Grades":{"SC_eWf9Zugxjy0l3Vj":"1","SC_bxfiu9cyK8xweHj":"-1"},"index":1}]}},{"SurveyID":"SV_bCRoUzEPrHUSbml","Element":"SQ","PrimaryAttribute":"QID110","SecondaryAttribute":".","TertiaryAttribute":null,"Payload":{"QuestionText":".","DataExportTag":"11","QuestionType":"MC","Selector":"SAHR","SubSelector":"TX","Configuration":{"QuestionDescriptionOption":"UseText","LabelPosition":"BELOW"},"QuestionDescription":".","Choices":{"1":{"Display":"ecstacy"},"2":{"Display":"ecstasy"}},"ChoiceOrder":["1","2"],"Validation":{"Settings":{"ForceResponse":"ON","ForceResponseType":"ON","Type":"None"}},"Language":[],"QuestionID":"QID110","GradingData":[{"ChoiceID":"2","Grades":{"SC_5o0bt8t78cwRItT":"1","SC_bxfiu9cyK8xweHj":"1"},"index":0},{"ChoiceID":"1","Grades":{"SC_eWf9Zugxjy0l3Vj":"1","SC_bxfiu9cyK8xweHj":"-1"},"index":1}]}},{"SurveyID":"SV_bCRoUzEPrHUSbml","Element":"SQ","PrimaryAttribute":"QID111","SecondaryAttribute":".","TertiaryAttribute":null,"Payload":{"QuestionText":".","DataExportTag":"12","QuestionType":"MC","Selector":"SAHR","SubSelector":"TX","Configuration":{"QuestionDescriptionOption":"UseText","LabelPosition":"BELOW"},"QuestionDescription":".","Choices":{"1":{"Display":"foreseeable"},"2":{"Display":"forseeable"}},"ChoiceOrder":["1","2"],"Validation":{"Settings":{"ForceResponse":"ON","ForceResponseType":"ON","Type":"None"}},"Language":[],"QuestionID":"QID111","GradingData":[{"ChoiceID":"1","Grades":{"SC_5o0bt8t78cwRItT":"1","SC_bxfiu9cyK8xweHj":"1"},"index":0},{"ChoiceID":"2","Grades":{"SC_eWf9Zugxjy0l3Vj":"1","SC_bxfiu9cyK8xweHj":"-1"},"index":1}]}},{"SurveyID":"SV_bCRoUzEPrHUSbml","Element":"SQ","PrimaryAttribute":"QID112","SecondaryAttribute":".","TertiaryAttribute":null,"Payload":{"QuestionText":".","DataExportTag":"13","QuestionType":"MC","Selector":"SAHR","SubSelector":"TX","Configuration":{"QuestionDescriptionOption":"UseText","LabelPosition":"BELOW"},"QuestionDescription":".","Choices":{"1":{"Display":"millenium"},"2":{"Display":"millennium"}},"ChoiceOrder":["1","2"],"Validation":{"Settings":{"ForceResponse":"ON","ForceResponseType":"ON","Type":"None"}},"Language":[],"QuestionID":"QID112","GradingData":[{"ChoiceID":"2","Grades":{"SC_5o0bt8t78cwRItT":"1","SC_bxfiu9cyK8xweHj":"1"},"index":0},{"ChoiceID":"1","Grades":{"SC_eWf9Zugxjy0l3Vj":"1","SC_bxfiu9cyK8xweHj":"-1"},"index":1}]}},{"SurveyID":"SV_bCRoUzEPrHUSbml","Element":"SQ","PrimaryAttribute":"QID113","SecondaryAttribute":".","TertiaryAttribute":null,"Payload":{"QuestionText":".","DataExportTag":"14","QuestionType":"MC","Selector":"SAHR","SubSelector":"TX","Configuration":{"QuestionDescriptionOption":"UseText","LabelPosition":"BELOW"},"QuestionDescription":".","Choices":{"1":{"Display":"pavillion"},"2":{"Display":"pavilion"}},"ChoiceOrder":["1","2"],"Validation":{"Settings":{"ForceResponse":"ON","ForceResponseType":"ON","Type":"None"}},"Language":[],"QuestionID":"QID113","GradingData":[{"ChoiceID":"2","Grades":{"SC_5o0bt8t78cwRItT":"1","SC_bxfiu9cyK8xweHj":"1"},"index":0},{"ChoiceID":"1","Grades":{"SC_eWf9Zugxjy0l3Vj":"1","SC_bxfiu9cyK8xweHj":"-1"},"index":1}]}},{"SurveyID":"SV_bCRoUzEPrHUSbml","Element":"SQ","PrimaryAttribute":"QID114","SecondaryAttribute":".","TertiaryAttribute":null,"Payload":{"QuestionText":".","DataExportTag":"15","QuestionType":"MC","Selector":"SAHR","SubSelector":"TX","Configuration":{"QuestionDescriptionOption":"UseText","LabelPosition":"BELOW"},"QuestionDescription":".","Choices":{"1":{"Display":"skool"},"2":{"Display":"school"}},"ChoiceOrder":["1","2"],"Validation":{"Settings":{"ForceResponse":"ON","ForceResponseType":"ON","Type":"None"}},"Language":[],"QuestionID":"QID114","GradingData":[{"ChoiceID":"2","Grades":{"SC_5o0bt8t78cwRItT":"1","SC_bxfiu9cyK8xweHj":"1"},"index":0},{"ChoiceID":"1","Grades":{"SC_eWf9Zugxjy0l3Vj":"1","SC_bxfiu9cyK8xweHj":"-1"},"index":1}]}},{"SurveyID":"SV_bCRoUzEPrHUSbml","Element":"SQ","PrimaryAttribute":"QID115","SecondaryAttribute":".","TertiaryAttribute":null,"Payload":{"QuestionText":".","DataExportTag":"16","QuestionType":"MC","Selector":"SAHR","SubSelector":"TX","Configuration":{"QuestionDescriptionOption":"UseText","LabelPosition":"BELOW"},"QuestionDescription":".","Choices":{"1":{"Display":"persistent"},"2":{"Display":"persistant"}},"ChoiceOrder":["1","2"],"Validation":{"Settings":{"ForceResponse":"ON","ForceResponseType":"ON","Type":"None"}},"Language":[],"QuestionID":"QID115","GradingData":[{"ChoiceID":"1","Grades":{"SC_5o0bt8t78cwRItT":"1","SC_bxfiu9cyK8xweHj":"1"},"index":0},{"ChoiceID":"2","Grades":{"SC_eWf9Zugxjy0l3Vj":"1","SC_bxfiu9cyK8xweHj":"-1"},"index":1}]}},{"SurveyID":"SV_bCRoUzEPrHUSbml","Element":"SQ","PrimaryAttribute":"QID116","SecondaryAttribute":".","TertiaryAttribute":null,"Payload":{"QuestionText":".","DataExportTag":"17","QuestionType":"MC","Selector":"SAHR","SubSelector":"TX","Configuration":{"QuestionDescriptionOption":"UseText","LabelPosition":"BELOW"},"QuestionDescription":".","Choices":{"1":{"Display":"propaganda"},"2":{"Display":"propoganda"}},"ChoiceOrder":["1","2"],"Validation":{"Settings":{"ForceResponse":"ON","ForceResponseType":"ON","Type":"None"}},"Language":[],"QuestionID":"QID116","GradingData":[{"ChoiceID":"1","Grades":{"SC_5o0bt8t78cwRItT":"1","SC_bxfiu9cyK8xweHj":"1"},"index":0},{"ChoiceID":"2","Grades":{"SC_eWf9Zugxjy0l3Vj":"1","SC_bxfiu9cyK8xweHj":"-1"},"index":1}]}},{"SurveyID":"SV_bCRoUzEPrHUSbml","Element":"SQ","PrimaryAttribute":"QID117","SecondaryAttribute":".","TertiaryAttribute":null,"Payload":{"QuestionText":".","DataExportTag":"18","QuestionType":"MC","Selector":"SAHR","SubSelector":"TX","Configuration":{"QuestionDescriptionOption":"UseText","LabelPosition":"BELOW"},"QuestionDescription":".","Choices":{"1":{"Display":"assasination"},"2":{"Display":"assassination"}},"ChoiceOrder":["1","2"],"Validation":{"Settings":{"ForceResponse":"ON","ForceResponseType":"ON","Type":"None"}},"Language":[],"QuestionID":"QID117","GradingData":[{"ChoiceID":"2","Grades":{"SC_5o0bt8t78cwRItT":"1","SC_bxfiu9cyK8xweHj":"1"},"index":0},{"ChoiceID":"1","Grades":{"SC_eWf9Zugxjy0l3Vj":"1","SC_bxfiu9cyK8xweHj":"-1"},"index":1}]}},{"SurveyID":"SV_bCRoUzEPrHUSbml","Element":"SQ","PrimaryAttribute":"QID118","SecondaryAttribute":".","TertiaryAttribute":null,"Payload":{"QuestionText":".","DataExportTag":"19","QuestionType":"MC","Selector":"SAHR","SubSelector":"TX","Configuration":{"QuestionDescriptionOption":"UseText","LabelPosition":"BELOW"},"QuestionDescription":".","Choices":{"1":{"Display":"collegue"},"2":{"Display":"colleague"}},"ChoiceOrder":["1","2"],"Validation":{"Settings":{"ForceResponse":"ON","ForceResponseType":"ON","Type":"None"}},"Language":[],"QuestionID":"QID118","GradingData":[{"ChoiceID":"2","Grades":{"SC_5o0bt8t78cwRItT":"1","SC_bxfiu9cyK8xweHj":"1"},"index":0},{"ChoiceID":"1","Grades":{"SC_eWf9Zugxjy0l3Vj":"1","SC_bxfiu9cyK8xweHj":"-1"},"index":1}]}},{"SurveyID":"SV_bCRoUzEPrHUSbml","Element":"SQ","PrimaryAttribute":"QID119","SecondaryAttribute":".","TertiaryAttribute":null,"Payload":{"QuestionText":".","DataExportTag":"20","QuestionType":"MC","Selector":"SAHR","SubSelector":"TX","Configuration":{"QuestionDescriptionOption":"UseText","LabelPosition":"BELOW"},"QuestionDescription":".","Choices":{"1":{"Display":"knowledge"},"2":{"Display":"knowlege"}},"ChoiceOrder":["1","2"],"Validation":{"Settings":{"ForceResponse":"ON","ForceResponseType":"ON","Type":"None"}},"Language":[],"QuestionID":"QID119","GradingData":[{"ChoiceID":"1","Grades":{"SC_5o0bt8t78cwRItT":"1","SC_bxfiu9cyK8xweHj":"1"},"index":0},{"ChoiceID":"2","Grades":{"SC_eWf9Zugxjy0l3Vj":"1","SC_bxfiu9cyK8xweHj":"-1"},"index":1}]}},{"SurveyID":"SV_bCRoUzEPrHUSbml","Element":"SQ","PrimaryAttribute":"QID121","SecondaryAttribute":".","TertiaryAttribute":null,"Payload":{"QuestionText":".","DataExportTag":"21","QuestionType":"MC","Selector":"SAHR","SubSelector":"TX","Configuration":{"QuestionDescriptionOption":"UseText","LabelPosition":"BELOW"},"QuestionDescription":".","Choices":{"1":{"Display":"apparently"},"2":{"Display":"apparantly"}},"ChoiceOrder":["1","2"],"Validation":{"Settings":{"ForceResponse":"ON","ForceResponseType":"ON","Type":"None"}},"Language":[],"QuestionID":"QID121","GradingData":[{"ChoiceID":"1","Grades":{"SC_5o0bt8t78cwRItT":"1","SC_bxfiu9cyK8xweHj":"1"},"index":0},{"ChoiceID":"2","Grades":{"SC_eWf9Zugxjy0l3Vj":"1","SC_bxfiu9cyK8xweHj":"-1"},"index":1}]}},{"SurveyID":"SV_bCRoUzEPrHUSbml","Element":"SQ","PrimaryAttribute":"QID122","SecondaryAttribute":".","TertiaryAttribute":null,"Payload":{"QuestionText":".","DataExportTag":"22","QuestionType":"MC","Selector":"SAHR","SubSelector":"TX","Configuration":{"QuestionDescriptionOption":"UseText","LabelPosition":"BELOW"},"QuestionDescription":".","Choices":{"1":{"Display":"glamourous"},"2":{"Display":"glamorous"}},"ChoiceOrder":["1","2"],"Validation":{"Settings":{"ForceResponse":"ON","ForceResponseType":"ON","Type":"None"}},"Language":[],"QuestionID":"QID122","GradingData":[{"ChoiceID":"2","Grades":{"SC_5o0bt8t78cwRItT":"1","SC_bxfiu9cyK8xweHj":"1"},"index":0},{"ChoiceID":"1","Grades":{"SC_eWf9Zugxjy0l3Vj":"1","SC_bxfiu9cyK8xweHj":"-1"},"index":1}]}},{"SurveyID":"SV_bCRoUzEPrHUSbml","Element":"SQ","PrimaryAttribute":"QID123","SecondaryAttribute":".","TertiaryAttribute":null,"Payload":{"QuestionText":".","DataExportTag":"23","QuestionType":"MC","Selector":"SAHR","SubSelector":"TX","Configuration":{"QuestionDescriptionOption":"UseText","LabelPosition":"BELOW"},"QuestionDescription":".","Choices":{"1":{"Display":"definately"},"2":{"Display":"definitely"}},"ChoiceOrder":["1","2"],"Validation":{"Settings":{"ForceResponse":"ON","ForceResponseType":"ON","Type":"None"}},"Language":[],"QuestionID":"QID123","GradingData":[{"ChoiceID":"2","Grades":{"SC_5o0bt8t78cwRItT":"1","SC_bxfiu9cyK8xweHj":"1"},"index":0},{"ChoiceID":"1","Grades":{"SC_eWf9Zugxjy0l3Vj":"1","SC_bxfiu9cyK8xweHj":"-1"},"index":1}]}},{"SurveyID":"SV_bCRoUzEPrHUSbml","Element":"SQ","PrimaryAttribute":"QID124","SecondaryAttribute":".","TertiaryAttribute":null,"Payload":{"QuestionText":".","DataExportTag":"24","QuestionType":"MC","Selector":"SAHR","SubSelector":"TX","Configuration":{"QuestionDescriptionOption":"UseText","LabelPosition":"BELOW"},"QuestionDescription":".","Choices":{"1":{"Display":"tommorow"},"2":{"Display":"tomorrow"}},"ChoiceOrder":["1","2"],"Validation":{"Settings":{"ForceResponse":"ON","ForceResponseType":"ON","Type":"None"}},"Language":[],"QuestionID":"QID124","GradingData":[{"ChoiceID":"2","Grades":{"SC_5o0bt8t78cwRItT":"1","SC_bxfiu9cyK8xweHj":"1"},"index":0},{"ChoiceID":"1","Grades":{"SC_eWf9Zugxjy0l3Vj":"1","SC_bxfiu9cyK8xweHj":"-1"},"index":1}]}},{"SurveyID":"SV_bCRoUzEPrHUSbml","Element":"SQ","PrimaryAttribute":"QID125","SecondaryAttribute":".","TertiaryAttribute":null,"Payload":{"QuestionText":".","DataExportTag":"25","QuestionType":"MC","Selector":"SAHR","SubSelector":"TX","Configuration":{"QuestionDescriptionOption":"UseText","LabelPosition":"BELOW"},"QuestionDescription":".","Choices":{"1":{"Display":"weird"},"2":{"Display":"wierd"}},"ChoiceOrder":["1","2"],"Validation":{"Settings":{"ForceResponse":"ON","ForceResponseType":"ON","Type":"None"}},"Language":[],"QuestionID":"QID125","GradingData":[{"ChoiceID":"1","Grades":{"SC_5o0bt8t78cwRItT":"1","SC_bxfiu9cyK8xweHj":"1"},"index":0},{"ChoiceID":"2","Grades":{"SC_eWf9Zugxjy0l3Vj":"1","SC_bxfiu9cyK8xweHj":"-1"},"index":1}]}},{"SurveyID":"SV_bCRoUzEPrHUSbml","Element":"SQ","PrimaryAttribute":"QID126","SecondaryAttribute":".","TertiaryAttribute":null,"Payload":{"QuestionText":".","DataExportTag":"26","QuestionType":"MC","Selector":"SAHR","SubSelector":"TX","Configuration":{"QuestionDescriptionOption":"UseText","LabelPosition":"BELOW"},"QuestionDescription":".","Choices":{"1":{"Display":"noticable"},"2":{"Display":"noticeable"}},"ChoiceOrder":["1","2"],"Validation":{"Settings":{"ForceResponse":"ON","ForceResponseType":"ON","Type":"None"}},"Language":[],"QuestionID":"QID126","GradingData":[{"ChoiceID":"2","Grades":{"SC_5o0bt8t78cwRItT":"1","SC_bxfiu9cyK8xweHj":"1"},"index":0},{"ChoiceID":"1","Grades":{"SC_eWf9Zugxjy0l3Vj":"1","SC_bxfiu9cyK8xweHj":"-1"},"index":1}]}},{"SurveyID":"SV_bCRoUzEPrHUSbml","Element":"SQ","PrimaryAttribute":"QID127","SecondaryAttribute":".","TertiaryAttribute":null,"Payload":{"QuestionText":".","DataExportTag":"27","QuestionType":"MC","Selector":"SAHR","SubSelector":"TX","Configuration":{"QuestionDescriptionOption":"UseText","LabelPosition":"BELOW"},"QuestionDescription":".","Choices":{"1":{"Display":"necessary"},"2":{"Display":"neccessary"}},"ChoiceOrder":["1","2"],"Validation":{"Settings":{"ForceResponse":"ON","ForceResponseType":"ON","Type":"None"}},"Language":[],"QuestionID":"QID127","GradingData":[{"ChoiceID":"1","Grades":{"SC_5o0bt8t78cwRItT":"1","SC_bxfiu9cyK8xweHj":"1"},"index":0},{"ChoiceID":"2","Grades":{"SC_eWf9Zugxjy0l3Vj":"1","SC_bxfiu9cyK8xweHj":"-1"},"index":1}]}},{"SurveyID":"SV_bCRoUzEPrHUSbml","Element":"SQ","PrimaryAttribute":"QID128","SecondaryAttribute":".","TertiaryAttribute":null,"Payload":{"QuestionText":".","DataExportTag":"28","QuestionType":"MC","Selector":"SAHR","SubSelector":"TX","Configuration":{"QuestionDescriptionOption":"UseText","LabelPosition":"BELOW"},"QuestionDescription":".","Choices":{"1":{"Display":"independant"},"2":{"Display":"independent"}},"ChoiceOrder":["1","2"],"Validation":{"Settings":{"ForceResponse":"ON","ForceResponseType":"ON","Type":"None"}},"Language":[],"QuestionID":"QID128","GradingData":[{"ChoiceID":"2","Grades":{"SC_5o0bt8t78cwRItT":"1","SC_bxfiu9cyK8xweHj":"1"},"index":0},{"ChoiceID":"1","Grades":{"SC_eWf9Zugxjy0l3Vj":"1","SC_bxfiu9cyK8xweHj":"-1"},"index":1}]}},{"SurveyID":"SV_bCRoUzEPrHUSbml","Element":"SQ","PrimaryAttribute":"QID129","SecondaryAttribute":".","TertiaryAttribute":null,"Payload":{"QuestionText":".","DataExportTag":"29","QuestionType":"MC","Selector":"SAHR","SubSelector":"TX","Configuration":{"QuestionDescriptionOption":"UseText","LabelPosition":"BELOW"},"QuestionDescription":".","Choices":{"1":{"Display":"foriegn"},"2":{"Display":"foreign"}},"ChoiceOrder":["1","2"],"Validation":{"Settings":{"ForceResponse":"ON","ForceResponseType":"ON","Type":"None"}},"Language":[],"QuestionID":"QID129","GradingData":[{"ChoiceID":"2","Grades":{"SC_5o0bt8t78cwRItT":"1","SC_bxfiu9cyK8xweHj":"1"},"index":0},{"ChoiceID":"1","Grades":{"SC_eWf9Zugxjy0l3Vj":"1","SC_bxfiu9cyK8xweHj":"-1"},"index":1}]}},{"SurveyID":"SV_bCRoUzEPrHUSbml","Element":"SQ","PrimaryAttribute":"QID130","SecondaryAttribute":".","TertiaryAttribute":null,"Payload":{"QuestionText":".","DataExportTag":"30","QuestionType":"MC","Selector":"SAHR","SubSelector":"TX","Configuration":{"QuestionDescriptionOption":"UseText","LabelPosition":"BELOW"},"QuestionDescription":".","Choices":{"1":{"Display":"whereever"},"2":{"Display":"wherever"}},"ChoiceOrder":["1","2"],"Validation":{"Settings":{"ForceResponse":"ON","ForceResponseType":"ON","Type":"None"}},"Language":[],"QuestionID":"QID130","GradingData":[{"ChoiceID":"2","Grades":{"SC_5o0bt8t78cwRItT":"1","SC_bxfiu9cyK8xweHj":"1"},"index":0},{"ChoiceID":"1","Grades":{"SC_eWf9Zugxjy0l3Vj":"1","SC_bxfiu9cyK8xweHj":"-1"},"index":1}]}},{"SurveyID":"SV_bCRoUzEPrHUSbml","Element":"SQ","PrimaryAttribute":"QID132","SecondaryAttribute":".","TertiaryAttribute":null,"Payload":{"QuestionText":".","DataExportTag":"31","QuestionType":"MC","Selector":"SAHR","SubSelector":"TX","Configuration":{"QuestionDescriptionOption":"UseText","LabelPosition":"BELOW"},"QuestionDescription":".","Choices":{"1":{"Display":"Farenheit"},"2":{"Display":"Fahrenheit"}},"ChoiceOrder":["1","2"],"Validation":{"Settings":{"ForceResponse":"ON","ForceResponseType":"ON","Type":"None"}},"Language":[],"QuestionID":"QID132","GradingData":[{"ChoiceID":"2","Grades":{"SC_5o0bt8t78cwRItT":"1","SC_bxfiu9cyK8xweHj":"1"},"index":0},{"ChoiceID":"1","Grades":{"SC_eWf9Zugxjy0l3Vj":"1","SC_bxfiu9cyK8xweHj":"-1"},"index":1}]}},{"SurveyID":"SV_bCRoUzEPrHUSbml","Element":"SQ","PrimaryAttribute":"QID133","SecondaryAttribute":".","TertiaryAttribute":null,"Payload":{"QuestionText":".","DataExportTag":"32","QuestionType":"MC","Selector":"SAHR","SubSelector":"TX","Configuration":{"QuestionDescriptionOption":"UseText","LabelPosition":"BELOW"},"QuestionDescription":".","Choices":{"1":{"Display":"separate"},"2":{"Display":"seperate"}},"ChoiceOrder":["1","2"],"Validation":{"Settings":{"ForceResponse":"ON","ForceResponseType":"ON","Type":"None"}},"Language":[],"QuestionID":"QID133","GradingData":[{"ChoiceID":"1","Grades":{"SC_5o0bt8t78cwRItT":"1","SC_bxfiu9cyK8xweHj":"1"},"index":0},{"ChoiceID":"2","Grades":{"SC_eWf9Zugxjy0l3Vj":"1","SC_bxfiu9cyK8xweHj":"-1"},"index":1}]}},{"SurveyID":"SV_bCRoUzEPrHUSbml","Element":"SQ","PrimaryAttribute":"QID134","SecondaryAttribute":".","TertiaryAttribute":null,"Payload":{"QuestionText":".","DataExportTag":"33","QuestionType":"MC","Selector":"SAHR","SubSelector":"TX","Configuration":{"QuestionDescriptionOption":"UseText","LabelPosition":"BELOW"},"QuestionDescription":".","Choices":{"1":{"Display":"mother"},"2":{"Display":"muther"}},"ChoiceOrder":["1","2"],"Validation":{"Settings":{"ForceResponse":"ON","ForceResponseType":"ON","Type":"None"}},"Language":[],"QuestionID":"QID134","GradingData":[{"ChoiceID":"1","Grades":{"SC_5o0bt8t78cwRItT":"1","SC_bxfiu9cyK8xweHj":"1"},"index":0},{"ChoiceID":"2","Grades":{"SC_eWf9Zugxjy0l3Vj":"1","SC_bxfiu9cyK8xweHj":"-1"},"index":1}]}},{"SurveyID":"SV_bCRoUzEPrHUSbml","Element":"SQ","PrimaryAttribute":"QID135","SecondaryAttribute":".","TertiaryAttribute":null,"Payload":{"QuestionText":".","DataExportTag":"34","QuestionType":"MC","Selector":"SAHR","SubSelector":"TX","Configuration":{"QuestionDescriptionOption":"UseText","LabelPosition":"BELOW"},"QuestionDescription":".","Choices":{"1":{"Display":"misspell"},"2":{"Display":"mispell"}},"ChoiceOrder":["1","2"],"Validation":{"Settings":{"ForceResponse":"ON","ForceResponseType":"ON","Type":"None"}},"Language":[],"QuestionID":"QID135","GradingData":[{"ChoiceID":"1","Grades":{"SC_5o0bt8t78cwRItT":"1","SC_bxfiu9cyK8xweHj":"1"},"index":0},{"ChoiceID":"2","Grades":{"SC_eWf9Zugxjy0l3Vj":"1","SC_bxfiu9cyK8xweHj":"-1"},"index":1}]}},{"SurveyID":"SV_bCRoUzEPrHUSbml","Element":"SQ","PrimaryAttribute":"QID136","SecondaryAttribute":".","TertiaryAttribute":null,"Payload":{"QuestionText":".","DataExportTag":"35","QuestionType":"MC","Selector":"SAHR","SubSelector":"TX","Configuration":{"QuestionDescriptionOption":"UseText","LabelPosition":"BELOW"},"QuestionDescription":".","Choices":{"1":{"Display":"successful"},"2":{"Display":"succesful"}},"ChoiceOrder":["1","2"],"Validation":{"Settings":{"ForceResponse":"ON","ForceResponseType":"ON","Type":"None"}},"Language":[],"QuestionID":"QID136","GradingData":[{"ChoiceID":"1","Grades":{"SC_5o0bt8t78cwRItT":"1","SC_bxfiu9cyK8xweHj":"1"},"index":0},{"ChoiceID":"2","Grades":{"SC_eWf9Zugxjy0l3Vj":"1","SC_bxfiu9cyK8xweHj":"-1"},"index":1}]}},{"SurveyID":"SV_bCRoUzEPrHUSbml","Element":"SQ","PrimaryAttribute":"QID137","SecondaryAttribute":".","TertiaryAttribute":null,"Payload":{"QuestionText":".","DataExportTag":"36","QuestionType":"MC","Selector":"SAHR","SubSelector":"TX","Configuration":{"QuestionDescriptionOption":"UseText","LabelPosition":"BELOW"},"QuestionDescription":".","Choices":{"1":{"Display":"curiosity"},"2":{"Display":"curiousity"}},"ChoiceOrder":["1","2"],"Validation":{"Settings":{"ForceResponse":"ON","ForceResponseType":"ON","Type":"None"}},"Language":[],"QuestionID":"QID137","GradingData":[{"ChoiceID":"1","Grades":{"SC_5o0bt8t78cwRItT":"1","SC_bxfiu9cyK8xweHj":"1"},"index":0},{"ChoiceID":"2","Grades":{"SC_eWf9Zugxjy0l3Vj":"1","SC_bxfiu9cyK8xweHj":"-1"},"index":1}]}},{"SurveyID":"SV_bCRoUzEPrHUSbml","Element":"SQ","PrimaryAttribute":"QID138","SecondaryAttribute":".","TertiaryAttribute":null,"Payload":{"QuestionText":".","DataExportTag":"37","QuestionType":"MC","Selector":"SAHR","SubSelector":"TX","Configuration":{"QuestionDescriptionOption":"UseText","LabelPosition":"BELOW"},"QuestionDescription":".","Choices":{"1":{"Display":"across"},"2":{"Display":"accross"}},"ChoiceOrder":["1","2"],"Validation":{"Settings":{"ForceResponse":"ON","ForceResponseType":"ON","Type":"None"}},"Language":[],"QuestionID":"QID138","GradingData":[{"ChoiceID":"1","Grades":{"SC_5o0bt8t78cwRItT":"1","SC_bxfiu9cyK8xweHj":"1"},"index":0},{"ChoiceID":"2","Grades":{"SC_eWf9Zugxjy0l3Vj":"1","SC_bxfiu9cyK8xweHj":"-1"},"index":1}]}},{"SurveyID":"SV_bCRoUzEPrHUSbml","Element":"SQ","PrimaryAttribute":"QID139","SecondaryAttribute":".","TertiaryAttribute":null,"Payload":{"QuestionText":".","DataExportTag":"38","QuestionType":"MC","Selector":"SAHR","SubSelector":"TX","Configuration":{"QuestionDescriptionOption":"UseText","LabelPosition":"BELOW"},"QuestionDescription":".","Choices":{"1":{"Display":"irresistable"},"2":{"Display":"irresistible"}},"ChoiceOrder":["1","2"],"Validation":{"Settings":{"ForceResponse":"ON","ForceResponseType":"ON","Type":"None"}},"Language":[],"QuestionID":"QID139","GradingData":[{"ChoiceID":"2","Grades":{"SC_5o0bt8t78cwRItT":"1","SC_bxfiu9cyK8xweHj":"1"},"index":0},{"ChoiceID":"1","Grades":{"SC_eWf9Zugxjy0l3Vj":"1","SC_bxfiu9cyK8xweHj":"-1"},"index":1}]}},{"SurveyID":"SV_bCRoUzEPrHUSbml","Element":"SQ","PrimaryAttribute":"QID140","SecondaryAttribute":".","TertiaryAttribute":null,"Payload":{"QuestionText":".","DataExportTag":"39","QuestionType":"MC","Selector":"SAHR","SubSelector":"TX","Configuration":{"QuestionDescriptionOption":"UseText","LabelPosition":"BELOW"},"QuestionDescription":".","Choices":{"1":{"Display":"bizzare"},"2":{"Display":"bizarre"}},"ChoiceOrder":["1","2"],"Validation":{"Settings":{"ForceResponse":"ON","ForceResponseType":"ON","Type":"None"}},"Language":[],"QuestionID":"QID140","GradingData":[{"ChoiceID":"2","Grades":{"SC_5o0bt8t78cwRItT":"1","SC_bxfiu9cyK8xweHj":"1"},"index":0},{"ChoiceID":"1","Grades":{"SC_eWf9Zugxjy0l3Vj":"1","SC_bxfiu9cyK8xweHj":"-1"},"index":1}]}},{"SurveyID":"SV_bCRoUzEPrHUSbml","Element":"SQ","PrimaryAttribute":"QID141","SecondaryAttribute":".","TertiaryAttribute":null,"Payload":{"QuestionText":".","DataExportTag":"40","QuestionType":"MC","Selector":"SAHR","SubSelector":"TX","Configuration":{"QuestionDescriptionOption":"UseText","LabelPosition":"BELOW"},"QuestionDescription":".","Choices":{"1":{"Display":"completly"},"2":{"Display":"completely"}},"ChoiceOrder":["1","2"],"Validation":{"Settings":{"ForceResponse":"ON","ForceResponseType":"ON","Type":"None"}},"Language":[],"QuestionID":"QID141","GradingData":[{"ChoiceID":"2","Grades":{"SC_5o0bt8t78cwRItT":"1","SC_bxfiu9cyK8xweHj":"1"},"index":0},{"ChoiceID":"1","Grades":{"SC_eWf9Zugxjy0l3Vj":"1","SC_bxfiu9cyK8xweHj":"-1"},"index":1}]}},{"SurveyID":"SV_bCRoUzEPrHUSbml","Element":"SQ","PrimaryAttribute":"QID143","SecondaryAttribute":".","TertiaryAttribute":null,"Payload":{"QuestionText":".","DataExportTag":"41","QuestionType":"MC","Selector":"SAHR","SubSelector":"TX","Configuration":{"QuestionDescriptionOption":"UseText","LabelPosition":"BELOW"},"QuestionDescription":".","Choices":{"1":{"Display":"tendancy"},"2":{"Display":"tendency"}},"ChoiceOrder":["1","2"],"Validation":{"Settings":{"ForceResponse":"ON","ForceResponseType":"ON","Type":"None"}},"Language":[],"QuestionID":"QID143","GradingData":[{"ChoiceID":"2","Grades":{"SC_5o0bt8t78cwRItT":"1","SC_bxfiu9cyK8xweHj":"1"},"index":0},{"ChoiceID":"1","Grades":{"SC_eWf9Zugxjy0l3Vj":"1","SC_bxfiu9cyK8xweHj":"-1"},"index":1}]}},{"SurveyID":"SV_bCRoUzEPrHUSbml","Element":"SQ","PrimaryAttribute":"QID144","SecondaryAttribute":".","TertiaryAttribute":null,"Payload":{"QuestionText":".","DataExportTag":"42","QuestionType":"MC","Selector":"SAHR","SubSelector":"TX","Configuration":{"QuestionDescriptionOption":"UseText","LabelPosition":"BELOW"},"QuestionDescription":".","Choices":{"1":{"Display":"fluorescent"},"2":{"Display":"florescent"}},"ChoiceOrder":["1","2"],"Validation":{"Settings":{"ForceResponse":"ON","ForceResponseType":"ON","Type":"None"}},"Language":[],"QuestionID":"QID144","GradingData":[{"ChoiceID":"1","Grades":{"SC_5o0bt8t78cwRItT":"1","SC_bxfiu9cyK8xweHj":"1"},"index":0},{"ChoiceID":"2","Grades":{"SC_eWf9Zugxjy0l3Vj":"1","SC_bxfiu9cyK8xweHj":"-1"},"index":1}]}},{"SurveyID":"SV_bCRoUzEPrHUSbml","Element":"SQ","PrimaryAttribute":"QID145","SecondaryAttribute":".","TertiaryAttribute":null,"Payload":{"QuestionText":".","DataExportTag":"43","QuestionType":"MC","Selector":"SAHR","SubSelector":"TX","Configuration":{"QuestionDescriptionOption":"UseText","LabelPosition":"BELOW"},"QuestionDescription":".","Choices":{"1":{"Display":"acheive"},"2":{"Display":"achieve"}},"ChoiceOrder":["1","2"],"Validation":{"Settings":{"ForceResponse":"ON","ForceResponseType":"ON","Type":"None"}},"Language":[],"QuestionID":"QID145","GradingData":[{"ChoiceID":"2","Grades":{"SC_5o0bt8t78cwRItT":"1","SC_bxfiu9cyK8xweHj":"1"},"index":0},{"ChoiceID":"1","Grades":{"SC_eWf9Zugxjy0l3Vj":"1","SC_bxfiu9cyK8xweHj":"-1"},"index":1}]}},{"SurveyID":"SV_bCRoUzEPrHUSbml","Element":"SQ","PrimaryAttribute":"QID146","SecondaryAttribute":".","TertiaryAttribute":null,"Payload":{"QuestionText":".","DataExportTag":"44","QuestionType":"MC","Selector":"SAHR","SubSelector":"TX","Configuration":{"QuestionDescriptionOption":"UseText","LabelPosition":"BELOW"},"QuestionDescription":".","Choices":{"1":{"Display":"religious"},"2":{"Display":"religous"}},"ChoiceOrder":["1","2"],"Validation":{"Settings":{"ForceResponse":"ON","ForceResponseType":"ON","Type":"None"}},"Language":[],"QuestionID":"QID146","GradingData":[{"ChoiceID":"1","Grades":{"SC_5o0bt8t78cwRItT":"1","SC_bxfiu9cyK8xweHj":"1"},"index":0},{"ChoiceID":"2","Grades":{"SC_eWf9Zugxjy0l3Vj":"1","SC_bxfiu9cyK8xweHj":"-1"},"index":1}]}},{"SurveyID":"SV_bCRoUzEPrHUSbml","Element":"SQ","PrimaryAttribute":"QID147","SecondaryAttribute":".","TertiaryAttribute":null,"Payload":{"QuestionText":".","DataExportTag":"45","QuestionType":"MC","Selector":"SAHR","SubSelector":"TX","Configuration":{"QuestionDescriptionOption":"UseText","LabelPosition":"BELOW"},"QuestionDescription":".","Choices":{"1":{"Display":"prefered"},"2":{"Display":"preferred"}},"ChoiceOrder":["1","2"],"Validation":{"Settings":{"ForceResponse":"ON","ForceResponseType":"ON","Type":"None"}},"Language":[],"QuestionID":"QID147","GradingData":[{"ChoiceID":"2","Grades":{"SC_5o0bt8t78cwRItT":"1","SC_bxfiu9cyK8xweHj":"1"},"index":0},{"ChoiceID":"1","Grades":{"SC_eWf9Zugxjy0l3Vj":"1","SC_bxfiu9cyK8xweHj":"-1"},"index":1}]}},{"SurveyID":"SV_bCRoUzEPrHUSbml","Element":"SQ","PrimaryAttribute":"QID148","SecondaryAttribute":".","TertiaryAttribute":null,"Payload":{"QuestionText":".","DataExportTag":"46","QuestionType":"MC","Selector":"SAHR","SubSelector":"TX","Configuration":{"QuestionDescriptionOption":"UseText","LabelPosition":"BELOW"},"QuestionDescription":".","Choices":{"1":{"Display":"existence"},"2":{"Display":"existance"}},"ChoiceOrder":["1","2"],"Validation":{"Settings":{"ForceResponse":"ON","ForceResponseType":"ON","Type":"None"}},"Language":[],"QuestionID":"QID148","GradingData":[{"ChoiceID":"1","Grades":{"SC_5o0bt8t78cwRItT":"1","SC_bxfiu9cyK8xweHj":"1"},"index":0},{"ChoiceID":"2","Grades":{"SC_eWf9Zugxjy0l3Vj":"1","SC_bxfiu9cyK8xweHj":"-1"},"index":1}]}},{"SurveyID":"SV_bCRoUzEPrHUSbml","Element":"SQ","PrimaryAttribute":"QID149","SecondaryAttribute":".","TertiaryAttribute":null,"Payload":{"QuestionText":".","DataExportTag":"47","QuestionType":"MC","Selector":"SAHR","SubSelector":"TX","Configuration":{"QuestionDescriptionOption":"UseText","LabelPosition":"BELOW"},"QuestionDescription":".","Choices":{"1":{"Display":"gist"},"2":{"Display":"jist"}},"ChoiceOrder":["1","2"],"Validation":{"Settings":{"ForceResponse":"ON","ForceResponseType":"ON","Type":"None"}},"Language":[],"QuestionID":"QID149","GradingData":[{"ChoiceID":"1","Grades":{"SC_5o0bt8t78cwRItT":"1","SC_bxfiu9cyK8xweHj":"1"},"index":0},{"ChoiceID":"2","Grades":{"SC_eWf9Zugxjy0l3Vj":"1","SC_bxfiu9cyK8xweHj":"-1"},"index":1}]}},{"SurveyID":"SV_bCRoUzEPrHUSbml","Element":"SQ","PrimaryAttribute":"QID150","SecondaryAttribute":".","TertiaryAttribute":null,"Payload":{"QuestionText":".","DataExportTag":"48","QuestionType":"MC","Selector":"SAHR","SubSelector":"TX","Configuration":{"QuestionDescriptionOption":"UseText","LabelPosition":"BELOW"},"QuestionDescription":".","Choices":{"1":{"Display":"untill"},"2":{"Display":"until"}},"ChoiceOrder":["1","2"],"Validation":{"Settings":{"ForceResponse":"ON","ForceResponseType":"ON","Type":"None"}},"Language":[],"QuestionID":"QID150","GradingData":[{"ChoiceID":"2","Grades":{"SC_5o0bt8t78cwRItT":"1","SC_bxfiu9cyK8xweHj":"1"},"index":0},{"ChoiceID":"1","Grades":{"SC_eWf9Zugxjy0l3Vj":"1","SC_bxfiu9cyK8xweHj":"-1"},"index":1}]}},{"SurveyID":"SV_bCRoUzEPrHUSbml","Element":"SQ","PrimaryAttribute":"QID151","SecondaryAttribute":".","TertiaryAttribute":null,"Payload":{"QuestionText":".","DataExportTag":"49","QuestionType":"MC","Selector":"SAHR","SubSelector":"TX","Configuration":{"QuestionDescriptionOption":"UseText","LabelPosition":"BELOW"},"QuestionDescription":".","Choices":{"1":{"Display":"license"},"2":{"Display":"liscense"}},"ChoiceOrder":["1","2"],"Validation":{"Settings":{"ForceResponse":"ON","ForceResponseType":"ON","Type":"None"}},"Language":[],"QuestionID":"QID151","GradingData":[{"ChoiceID":"1","Grades":{"SC_5o0bt8t78cwRItT":"1","SC_bxfiu9cyK8xweHj":"1"},"index":0},{"ChoiceID":"2","Grades":{"SC_eWf9Zugxjy0l3Vj":"1","SC_bxfiu9cyK8xweHj":"-1"},"index":1}]}},{"SurveyID":"SV_bCRoUzEPrHUSbml","Element":"SQ","PrimaryAttribute":"QID152","SecondaryAttribute":".","TertiaryAttribute":null,"Payload":{"QuestionText":".","DataExportTag":"50","QuestionType":"MC","Selector":"SAHR","SubSelector":"TX","Configuration":{"QuestionDescriptionOption":"UseText","LabelPosition":"BELOW"},"QuestionDescription":".","Choices":{"1":{"Display":"teecher"},"2":{"Display":"teacher"}},"ChoiceOrder":["1","2"],"Validation":{"Settings":{"ForceResponse":"ON","ForceResponseType":"ON","Type":"None"}},"Language":[],"QuestionID":"QID152","GradingData":[{"ChoiceID":"1","Grades":{"SC_eWf9Zugxjy0l3Vj":"1","SC_bxfiu9cyK8xweHj":"-1"},"index":0},{"ChoiceID":"2","Grades":{"SC_bxfiu9cyK8xweHj":"1","SC_5o0bt8t78cwRItT":"1"},"index":1}]}},{"SurveyID":"SV_bCRoUzEPrHUSbml","Element":"SQ","PrimaryAttribute":"QID154","SecondaryAttribute":".","TertiaryAttribute":null,"Payload":{"QuestionText":".","DataExportTag":"51","QuestionType":"MC","Selector":"SAHR","SubSelector":"TX","Configuration":{"QuestionDescriptionOption":"UseText","LabelPosition":"BELOW"},"QuestionDescription":".","Choices":{"1":{"Display":"humorous"},"2":{"Display":"humourous"}},"ChoiceOrder":["1","2"],"Validation":{"Settings":{"ForceResponse":"ON","ForceResponseType":"ON","Type":"None"}},"Language":[],"QuestionID":"QID154","GradingData":[{"ChoiceID":"1","Grades":{"SC_5o0bt8t78cwRItT":"1","SC_bxfiu9cyK8xweHj":"1"},"index":0},{"ChoiceID":"2","Grades":{"SC_eWf9Zugxjy0l3Vj":"1","SC_bxfiu9cyK8xweHj":"-1"},"index":1}]}},{"SurveyID":"SV_bCRoUzEPrHUSbml","Element":"SQ","PrimaryAttribute":"QID155","SecondaryAttribute":".","TertiaryAttribute":null,"Payload":{"QuestionText":".","DataExportTag":"52","QuestionType":"MC","Selector":"SAHR","SubSelector":"TX","Configuration":{"QuestionDescriptionOption":"UseText","LabelPosition":"BELOW"},"QuestionDescription":".","Choices":{"1":{"Display":"tongue"},"2":{"Display":"tounge"}},"ChoiceOrder":["1","2"],"Validation":{"Settings":{"ForceResponse":"ON","ForceResponseType":"ON","Type":"None"}},"Language":[],"QuestionID":"QID155","GradingData":[{"ChoiceID":"1","Grades":{"SC_5o0bt8t78cwRItT":"1","SC_bxfiu9cyK8xweHj":"1"},"index":0},{"ChoiceID":"2","Grades":{"SC_eWf9Zugxjy0l3Vj":"1","SC_bxfiu9cyK8xweHj":"-1"},"index":1}]}},{"SurveyID":"SV_bCRoUzEPrHUSbml","Element":"SQ","PrimaryAttribute":"QID156","SecondaryAttribute":".","TertiaryAttribute":null,"Payload":{"QuestionText":".","DataExportTag":"53","QuestionType":"MC","Selector":"SAHR","SubSelector":"TX","Configuration":{"QuestionDescriptionOption":"UseText","LabelPosition":"BELOW"},"QuestionDescription":".","Choices":{"1":{"Display":"guard"},"2":{"Display":"gaurd"}},"ChoiceOrder":["1","2"],"Validation":{"Settings":{"ForceResponse":"ON","ForceResponseType":"ON","Type":"None"}},"Language":[],"QuestionID":"QID156","GradingData":[{"ChoiceID":"1","Grades":{"SC_5o0bt8t78cwRItT":"1","SC_bxfiu9cyK8xweHj":"1"},"index":0},{"ChoiceID":"2","Grades":{"SC_eWf9Zugxjy0l3Vj":"1","SC_bxfiu9cyK8xweHj":"-1"},"index":1}]}},{"SurveyID":"SV_bCRoUzEPrHUSbml","Element":"SQ","PrimaryAttribute":"QID157","SecondaryAttribute":".","TertiaryAttribute":null,"Payload":{"QuestionText":".","DataExportTag":"54","QuestionType":"MC","Selector":"SAHR","SubSelector":"TX","Configuration":{"QuestionDescriptionOption":"UseText","LabelPosition":"BELOW"},"QuestionDescription":".","Choices":{"1":{"Display":"receive"},"2":{"Display":"recieve"}},"ChoiceOrder":["1","2"],"Validation":{"Settings":{"ForceResponse":"ON","ForceResponseType":"ON","Type":"None"}},"Language":[],"QuestionID":"QID157","GradingData":[{"ChoiceID":"1","Grades":{"SC_5o0bt8t78cwRItT":"1","SC_bxfiu9cyK8xweHj":"1"},"index":0},{"ChoiceID":"2","Grades":{"SC_eWf9Zugxjy0l3Vj":"1","SC_bxfiu9cyK8xweHj":"-1"},"index":1}]}},{"SurveyID":"SV_bCRoUzEPrHUSbml","Element":"SQ","PrimaryAttribute":"QID158","SecondaryAttribute":".","TertiaryAttribute":null,"Payload":{"QuestionText":".","DataExportTag":"55","QuestionType":"MC","Selector":"SAHR","SubSelector":"TX","Configuration":{"QuestionDescriptionOption":"UseText","LabelPosition":"BELOW"},"QuestionDescription":".","Choices":{"1":{"Display":"publically"},"2":{"Display":"publicly"}},"ChoiceOrder":["1","2"],"Validation":{"Settings":{"ForceResponse":"ON","ForceResponseType":"ON","Type":"None"}},"Language":[],"QuestionID":"QID158","GradingData":[{"ChoiceID":"2","Grades":{"SC_5o0bt8t78cwRItT":"1","SC_bxfiu9cyK8xweHj":"1"},"index":0},{"ChoiceID":"1","Grades":{"SC_eWf9Zugxjy0l3Vj":"1","SC_bxfiu9cyK8xweHj":"-1"},"index":1}]}},{"SurveyID":"SV_bCRoUzEPrHUSbml","Element":"SQ","PrimaryAttribute":"QID159","SecondaryAttribute":".","TertiaryAttribute":null,"Payload":{"QuestionText":".","DataExportTag":"56","QuestionType":"MC","Selector":"SAHR","SubSelector":"TX","Configuration":{"QuestionDescriptionOption":"UseText","LabelPosition":"BELOW"},"QuestionDescription":".","Choices":{"1":{"Display":"incidentally"},"2":{"Display":"incidently"}},"ChoiceOrder":["1","2"],"Validation":{"Settings":{"ForceResponse":"ON","ForceResponseType":"ON","Type":"None"}},"Language":[],"QuestionID":"QID159","GradingData":[{"ChoiceID":"1","Grades":{"SC_5o0bt8t78cwRItT":"1","SC_bxfiu9cyK8xweHj":"1"},"index":0},{"ChoiceID":"2","Grades":{"SC_eWf9Zugxjy0l3Vj":"1","SC_bxfiu9cyK8xweHj":"-1"},"index":1}]}},{"SurveyID":"SV_bCRoUzEPrHUSbml","Element":"SQ","PrimaryAttribute":"QID160","SecondaryAttribute":".","TertiaryAttribute":null,"Payload":{"QuestionText":".","DataExportTag":"57","QuestionType":"MC","Selector":"SAHR","SubSelector":"TX","Configuration":{"QuestionDescriptionOption":"UseText","LabelPosition":"BELOW"},"QuestionDescription":".","Choices":{"1":{"Display":"cemetary"},"2":{"Display":"cemetery"}},"ChoiceOrder":["1","2"],"Validation":{"Settings":{"ForceResponse":"ON","ForceResponseType":"ON","Type":"None"}},"Language":[],"QuestionID":"QID160","GradingData":[{"ChoiceID":"2","Grades":{"SC_5o0bt8t78cwRItT":"1","SC_bxfiu9cyK8xweHj":"1"},"index":0},{"ChoiceID":"1","Grades":{"SC_eWf9Zugxjy0l3Vj":"1","SC_bxfiu9cyK8xweHj":"-1"},"index":1}]}},{"SurveyID":"SV_bCRoUzEPrHUSbml","Element":"SQ","PrimaryAttribute":"QID161","SecondaryAttribute":".","TertiaryAttribute":null,"Payload":{"QuestionText":".","DataExportTag":"58","QuestionType":"MC","Selector":"SAHR","SubSelector":"TX","Configuration":{"QuestionDescriptionOption":"UseText","LabelPosition":"BELOW"},"QuestionDescription":".","Choices":{"1":{"Display":"possession"},"2":{"Display":"posession"}},"ChoiceOrder":["1","2"],"Validation":{"Settings":{"ForceResponse":"ON","ForceResponseType":"ON","Type":"None"}},"Language":[],"QuestionID":"QID161","GradingData":[{"ChoiceID":"1","Grades":{"SC_5o0bt8t78cwRItT":"1","SC_bxfiu9cyK8xweHj":"1"},"index":0},{"ChoiceID":"2","Grades":{"SC_eWf9Zugxjy0l3Vj":"1","SC_bxfiu9cyK8xweHj":"-1"},"index":1}]}},{"SurveyID":"SV_bCRoUzEPrHUSbml","Element":"SQ","PrimaryAttribute":"QID162","SecondaryAttribute":".","TertiaryAttribute":null,"Payload":{"QuestionText":".","DataExportTag":"59","QuestionType":"MC","Selector":"SAHR","SubSelector":"TX","Configuration":{"QuestionDescriptionOption":"UseText","LabelPosition":"BELOW"},"QuestionDescription":".","Choices":{"1":{"Display":"agressive"},"2":{"Display":"aggressive"}},"ChoiceOrder":["1","2"],"Validation":{"Settings":{"ForceResponse":"ON","ForceResponseType":"ON","Type":"None"}},"Language":[],"QuestionID":"QID162","GradingData":[{"ChoiceID":"2","Grades":{"SC_5o0bt8t78cwRItT":"1","SC_bxfiu9cyK8xweHj":"1"},"index":0},{"ChoiceID":"1","Grades":{"SC_eWf9Zugxjy0l3Vj":"1","SC_bxfiu9cyK8xweHj":"-1"},"index":1}]}},{"SurveyID":"SV_bCRoUzEPrHUSbml","Element":"SQ","PrimaryAttribute":"QID163","SecondaryAttribute":".","TertiaryAttribute":null,"Payload":{"QuestionText":".","DataExportTag":"60","QuestionType":"MC","Selector":"SAHR","SubSelector":"TX","Configuration":{"QuestionDescriptionOption":"UseText","LabelPosition":"BELOW"},"QuestionDescription":".","Choices":{"1":{"Display":"liason"},"2":{"Display":"liaison"}},"ChoiceOrder":["1","2"],"Validation":{"Settings":{"ForceResponse":"ON","ForceResponseType":"ON","Type":"None"}},"Language":[],"QuestionID":"QID163","GradingData":[{"ChoiceID":"2","Grades":{"SC_5o0bt8t78cwRItT":"1","SC_bxfiu9cyK8xweHj":"1"},"index":0},{"ChoiceID":"1","Grades":{"SC_eWf9Zugxjy0l3Vj":"1","SC_bxfiu9cyK8xweHj":"-1"},"index":1}]}},{"SurveyID":"SV_bCRoUzEPrHUSbml","Element":"SQ","PrimaryAttribute":"QID165","SecondaryAttribute":".","TertiaryAttribute":null,"Payload":{"QuestionText":".","DataExportTag":"61","QuestionType":"MC","Selector":"SAHR","SubSelector":"TX","Configuration":{"QuestionDescriptionOption":"UseText","LabelPosition":"BELOW"},"QuestionDescription":".","Choices":{"1":{"Display":"threshold"},"2":{"Display":"threshhold"}},"ChoiceOrder":["1","2"],"Validation":{"Settings":{"ForceResponse":"ON","ForceResponseType":"ON","Type":"None"}},"Language":[],"QuestionID":"QID165","GradingData":[{"ChoiceID":"1","Grades":{"SC_5o0bt8t78cwRItT":"1","SC_bxfiu9cyK8xweHj":"1"},"index":0},{"ChoiceID":"2","Grades":{"SC_eWf9Zugxjy0l3Vj":"1","SC_bxfiu9cyK8xweHj":"-1"},"index":1}]}},{"SurveyID":"SV_bCRoUzEPrHUSbml","Element":"SQ","PrimaryAttribute":"QID166","SecondaryAttribute":".","TertiaryAttribute":null,"Payload":{"QuestionText":".","DataExportTag":"62","QuestionType":"MC","Selector":"SAHR","SubSelector":"TX","Configuration":{"QuestionDescriptionOption":"UseText","LabelPosition":"BELOW"},"QuestionDescription":".","Choices":{"1":{"Display":"business"},"2":{"Display":"buisness"}},"ChoiceOrder":["1","2"],"Validation":{"Settings":{"ForceResponse":"ON","ForceResponseType":"ON","Type":"None"}},"Language":[],"QuestionID":"QID166","GradingData":[{"ChoiceID":"1","Grades":{"SC_5o0bt8t78cwRItT":"1","SC_bxfiu9cyK8xweHj":"1"},"index":0},{"ChoiceID":"2","Grades":{"SC_eWf9Zugxjy0l3Vj":"1","SC_bxfiu9cyK8xweHj":"-1"},"index":1}]}},{"SurveyID":"SV_bCRoUzEPrHUSbml","Element":"SQ","PrimaryAttribute":"QID167","SecondaryAttribute":".","TertiaryAttribute":null,"Payload":{"QuestionText":".","DataExportTag":"63","QuestionType":"MC","Selector":"SAHR","SubSelector":"TX","Configuration":{"QuestionDescriptionOption":"UseText","LabelPosition":"BELOW"},"QuestionDescription":".","Choices":{"1":{"Display":"dilemma"},"2":{"Display":"dilemna"}},"ChoiceOrder":["1","2"],"Validation":{"Settings":{"ForceResponse":"ON","ForceResponseType":"ON","Type":"None"}},"Language":[],"QuestionID":"QID167","GradingData":[{"ChoiceID":"1","Grades":{"SC_5o0bt8t78cwRItT":"1","SC_bxfiu9cyK8xweHj":"1"},"index":0},{"ChoiceID":"2","Grades":{"SC_eWf9Zugxjy0l3Vj":"1","SC_bxfiu9cyK8xweHj":"-1"},"index":1}]}},{"SurveyID":"SV_bCRoUzEPrHUSbml","Element":"SQ","PrimaryAttribute":"QID168","SecondaryAttribute":".","TertiaryAttribute":null,"Payload":{"QuestionText":".","DataExportTag":"64","QuestionType":"MC","Selector":"SAHR","SubSelector":"TX","Configuration":{"QuestionDescriptionOption":"UseText","LabelPosition":"BELOW"},"QuestionDescription":".","Choices":{"1":{"Display":"occasion"},"2":{"Display":"ocassion"}},"ChoiceOrder":["1","2"],"Validation":{"Settings":{"ForceResponse":"ON","ForceResponseType":"ON","Type":"None"}},"Language":[],"QuestionID":"QID168","GradingData":[{"ChoiceID":"1","Grades":{"SC_5o0bt8t78cwRItT":"1","SC_bxfiu9cyK8xweHj":"1"},"index":0},{"ChoiceID":"2","Grades":{"SC_eWf9Zugxjy0l3Vj":"1","SC_bxfiu9cyK8xweHj":"-1"},"index":1}]}},{"SurveyID":"SV_bCRoUzEPrHUSbml","Element":"SQ","PrimaryAttribute":"QID169","SecondaryAttribute":".","TertiaryAttribute":null,"Payload":{"QuestionText":".","DataExportTag":"65","QuestionType":"MC","Selector":"SAHR","SubSelector":"TX","Configuration":{"QuestionDescriptionOption":"UseText","LabelPosition":"BELOW"},"QuestionDescription":".","Choices":{"1":{"Display":"unforeseen"},"2":{"Display":"unforseen"}},"ChoiceOrder":["1","2"],"Validation":{"Settings":{"ForceResponse":"ON","ForceResponseType":"ON","Type":"None"}},"Language":[],"QuestionID":"QID169","GradingData":[{"ChoiceID":"1","Grades":{"SC_5o0bt8t78cwRItT":"1","SC_bxfiu9cyK8xweHj":"1"},"index":0},{"ChoiceID":"2","Grades":{"SC_eWf9Zugxjy0l3Vj":"1","SC_bxfiu9cyK8xweHj":"-1"},"index":1}]}},{"SurveyID":"SV_bCRoUzEPrHUSbml","Element":"SQ","PrimaryAttribute":"QID170","SecondaryAttribute":".","TertiaryAttribute":null,"Payload":{"QuestionText":".","DataExportTag":"66","QuestionType":"MC","Selector":"SAHR","SubSelector":"TX","Configuration":{"QuestionDescriptionOption":"UseText","LabelPosition":"BELOW"},"QuestionDescription":".","Choices":{"1":{"Display":"disappoint"},"2":{"Display":"dissapoint"}},"ChoiceOrder":["1","2"],"Validation":{"Settings":{"ForceResponse":"ON","ForceResponseType":"ON","Type":"None"}},"Language":[],"QuestionID":"QID170","GradingData":[{"ChoiceID":"1","Grades":{"SC_5o0bt8t78cwRItT":"1","SC_bxfiu9cyK8xweHj":"1"},"index":0},{"ChoiceID":"2","Grades":{"SC_eWf9Zugxjy0l3Vj":"1","SC_bxfiu9cyK8xweHj":"-1"},"index":1}]}},{"SurveyID":"SV_bCRoUzEPrHUSbml","Element":"SQ","PrimaryAttribute":"QID171","SecondaryAttribute":".","TertiaryAttribute":null,"Payload":{"QuestionText":".","DataExportTag":"67","QuestionType":"MC","Selector":"SAHR","SubSelector":"TX","Configuration":{"QuestionDescriptionOption":"UseText","LabelPosition":"BELOW"},"QuestionDescription":".","Choices":{"1":{"Display":"chauffeur"},"2":{"Display":"chauffer"}},"ChoiceOrder":["1","2"],"Validation":{"Settings":{"ForceResponse":"ON","ForceResponseType":"ON","Type":"None"}},"Language":[],"QuestionID":"QID171","GradingData":[{"ChoiceID":"1","Grades":{"SC_5o0bt8t78cwRItT":"1","SC_bxfiu9cyK8xweHj":"1"},"index":0},{"ChoiceID":"2","Grades":{"SC_eWf9Zugxjy0l3Vj":"1","SC_bxfiu9cyK8xweHj":"-1"},"index":1}]}},{"SurveyID":"SV_bCRoUzEPrHUSbml","Element":"SQ","PrimaryAttribute":"QID172","SecondaryAttribute":".","TertiaryAttribute":null,"Payload":{"QuestionText":".","DataExportTag":"68","QuestionType":"MC","Selector":"SAHR","SubSelector":"TX","Configuration":{"QuestionDescriptionOption":"UseText","LabelPosition":"BELOW"},"QuestionDescription":".","Choices":{"1":{"Display":"Portugese"},"2":{"Display":"Portuguese"}},"ChoiceOrder":["1","2"],"Validation":{"Settings":{"ForceResponse":"ON","ForceResponseType":"ON","Type":"None"}},"Language":[],"QuestionID":"QID172","GradingData":[{"ChoiceID":"2","Grades":{"SC_5o0bt8t78cwRItT":"1","SC_bxfiu9cyK8xweHj":"1"},"index":0},{"ChoiceID":"1","Grades":{"SC_eWf9Zugxjy0l3Vj":"1","SC_bxfiu9cyK8xweHj":"-1"},"index":1}]}},{"SurveyID":"SV_bCRoUzEPrHUSbml","Element":"SQ","PrimaryAttribute":"QID173","SecondaryAttribute":".","TertiaryAttribute":null,"Payload":{"QuestionText":".","DataExportTag":"69","QuestionType":"MC","Selector":"SAHR","SubSelector":"TX","Configuration":{"QuestionDescriptionOption":"UseText","LabelPosition":"BELOW"},"QuestionDescription":".","Choices":{"1":{"Display":"immediatly"},"2":{"Display":"immediately"}},"ChoiceOrder":["1","2"],"Validation":{"Settings":{"ForceResponse":"ON","ForceResponseType":"ON","Type":"None"}},"Language":[],"QuestionID":"QID173","GradingData":[{"ChoiceID":"2","Grades":{"SC_5o0bt8t78cwRItT":"1","SC_bxfiu9cyK8xweHj":"1"},"index":0},{"ChoiceID":"1","Grades":{"SC_eWf9Zugxjy0l3Vj":"1","SC_bxfiu9cyK8xweHj":"-1"},"index":1}]}},{"SurveyID":"SV_bCRoUzEPrHUSbml","Element":"SQ","PrimaryAttribute":"QID174","SecondaryAttribute":".","TertiaryAttribute":null,"Payload":{"QuestionText":".","DataExportTag":"70","QuestionType":"MC","Selector":"SAHR","SubSelector":"TX","Configuration":{"QuestionDescriptionOption":"UseText","LabelPosition":"BELOW"},"QuestionDescription":".","Choices":{"1":{"Display":"interrupt"},"2":{"Display":"interupt"}},"ChoiceOrder":["1","2"],"Validation":{"Settings":{"ForceResponse":"ON","ForceResponseType":"ON","Type":"None"}},"Language":[],"QuestionID":"QID174","GradingData":[{"ChoiceID":"1","Grades":{"SC_5o0bt8t78cwRItT":"1","SC_bxfiu9cyK8xweHj":"1"},"index":0},{"ChoiceID":"2","Grades":{"SC_eWf9Zugxjy0l3Vj":"1","SC_bxfiu9cyK8xweHj":"-1"},"index":1}]}},{"SurveyID":"SV_bCRoUzEPrHUSbml","Element":"SQ","PrimaryAttribute":"QID176","SecondaryAttribute":".","TertiaryAttribute":null,"Payload":{"QuestionText":".","DataExportTag":"71","QuestionType":"MC","Selector":"SAHR","SubSelector":"TX","Configuration":{"QuestionDescriptionOption":"UseText","LabelPosition":"BELOW"},"QuestionDescription":".","Choices":{"1":{"Display":"beginning"},"2":{"Display":"begining"}},"ChoiceOrder":["1","2"],"Validation":{"Settings":{"ForceResponse":"ON","ForceResponseType":"ON","Type":"None"}},"Language":[],"QuestionID":"QID176","GradingData":[{"ChoiceID":"1","Grades":{"SC_5o0bt8t78cwRItT":"1","SC_bxfiu9cyK8xweHj":"1"},"index":0},{"ChoiceID":"2","Grades":{"SC_eWf9Zugxjy0l3Vj":"1","SC_bxfiu9cyK8xweHj":"-1"},"index":1}]}},{"SurveyID":"SV_bCRoUzEPrHUSbml","Element":"SQ","PrimaryAttribute":"QID177","SecondaryAttribute":".","TertiaryAttribute":null,"Payload":{"QuestionText":".","DataExportTag":"72","QuestionType":"MC","Selector":"SAHR","SubSelector":"TX","Configuration":{"QuestionDescriptionOption":"UseText","LabelPosition":"BELOW"},"QuestionDescription":".","Choices":{"1":{"Display":"resistence"},"2":{"Display":"resistance"}},"ChoiceOrder":["1","2"],"Validation":{"Settings":{"ForceResponse":"ON","ForceResponseType":"ON","Type":"None"}},"Language":[],"QuestionID":"QID177","GradingData":[{"ChoiceID":"2","Grades":{"SC_5o0bt8t78cwRItT":"1","SC_bxfiu9cyK8xweHj":"1"},"index":0},{"ChoiceID":"1","Grades":{"SC_eWf9Zugxjy0l3Vj":"1","SC_bxfiu9cyK8xweHj":"-1"},"index":1}]}},{"SurveyID":"SV_bCRoUzEPrHUSbml","Element":"SQ","PrimaryAttribute":"QID178","SecondaryAttribute":".","TertiaryAttribute":null,"Payload":{"QuestionText":".","DataExportTag":"73","QuestionType":"MC","Selector":"SAHR","SubSelector":"TX","Configuration":{"QuestionDescriptionOption":"UseText","LabelPosition":"BELOW"},"QuestionDescription":".","Choices":{"1":{"Display":"Neandertal"},"2":{"Display":"Neanderthal"}},"ChoiceOrder":["1","2"],"Validation":{"Settings":{"ForceResponse":"ON","ForceResponseType":"ON","Type":"None"}},"Language":[],"QuestionID":"QID178","GradingData":[{"ChoiceID":"2","Grades":{"SC_5o0bt8t78cwRItT":"1","SC_bxfiu9cyK8xweHj":"1"},"index":0},{"ChoiceID":"1","Grades":{"SC_eWf9Zugxjy0l3Vj":"1","SC_bxfiu9cyK8xweHj":"-1"},"index":1}]}},{"SurveyID":"SV_bCRoUzEPrHUSbml","Element":"SQ","PrimaryAttribute":"QID179","SecondaryAttribute":".","TertiaryAttribute":null,"Payload":{"QuestionText":".","DataExportTag":"74","QuestionType":"MC","Selector":"SAHR","SubSelector":"TX","Configuration":{"QuestionDescriptionOption":"UseText","LabelPosition":"BELOW"},"QuestionDescription":".","Choices":{"1":{"Display":"table"},"2":{"Display":"tabol"}},"ChoiceOrder":["1","2"],"Validation":{"Settings":{"ForceResponse":"ON","ForceResponseType":"ON","Type":"None"}},"Language":[],"QuestionID":"QID179","GradingData":[{"ChoiceID":"1","Grades":{"SC_5o0bt8t78cwRItT":"1","SC_bxfiu9cyK8xweHj":"1"},"index":0},{"ChoiceID":"2","Grades":{"SC_eWf9Zugxjy0l3Vj":"1","SC_bxfiu9cyK8xweHj":"-1"},"index":1}]}},{"SurveyID":"SV_bCRoUzEPrHUSbml","Element":"SQ","PrimaryAttribute":"QID180","SecondaryAttribute":".","TertiaryAttribute":null,"Payload":{"QuestionText":".","DataExportTag":"75","QuestionType":"MC","Selector":"SAHR","SubSelector":"TX","Configuration":{"QuestionDescriptionOption":"UseText","LabelPosition":"BELOW"},"QuestionDescription":".","Choices":{"1":{"Display":"refered"},"2":{"Display":"referred"}},"ChoiceOrder":["1","2"],"Validation":{"Settings":{"ForceResponse":"ON","ForceResponseType":"ON","Type":"None"}},"Language":[],"QuestionID":"QID180","GradingData":[{"ChoiceID":"2","Grades":{"SC_5o0bt8t78cwRItT":"1","SC_bxfiu9cyK8xweHj":"1"},"index":0},{"ChoiceID":"1","Grades":{"SC_eWf9Zugxjy0l3Vj":"1","SC_bxfiu9cyK8xweHj":"-1"},"index":1}]}},{"SurveyID":"SV_bCRoUzEPrHUSbml","Element":"SQ","PrimaryAttribute":"QID181","SecondaryAttribute":".","TertiaryAttribute":null,"Payload":{"QuestionText":".","DataExportTag":"76","QuestionType":"MC","Selector":"SAHR","SubSelector":"TX","Configuration":{"QuestionDescriptionOption":"UseText","LabelPosition":"BELOW"},"QuestionDescription":".","Choices":{"1":{"Display":"peice"},"2":{"Display":"piece"}},"ChoiceOrder":["1","2"],"Validation":{"Settings":{"ForceResponse":"ON","ForceResponseType":"ON","Type":"None"}},"Language":[],"QuestionID":"QID181","GradingData":[{"ChoiceID":"2","Grades":{"SC_5o0bt8t78cwRItT":"1","SC_bxfiu9cyK8xweHj":"1"},"index":0},{"ChoiceID":"1","Grades":{"SC_eWf9Zugxjy0l3Vj":"1","SC_bxfiu9cyK8xweHj":"-1"},"index":1}]}},{"SurveyID":"SV_bCRoUzEPrHUSbml","Element":"SQ","PrimaryAttribute":"QID182","SecondaryAttribute":".","TertiaryAttribute":null,"Payload":{"QuestionText":".","DataExportTag":"77","QuestionType":"MC","Selector":"SAHR","SubSelector":"TX","Configuration":{"QuestionDescriptionOption":"UseText","LabelPosition":"BELOW"},"QuestionDescription":".","Choices":{"1":{"Display":"fourty"},"2":{"Display":"forty"}},"ChoiceOrder":["1","2"],"Validation":{"Settings":{"ForceResponse":"ON","ForceResponseType":"ON","Type":"None"}},"Language":[],"QuestionID":"QID182","GradingData":[{"ChoiceID":"2","Grades":{"SC_5o0bt8t78cwRItT":"1","SC_bxfiu9cyK8xweHj":"1"},"index":0},{"ChoiceID":"1","Grades":{"SC_eWf9Zugxjy0l3Vj":"1","SC_bxfiu9cyK8xweHj":"-1"},"index":1}]}},{"SurveyID":"SV_bCRoUzEPrHUSbml","Element":"SQ","PrimaryAttribute":"QID183","SecondaryAttribute":".","TertiaryAttribute":null,"Payload":{"QuestionText":".","DataExportTag":"78","QuestionType":"MC","Selector":"SAHR","SubSelector":"TX","Configuration":{"QuestionDescriptionOption":"UseText","LabelPosition":"BELOW"},"QuestionDescription":".","Choices":{"1":{"Display":"politician"},"2":{"Display":"politican"}},"ChoiceOrder":["1","2"],"Validation":{"Settings":{"ForceResponse":"ON","ForceResponseType":"ON","Type":"None"}},"Language":[],"QuestionID":"QID183","GradingData":[{"ChoiceID":"1","Grades":{"SC_5o0bt8t78cwRItT":"1","SC_bxfiu9cyK8xweHj":"1"},"index":0},{"ChoiceID":"2","Grades":{"SC_eWf9Zugxjy0l3Vj":"1","SC_bxfiu9cyK8xweHj":"-1"},"index":1}]}},{"SurveyID":"SV_bCRoUzEPrHUSbml","Element":"SQ","PrimaryAttribute":"QID184","SecondaryAttribute":".","TertiaryAttribute":null,"Payload":{"QuestionText":".","DataExportTag":"79","QuestionType":"MC","Selector":"SAHR","SubSelector":"TX","Configuration":{"QuestionDescriptionOption":"UseText","LabelPosition":"BELOW"},"QuestionDescription":".","Choices":{"1":{"Display":"embarrass"},"2":{"Display":"embarass"}},"ChoiceOrder":["1","2"],"Validation":{"Settings":{"ForceResponse":"ON","ForceResponseType":"ON","Type":"None"}},"Language":[],"QuestionID":"QID184","GradingData":[{"ChoiceID":"1","Grades":{"SC_5o0bt8t78cwRItT":"1","SC_bxfiu9cyK8xweHj":"1"},"index":0},{"ChoiceID":"2","Grades":{"SC_eWf9Zugxjy0l3Vj":"1","SC_bxfiu9cyK8xweHj":"-1"},"index":1}]}},{"SurveyID":"SV_bCRoUzEPrHUSbml","Element":"SQ","PrimaryAttribute":"QID185","SecondaryAttribute":".","TertiaryAttribute":null,"Payload":{"QuestionText":".","DataExportTag":"80","QuestionType":"MC","Selector":"SAHR","SubSelector":"TX","Configuration":{"QuestionDescriptionOption":"UseText","LabelPosition":"BELOW"},"QuestionDescription":".","Choices":{"1":{"Display":"harrassment"},"2":{"Display":"harassment"}},"ChoiceOrder":["1","2"],"Validation":{"Settings":{"ForceResponse":"ON","ForceResponseType":"ON","Type":"None"}},"Language":[],"QuestionID":"QID185","GradingData":[{"ChoiceID":"2","Grades":{"SC_5o0bt8t78cwRItT":"1","SC_bxfiu9cyK8xweHj":"1"},"index":0},{"ChoiceID":"1","Grades":{"SC_eWf9Zugxjy0l3Vj":"1","SC_bxfiu9cyK8xweHj":"-1"},"index":1}]}},{"SurveyID":"SV_bCRoUzEPrHUSbml","Element":"QC","PrimaryAttribute":"Survey Question Count","SecondaryAttribute":"186","TertiaryAttribute":null,"Payload":null},{"SurveyID":"SV_bCRoUzEPrHUSbml","Element":"SQ","PrimaryAttribute":"QID99","SecondaryAttribute":"Click to write the question text","TertiaryAttribute":null,"Payload":{"QuestionText":"Click to write the question text","DataExportTag":"Q88","QuestionType":"MC","Selector":"SAVR","SubSelector":"TX","Configuration":{"QuestionDescriptionOption":"UseText"},"QuestionDescription":"Click to write the question text","Choices":{"1":{"Display":"Click to write Choice 1"},"2":{"Display":"Click to write Choice 2"},"3":{"Display":"Click to write Choice 3"}},"ChoiceOrder":["1","2","3"],"Validation":{"Settings":{"ForceResponse":"OFF","ForceResponseType":"ON","Type":"None"}},"Language":[],"QuestionID":"QID99"}},{"SurveyID":"SV_bCRoUzEPrHUSbml","Element":"SQ","PrimaryAttribute":"QID1","SecondaryAttribute":"Date","TertiaryAttribute":null,"Payload":{"QuestionText":"Date","DefaultChoices":false,"DataExportTag":"Q1","QuestionType":"TE","Selector":"SL","Configuration":{"QuestionDescriptionOption":"UseText"},"QuestionDescription":"Date","Validation":{"Settings":{"ForceResponse":"OFF","ForceResponseType":"ON","Type":"None"}},"GradingData":[],"Language":[],"QuestionID":"QID1"}},{"SurveyID":"SV_bCRoUzEPrHUSbml","Element":"RS","PrimaryAttribute":"RS_abhi9QSK1OXcTWd","SecondaryAttribute":"Default Response Set","TertiaryAttribute":null,"Payload":null},{"SurveyID":"SV_bCRoUzEPrHUSbml","Element":"SQ","PrimaryAttribute":"QID3","SecondaryAttribute":"Experiment","TertiaryAttribute":null,"Payload":{"QuestionText":"Experiment","DefaultChoices":false,"DataExportTag":"Q3","QuestionID":"QID3","QuestionType":"MC","Selector":"SAVR","SubSelector":"TX","Configuration":{"QuestionDescriptionOption":"UseText"},"QuestionDescription":"Experiment","Choices":{"1":{"Display":"Morphology2"},"2":{"Display":"Category"},"3":{"Display":"DOL"}},"ChoiceOrder":["1","2","3"],"Validation":{"Settings":{"ForceResponse":"OFF","ForceResponseType":"ON","Type":"None"}},"GradingData":[],"Language":[]}},{"SurveyID":"SV_bCRoUzEPrHUSbml","Element":"SQ","PrimaryAttribute":"QID2","SecondaryAttribute":"Participant","TertiaryAttribute":null,"Payload":{"QuestionText":"Participant","DefaultChoices":false,"DataExportTag":"Q2","QuestionID":"QID2","QuestionType":"TE","Selector":"SL","Configuration":{"QuestionDescriptionOption":"UseText"},"QuestionDescription":"Participant","Validation":{"Settings":{"ForceResponse":"OFF","ForceResponseType":"ON","Type":"None"}},"GradingData":[],"Language":[]}},{"SurveyID":"SV_bCRoUzEPrHUSbml","Element":"SQ","PrimaryAttribute":"QID5","SecondaryAttribute":"Please wait for instructions.\n\n \n\n DO NOT CLICK FORWARD UNTIL INSTRUCTED.","TertiaryAttribute":null,"Payload":{"QuestionText":"<div><b><i>Please wait for instructions.<\/i><\/b><\/div><div><b><i><br><\/i><\/b><\/div><div><b><i>DO NOT CLICK FORWARD UNTIL INSTRUCTED.<\/i><\/b><\/div>","DefaultChoices":false,"DataExportTag":"","QuestionType":"DB","Selector":"TB","Configuration":{"QuestionDescriptionOption":"UseText"},"QuestionDescription":"Please wait for instructions.\n\n \n\n DO NOT CLICK FORWARD UNTIL INSTRUCTED.","ChoiceOrder":[],"Validation":{"Settings":{"Type":"None"}},"GradingData":[],"Language":[],"QuestionID":"QID5"}},{"SurveyID":"SV_bCRoUzEPrHUSbml","Element":"SQ","PrimaryAttribute":"QID186","SecondaryAttribute":"Sona Credit Number","TertiaryAttribute":null,"Payload":{"QuestionText":"Sona Credit Number","DefaultChoices":false,"DataExportTag":"Q97","QuestionType":"TE","Selector":"SL","Configuration":{"QuestionDescriptionOption":"UseText"},"QuestionDescription":"Sona Credit Number","Validation":{"Settings":{"ForceResponse":"OFF","ForceResponseType":"ON","Type":"None"}},"GradingData":[],"Language":[],"QuestionID":"QID186"}},{"SurveyID":"SV_bCRoUzEPrHUSbml","Element":"SQ","PrimaryAttribute":"QID7","SecondaryAttribute":"Spelling","TertiaryAttribute":null,"Payload":{"QuestionText":"<b><i>Spelling<\/i><\/b>","DefaultChoices":false,"DataExportTag":"Q7","QuestionType":"DB","Selector":"TB","Configuration":{"QuestionDescriptionOption":"UseText"},"QuestionDescription":"Spelling","ChoiceOrder":[],"Validation":{"Settings":{"Type":"None"}},"GradingData":[],"Language":[],"QuestionID":"QID7"}},{"SurveyID":"SV_bCRoUzEPrHUSbml","Element":"SQ","PrimaryAttribute":"QID4","SecondaryAttribute":"Timing","TertiaryAttribute":null,"Payload":{"QuestionText":"Timing","DefaultChoices":false,"DataExportTag":"Q4","QuestionID":"QID4","QuestionType":"Timing","Selector":"PageTimer","Configuration":{"QuestionDescriptionOption":"UseText","MinSeconds":"0","MaxSeconds":"0"},"QuestionDescription":"Timing","Choices":{"1":{"Display":"First Click"},"2":{"Display":"Last Click"},"3":{"Display":"Page Submit"},"4":{"Display":"Click Count"}},"Validation":"None","GradingData":[],"Language":[]}},{"SurveyID":"SV_bCRoUzEPrHUSbml","Element":"SQ","PrimaryAttribute":"QID6","SecondaryAttribute":"Timing","TertiaryAttribute":null,"Payload":{"QuestionText":"Timing","DefaultChoices":false,"DataExportTag":"","QuestionType":"Timing","Selector":"PageTimer","Configuration":{"QuestionDescriptionOption":"UseText","MinSeconds":"0","MaxSeconds":"0"},"QuestionDescription":"Timing","Choices":{"1":{"Display":"First Click"},"2":{"Display":"Last Click"},"3":{"Display":"Page Submit"},"4":{"Display":"Click Count"}},"GradingData":[],"Language":[],"QuestionID":"QID6"}},{"SurveyID":"SV_bCRoUzEPrHUSbml","Element":"SQ","PrimaryAttribute":"QID98","SecondaryAttribute":"Timing","TertiaryAttribute":null,"Payload":{"QuestionText":"Timing","DefaultChoices":false,"DataExportTag":"T","QuestionType":"Timing","Selector":"PageTimer","Configuration":{"QuestionDescriptionOption":"UseText","MinSeconds":"0","MaxSeconds":"0"},"QuestionDescription":"Timing","Choices":{"1":{"Display":"First Click"},"2":{"Display":"Last Click"},"3":{"Display":"Page Submit"},"4":{"Display":"Click Count"}},"GradingData":[],"Language":[],"QuestionID":"QID98"}},{"SurveyID":"SV_bCRoUzEPrHUSbml","Element":"SQ","PrimaryAttribute":"QID109","SecondaryAttribute":"Timing","TertiaryAttribute":null,"Payload":{"QuestionText":"Timing","DefaultChoices":false,"DataExportTag":"T","QuestionType":"Timing","Selector":"PageTimer","Configuration":{"QuestionDescriptionOption":"UseText","MinSeconds":"0","MaxSeconds":"0"},"QuestionDescription":"Timing","Choices":{"1":{"Display":"First Click"},"2":{"Display":"Last Click"},"3":{"Display":"Page Submit"},"4":{"Display":"Click Count"}},"GradingData":[],"Language":[],"QuestionID":"QID109"}},{"SurveyID":"SV_bCRoUzEPrHUSbml","Element":"SQ","PrimaryAttribute":"QID120","SecondaryAttribute":"Timing","TertiaryAttribute":null,"Payload":{"QuestionText":"Timing","DefaultChoices":false,"DataExportTag":"T","QuestionType":"Timing","Selector":"PageTimer","Configuration":{"QuestionDescriptionOption":"UseText","MinSeconds":"0","MaxSeconds":"0"},"QuestionDescription":"Timing","Choices":{"1":{"Display":"First Click"},"2":{"Display":"Last Click"},"3":{"Display":"Page Submit"},"4":{"Display":"Click Count"}},"GradingData":[],"Language":[],"QuestionID":"QID120"}},{"SurveyID":"SV_bCRoUzEPrHUSbml","Element":"SQ","PrimaryAttribute":"QID131","SecondaryAttribute":"Timing","TertiaryAttribute":null,"Payload":{"QuestionText":"Timing","DefaultChoices":false,"DataExportTag":"T","QuestionType":"Timing","Selector":"PageTimer","Configuration":{"QuestionDescriptionOption":"UseText","MinSeconds":"0","MaxSeconds":"0"},"QuestionDescription":"Timing","Choices":{"1":{"Display":"First Click"},"2":{"Display":"Last Click"},"3":{"Display":"Page Submit"},"4":{"Display":"Click Count"}},"GradingData":[],"Language":[],"QuestionID":"QID131"}},{"SurveyID":"SV_bCRoUzEPrHUSbml","Element":"SQ","PrimaryAttribute":"QID142","SecondaryAttribute":"Timing","TertiaryAttribute":null,"Payload":{"QuestionText":"Timing","DefaultChoices":false,"DataExportTag":"T","QuestionType":"Timing","Selector":"PageTimer","Configuration":{"QuestionDescriptionOption":"UseText","MinSeconds":"0","MaxSeconds":"0"},"QuestionDescription":"Timing","Choices":{"1":{"Display":"First Click"},"2":{"Display":"Last Click"},"3":{"Display":"Page Submit"},"4":{"Display":"Click Count"}},"GradingData":[],"Language":[],"QuestionID":"QID142"}},{"SurveyID":"SV_bCRoUzEPrHUSbml","Element":"SQ","PrimaryAttribute":"QID153","SecondaryAttribute":"Timing","TertiaryAttribute":null,"Payload":{"QuestionText":"Timing","DefaultChoices":false,"DataExportTag":"T","QuestionType":"Timing","Selector":"PageTimer","Configuration":{"QuestionDescriptionOption":"UseText","MinSeconds":"0","MaxSeconds":"0"},"QuestionDescription":"Timing","Choices":{"1":{"Display":"First Click"},"2":{"Display":"Last Click"},"3":{"Display":"Page Submit"},"4":{"Display":"Click Count"}},"GradingData":[],"Language":[],"QuestionID":"QID153"}},{"SurveyID":"SV_bCRoUzEPrHUSbml","Element":"SQ","PrimaryAttribute":"QID164","SecondaryAttribute":"Timing","TertiaryAttribute":null,"Payload":{"QuestionText":"Timing","DefaultChoices":false,"DataExportTag":"T","QuestionType":"Timing","Selector":"PageTimer","Configuration":{"QuestionDescriptionOption":"UseText","MinSeconds":"0","MaxSeconds":"0"},"QuestionDescription":"Timing","Choices":{"1":{"Display":"First Click"},"2":{"Display":"Last Click"},"3":{"Display":"Page Submit"},"4":{"Display":"Click Count"}},"GradingData":[],"Language":[],"QuestionID":"QID164"}},{"SurveyID":"SV_bCRoUzEPrHUSbml","Element":"SQ","PrimaryAttribute":"QID175","SecondaryAttribute":"Timing","TertiaryAttribute":null,"Payload":{"QuestionText":"Timing","DefaultChoices":false,"DataExportTag":"T","QuestionType":"Timing","Selector":"PageTimer","Configuration":{"QuestionDescriptionOption":"UseText","MinSeconds":"0","MaxSeconds":"0"},"QuestionDescription":"Timing","Choices":{"1":{"Display":"First Click"},"2":{"Display":"Last Click"},"3":{"Display":"Page Submit"},"4":{"Display":"Click Count"}},"GradingData":[],"Language":[],"QuestionID":"QID175"}}]}